Microsoft Visual Studio Solution File, Format Version 8.00
Project("{8BC9CEB8-8B4A-11D0-8D11-00A0C91BC942}") = "bin2c", "bin2c.vcproj", "{EA2BD010-3574-4094-9B80-B77A4B46D213}"
	ProjectSection(ProjectDependencies) = postProject
	EndProjectSection
EndProject
Global
	GlobalSection(SolutionConfiguration) = preSolution
		Debug = Debug
		Release = Release
	EndGlobalSection
	GlobalSection(ProjectConfiguration) = postSolution
		{EA2BD010-3574-4094-9B80-B77A4B46D213}.Debug.ActiveCfg = Debug|Win32
		{EA2BD010-3574-4094-9B80-B77A4B46D213}.Debug.Build.0 = Debug|Win32
		{EA2BD010-3574-4094-9B80-B77A4B46D213}.Release.ActiveCfg = Release|Win32
		{EA2BD010-3574-4094-9B80-B77A4B46D213}.Release.Build.0 = Release|Win32
	EndGlobalSection
	GlobalSection(ExtensibilityGlobals) = postSolution
	EndGlobalSection
	GlobalSection(ExtensibilityAddIns) = postSolution
	EndGlobalSection
EndGlobal
