
Microsoft Visual Studio Solution File, Format Version 10.00
# Visual Studio 2008
Project("{8BC9CEB8-8B4A-11D0-8D11-00A0C91BC942}") = "client", "client.vcproj", "{8DE3BF4C-549D-414F-B29B-8067929C7D88}"
	ProjectSection(ProjectDependencies) = postProject
		{44B21233-EFCC-4825-B5E5-3A3BD6CC5516} = {44B21233-EFCC-4825-B5E5-3A3BD6CC5516}
		{67AF56A4-A228-4BFB-BDA8-026CBEDE8BF9} = {67AF56A4-A228-4BFB-BDA8-026CBEDE8BF9}
	EndProjectSection
EndProject
Project("{8BC9CEB8-8B4A-11D0-8D11-00A0C91BC942}") = "frontend_service", "frontend_service.vcproj", "{311F6427-A803-406C-B51F-4403367D9459}"
EndProject
Project("{8BC9CEB8-8B4A-11D0-8D11-00A0C91BC942}") = "ping_service", "ping_service.vcproj", "{428AD700-AD75-49DF-962C-9D8C46A2DA84}"
EndProject
Project("{8BC9CEB8-8B4A-11D0-8D11-00A0C91BC942}") = "3d", "..\..\..\src\3d_9.vcproj", "{2B48BE83-108B-4E8E-8A55-6627CF09AC5A}"
EndProject
Project("{8BC9CEB8-8B4A-11D0-8D11-00A0C91BC942}") = "misc", "..\..\..\src\misc_9.vcproj", "{44B21233-EFCC-4825-B5E5-3A3BD6CC5516}"
EndProject
Project("{8BC9CEB8-8B4A-11D0-8D11-00A0C91BC942}") = "net", "..\..\..\src\net_9.vcproj", "{67AF56A4-A228-4BFB-BDA8-026CBEDE8BF9}"
EndProject
Global
	GlobalSection(SolutionConfigurationPlatforms) = preSolution
		Debug|Win32 = Debug|Win32
		DebugFast|Win32 = DebugFast|Win32
		DebugStatic|Win32 = DebugStatic|Win32
		Release|Win32 = Release|Win32
		ReleaseDebug|Win32 = ReleaseDebug|Win32
		ReleaseDebugStatic|Win32 = ReleaseDebugStatic|Win32
	EndGlobalSection
	GlobalSection(ProjectConfigurationPlatforms) = postSolution
		{8DE3BF4C-549D-414F-B29B-8067929C7D88}.Debug|Win32.ActiveCfg = Debug|Win32
		{8DE3BF4C-549D-414F-B29B-8067929C7D88}.Debug|Win32.Build.0 = Debug|Win32
		{8DE3BF4C-549D-414F-B29B-8067929C7D88}.DebugFast|Win32.ActiveCfg = Debug|Win32
		{8DE3BF4C-549D-414F-B29B-8067929C7D88}.DebugFast|Win32.Build.0 = Debug|Win32
		{8DE3BF4C-549D-414F-B29B-8067929C7D88}.DebugStatic|Win32.ActiveCfg = Debug|Win32
		{8DE3BF4C-549D-414F-B29B-8067929C7D88}.DebugStatic|Win32.Build.0 = Debug|Win32
		{8DE3BF4C-549D-414F-B29B-8067929C7D88}.Release|Win32.ActiveCfg = Release|Win32
		{8DE3BF4C-549D-414F-B29B-8067929C7D88}.Release|Win32.Build.0 = Release|Win32
		{8DE3BF4C-549D-414F-B29B-8067929C7D88}.ReleaseDebug|Win32.ActiveCfg = Debug|Win32
		{8DE3BF4C-549D-414F-B29B-8067929C7D88}.ReleaseDebug|Win32.Build.0 = Debug|Win32
		{8DE3BF4C-549D-414F-B29B-8067929C7D88}.ReleaseDebugStatic|Win32.ActiveCfg = Release|Win32
		{8DE3BF4C-549D-414F-B29B-8067929C7D88}.ReleaseDebugStatic|Win32.Build.0 = Release|Win32
		{311F6427-A803-406C-B51F-4403367D9459}.Debug|Win32.ActiveCfg = Debug|Win32
		{311F6427-A803-406C-B51F-4403367D9459}.Debug|Win32.Build.0 = Debug|Win32
		{311F6427-A803-406C-B51F-4403367D9459}.DebugFast|Win32.ActiveCfg = Debug|Win32
		{311F6427-A803-406C-B51F-4403367D9459}.DebugFast|Win32.Build.0 = Debug|Win32
		{311F6427-A803-406C-B51F-4403367D9459}.DebugStatic|Win32.ActiveCfg = Debug|Win32
		{311F6427-A803-406C-B51F-4403367D9459}.DebugStatic|Win32.Build.0 = Debug|Win32
		{311F6427-A803-406C-B51F-4403367D9459}.Release|Win32.ActiveCfg = Release|Win32
		{311F6427-A803-406C-B51F-4403367D9459}.Release|Win32.Build.0 = Release|Win32
		{311F6427-A803-406C-B51F-4403367D9459}.ReleaseDebug|Win32.ActiveCfg = ReleaseDebug|Win32
		{311F6427-A803-406C-B51F-4403367D9459}.ReleaseDebug|Win32.Build.0 = ReleaseDebug|Win32
		{311F6427-A803-406C-B51F-4403367D9459}.ReleaseDebugStatic|Win32.ActiveCfg = ReleaseDebug|Win32
		{311F6427-A803-406C-B51F-4403367D9459}.ReleaseDebugStatic|Win32.Build.0 = ReleaseDebug|Win32
		{428AD700-AD75-49DF-962C-9D8C46A2DA84}.Debug|Win32.ActiveCfg = Debug|Win32
		{428AD700-AD75-49DF-962C-9D8C46A2DA84}.Debug|Win32.Build.0 = Debug|Win32
		{428AD700-AD75-49DF-962C-9D8C46A2DA84}.DebugFast|Win32.ActiveCfg = Debug|Win32
		{428AD700-AD75-49DF-962C-9D8C46A2DA84}.DebugFast|Win32.Build.0 = Debug|Win32
		{428AD700-AD75-49DF-962C-9D8C46A2DA84}.DebugStatic|Win32.ActiveCfg = Debug|Win32
		{428AD700-AD75-49DF-962C-9D8C46A2DA84}.DebugStatic|Win32.Build.0 = Debug|Win32
		{428AD700-AD75-49DF-962C-9D8C46A2DA84}.Release|Win32.ActiveCfg = Release|Win32
		{428AD700-AD75-49DF-962C-9D8C46A2DA84}.Release|Win32.Build.0 = Release|Win32
		{428AD700-AD75-49DF-962C-9D8C46A2DA84}.ReleaseDebug|Win32.ActiveCfg = Debug|Win32
		{428AD700-AD75-49DF-962C-9D8C46A2DA84}.ReleaseDebug|Win32.Build.0 = Debug|Win32
		{428AD700-AD75-49DF-962C-9D8C46A2DA84}.ReleaseDebugStatic|Win32.ActiveCfg = Release|Win32
		{428AD700-AD75-49DF-962C-9D8C46A2DA84}.ReleaseDebugStatic|Win32.Build.0 = Release|Win32
		{2B48BE83-108B-4E8E-8A55-6627CF09AC5A}.Debug|Win32.ActiveCfg = Debug|Win32
		{2B48BE83-108B-4E8E-8A55-6627CF09AC5A}.Debug|Win32.Build.0 = Debug|Win32
		{2B48BE83-108B-4E8E-8A55-6627CF09AC5A}.DebugFast|Win32.ActiveCfg = DebugFast|Win32
		{2B48BE83-108B-4E8E-8A55-6627CF09AC5A}.DebugFast|Win32.Build.0 = DebugFast|Win32
		{2B48BE83-108B-4E8E-8A55-6627CF09AC5A}.DebugStatic|Win32.ActiveCfg = DebugStatic|Win32
		{2B48BE83-108B-4E8E-8A55-6627CF09AC5A}.DebugStatic|Win32.Build.0 = DebugStatic|Win32
		{2B48BE83-108B-4E8E-8A55-6627CF09AC5A}.Release|Win32.ActiveCfg = Release|Win32
		{2B48BE83-108B-4E8E-8A55-6627CF09AC5A}.Release|Win32.Build.0 = Release|Win32
		{2B48BE83-108B-4E8E-8A55-6627CF09AC5A}.ReleaseDebug|Win32.ActiveCfg = ReleaseDebug|Win32
		{2B48BE83-108B-4E8E-8A55-6627CF09AC5A}.ReleaseDebug|Win32.Build.0 = ReleaseDebug|Win32
		{2B48BE83-108B-4E8E-8A55-6627CF09AC5A}.ReleaseDebugStatic|Win32.ActiveCfg = ReleaseDebugStatic|Win32
		{2B48BE83-108B-4E8E-8A55-6627CF09AC5A}.ReleaseDebugStatic|Win32.Build.0 = ReleaseDebugStatic|Win32
		{44B21233-EFCC-4825-B5E5-3A3BD6CC5516}.Debug|Win32.ActiveCfg = Debug|Win32
		{44B21233-EFCC-4825-B5E5-3A3BD6CC5516}.Debug|Win32.Build.0 = Debug|Win32
		{44B21233-EFCC-4825-B5E5-3A3BD6CC5516}.DebugFast|Win32.ActiveCfg = DebugFast|Win32
		{44B21233-EFCC-4825-B5E5-3A3BD6CC5516}.DebugFast|Win32.Build.0 = DebugFast|Win32
		{44B21233-EFCC-4825-B5E5-3A3BD6CC5516}.DebugStatic|Win32.ActiveCfg = DebugStatic|Win32
		{44B21233-EFCC-4825-B5E5-3A3BD6CC5516}.DebugStatic|Win32.Build.0 = DebugStatic|Win32
		{44B21233-EFCC-4825-B5E5-3A3BD6CC5516}.Release|Win32.ActiveCfg = Release|Win32
		{44B21233-EFCC-4825-B5E5-3A3BD6CC5516}.Release|Win32.Build.0 = Release|Win32
		{44B21233-EFCC-4825-B5E5-3A3BD6CC5516}.ReleaseDebug|Win32.ActiveCfg = ReleaseDebug|Win32
		{44B21233-EFCC-4825-B5E5-3A3BD6CC5516}.ReleaseDebug|Win32.Build.0 = ReleaseDebug|Win32
		{44B21233-EFCC-4825-B5E5-3A3BD6CC5516}.ReleaseDebugStatic|Win32.ActiveCfg = ReleaseDebugStatic|Win32
		{44B21233-EFCC-4825-B5E5-3A3BD6CC5516}.ReleaseDebugStatic|Win32.Build.0 = ReleaseDebugStatic|Win32
		{67AF56A4-A228-4BFB-BDA8-026CBEDE8BF9}.Debug|Win32.ActiveCfg = Debug|Win32
		{67AF56A4-A228-4BFB-BDA8-026CBEDE8BF9}.Debug|Win32.Build.0 = Debug|Win32
		{67AF56A4-A228-4BFB-BDA8-026CBEDE8BF9}.DebugFast|Win32.ActiveCfg = DebugFast|Win32
		{67AF56A4-A228-4BFB-BDA8-026CBEDE8BF9}.DebugFast|Win32.Build.0 = DebugFast|Win32
		{67AF56A4-A228-4BFB-BDA8-026CBEDE8BF9}.DebugStatic|Win32.ActiveCfg = DebugStatic|Win32
		{67AF56A4-A228-4BFB-BDA8-026CBEDE8BF9}.DebugStatic|Win32.Build.0 = DebugStatic|Win32
		{67AF56A4-A228-4BFB-BDA8-026CBEDE8BF9}.Release|Win32.ActiveCfg = Release|Win32
		{67AF56A4-A228-4BFB-BDA8-026CBEDE8BF9}.Release|Win32.Build.0 = Release|Win32
		{67AF56A4-A228-4BFB-BDA8-026CBEDE8BF9}.ReleaseDebug|Win32.ActiveCfg = ReleaseDebug|Win32
		{67AF56A4-A228-4BFB-BDA8-026CBEDE8BF9}.ReleaseDebug|Win32.Build.0 = ReleaseDebug|Win32
		{67AF56A4-A228-4BFB-BDA8-026CBEDE8BF9}.ReleaseDebugStatic|Win32.ActiveCfg = ReleaseDebugStatic|Win32
		{67AF56A4-A228-4BFB-BDA8-026CBEDE8BF9}.ReleaseDebugStatic|Win32.Build.0 = ReleaseDebugStatic|Win32
	EndGlobalSection
	GlobalSection(SolutionProperties) = preSolution
		HideSolutionNode = FALSE
	EndGlobalSection
EndGlobal
