
Microsoft Visual Studio Solution File, Format Version 10.00
# Visual C++ Express 2008
Project("{8BC9CEB8-8B4A-11D0-8D11-00A0C91BC942}") = "tile_edit_qt", "tile_edit.vcproj", "{5FE8CA04-92FB-4B43-A78E-26E283F587A1}"
	ProjectSection(ProjectDependencies) = postProject
		{44B21233-EFCC-4825-B5E5-3A3BD6CC5516} = {44B21233-EFCC-4825-B5E5-3A3BD6CC5516}
		{2B48BE83-108B-4E8E-8A55-6627CF09AC5A} = {2B48BE83-108B-4E8E-8A55-6627CF09AC5A}
	EndProjectSection
EndProject
Project("{8BC9CEB8-8B4A-11D0-8D11-00A0C91BC942}") = "misc", "..\..\..\src\misc.vcproj", "{44B21233-EFCC-4825-B5E5-3A3BD6CC5516}"
EndProject
Project("{8BC9CEB8-8B4A-11D0-8D11-00A0C91BC942}") = "3d", "..\..\..\src\3d.vcproj", "{2B48BE83-108B-4E8E-8A55-6627CF09AC5A}"
EndProject
Global
	GlobalSection(SolutionConfigurationPlatforms) = preSolution
		Debug|Win32 = Debug|Win32
		Debug|x64 = Debug|x64
		Release|Win32 = Release|Win32
		Release|x64 = Release|x64
	EndGlobalSection
	GlobalSection(ProjectConfigurationPlatforms) = postSolution
		{5FE8CA04-92FB-4B43-A78E-26E283F587A1}.Debug|Win32.ActiveCfg = Debug|Win32
		{5FE8CA04-92FB-4B43-A78E-26E283F587A1}.Debug|Win32.Build.0 = Debug|Win32
		{5FE8CA04-92FB-4B43-A78E-26E283F587A1}.Debug|x64.ActiveCfg = Debug|x64
		{5FE8CA04-92FB-4B43-A78E-26E283F587A1}.Debug|x64.Build.0 = Debug|x64
		{5FE8CA04-92FB-4B43-A78E-26E283F587A1}.Release|Win32.ActiveCfg = Release|Win32
		{5FE8CA04-92FB-4B43-A78E-26E283F587A1}.Release|Win32.Build.0 = Release|Win32
		{5FE8CA04-92FB-4B43-A78E-26E283F587A1}.Release|x64.ActiveCfg = Release|x64
		{5FE8CA04-92FB-4B43-A78E-26E283F587A1}.Release|x64.Build.0 = Release|x64
		{44B21233-EFCC-4825-B5E5-3A3BD6CC5516}.Debug|Win32.ActiveCfg = Debug|Win32
		{44B21233-EFCC-4825-B5E5-3A3BD6CC5516}.Debug|Win32.Build.0 = Debug|Win32
		{44B21233-EFCC-4825-B5E5-3A3BD6CC5516}.Debug|x64.ActiveCfg = Debug|x64
		{44B21233-EFCC-4825-B5E5-3A3BD6CC5516}.Debug|x64.Build.0 = Debug|x64
		{44B21233-EFCC-4825-B5E5-3A3BD6CC5516}.Release|Win32.ActiveCfg = Release|Win32
		{44B21233-EFCC-4825-B5E5-3A3BD6CC5516}.Release|Win32.Build.0 = Release|Win32
		{44B21233-EFCC-4825-B5E5-3A3BD6CC5516}.Release|x64.ActiveCfg = Release|x64
		{44B21233-EFCC-4825-B5E5-3A3BD6CC5516}.Release|x64.Build.0 = Release|x64
		{2B48BE83-108B-4E8E-8A55-6627CF09AC5A}.Debug|Win32.ActiveCfg = Debug|Win32
		{2B48BE83-108B-4E8E-8A55-6627CF09AC5A}.Debug|Win32.Build.0 = Debug|Win32
		{2B48BE83-108B-4E8E-8A55-6627CF09AC5A}.Debug|x64.ActiveCfg = Debug|x64
		{2B48BE83-108B-4E8E-8A55-6627CF09AC5A}.Debug|x64.Build.0 = Debug|x64
		{2B48BE83-108B-4E8E-8A55-6627CF09AC5A}.Release|Win32.ActiveCfg = Release|Win32
		{2B48BE83-108B-4E8E-8A55-6627CF09AC5A}.Release|Win32.Build.0 = Release|Win32
		{2B48BE83-108B-4E8E-8A55-6627CF09AC5A}.Release|x64.ActiveCfg = Release|x64
		{2B48BE83-108B-4E8E-8A55-6627CF09AC5A}.Release|x64.Build.0 = Release|x64
	EndGlobalSection
	GlobalSection(SolutionProperties) = preSolution
		HideSolutionNode = FALSE
	EndGlobalSection
EndGlobal
