Microsoft Visual Studio Solution File, Format Version 10.00
# Visual C++ Express 2008
Project("{8BC9CEB8-8B4A-11D0-8D11-00A0C91BC942}") = "snowballs_client", "client\client.vcproj", "{5792755F-5122-4145-B66A-FE04A650163C}"
	ProjectSection(ProjectDependencies) = postProject
		{263C0F2E-112D-437F-A6AB-DEA151A7A1F0} = {263C0F2E-112D-437F-A6AB-DEA151A7A1F0}
		{44B21233-EFCC-4825-B5E5-3A3BD6CC5516} = {44B21233-EFCC-4825-B5E5-3A3BD6CC5516}
		{9440443B-97BA-43C2-A762-31EEC8958BEE} = {9440443B-97BA-43C2-A762-31EEC8958BEE}
		{309F8A55-BFBA-433B-8C3E-CB2223F799C3} = {309F8A55-BFBA-433B-8C3E-CB2223F799C3}
		{9D284C6B-BE12-4549-87E5-2337D64F31BE} = {9D284C6B-BE12-4549-87E5-2337D64F31BE}
		{C5253970-8728-4A6F-8BF2-E1D9CF0F3861} = {C5253970-8728-4A6F-8BF2-E1D9CF0F3861}
		{23DCF574-1CEB-4DF4-9C59-D614580AC0C0} = {23DCF574-1CEB-4DF4-9C59-D614580AC0C0}
		{2B48BE83-108B-4E8E-8A55-6627CF09AC5A} = {2B48BE83-108B-4E8E-8A55-6627CF09AC5A}
		{67AF56A4-A228-4BFB-BDA8-026CBEDE8BF9} = {67AF56A4-A228-4BFB-BDA8-026CBEDE8BF9}
		{4AF7ADB2-DAF8-4F04-9793-F92010001470} = {4AF7ADB2-DAF8-4F04-9793-F92010001470}
		{1DDC11C7-AF79-40F3-A6D4-F84BA8644B5C} = {1DDC11C7-AF79-40F3-A6D4-F84BA8644B5C}
		{46CD3ED8-A9E1-49ED-BA1B-586CF147143A} = {46CD3ED8-A9E1-49ED-BA1B-586CF147143A}
		{1D9576F6-3321-4036-8C86-B5361CCCD4FB} = {1D9576F6-3321-4036-8C86-B5361CCCD4FB}
	EndProjectSection
EndProject
Project("{8BC9CEB8-8B4A-11D0-8D11-00A0C91BC942}") = "frontend_service", "server\frontend\frontend.vcproj", "{B15398CD-B3F8-4E85-A8BD-6F64CE59F069}"
	ProjectSection(ProjectDependencies) = postProject
		{44B21233-EFCC-4825-B5E5-3A3BD6CC5516} = {44B21233-EFCC-4825-B5E5-3A3BD6CC5516}
		{67AF56A4-A228-4BFB-BDA8-026CBEDE8BF9} = {67AF56A4-A228-4BFB-BDA8-026CBEDE8BF9}
	EndProjectSection
EndProject
Project("{8BC9CEB8-8B4A-11D0-8D11-00A0C91BC942}") = "login_service", "..\nelns\login_service\login_service.vcproj", "{002C429C-2959-40DB-902E-BB2F807C99AA}"
	ProjectSection(ProjectDependencies) = postProject
		{44B21233-EFCC-4825-B5E5-3A3BD6CC5516} = {44B21233-EFCC-4825-B5E5-3A3BD6CC5516}
		{67AF56A4-A228-4BFB-BDA8-026CBEDE8BF9} = {67AF56A4-A228-4BFB-BDA8-026CBEDE8BF9}
	EndProjectSection
EndProject
Project("{8BC9CEB8-8B4A-11D0-8D11-00A0C91BC942}") = "position_service", "server\position\position.vcproj", "{96545AA0-6EDE-4514-A30B-3F24CCB1FCC9}"
	ProjectSection(ProjectDependencies) = postProject
		{44B21233-EFCC-4825-B5E5-3A3BD6CC5516} = {44B21233-EFCC-4825-B5E5-3A3BD6CC5516}
		{67AF56A4-A228-4BFB-BDA8-026CBEDE8BF9} = {67AF56A4-A228-4BFB-BDA8-026CBEDE8BF9}
	EndProjectSection
EndProject
Project("{8BC9CEB8-8B4A-11D0-8D11-00A0C91BC942}") = "chat_service", "server\chat\chat.vcproj", "{FF941B4E-16F2-4B24-BF8A-5589275FE7D4}"
	ProjectSection(ProjectDependencies) = postProject
		{44B21233-EFCC-4825-B5E5-3A3BD6CC5516} = {44B21233-EFCC-4825-B5E5-3A3BD6CC5516}
		{67AF56A4-A228-4BFB-BDA8-026CBEDE8BF9} = {67AF56A4-A228-4BFB-BDA8-026CBEDE8BF9}
	EndProjectSection
EndProject
Project("{8BC9CEB8-8B4A-11D0-8D11-00A0C91BC942}") = "misc", "..\nel\src\misc.vcproj", "{44B21233-EFCC-4825-B5E5-3A3BD6CC5516}"
EndProject
Project("{8BC9CEB8-8B4A-11D0-8D11-00A0C91BC942}") = "3d", "..\nel\src\3d.vcproj", "{2B48BE83-108B-4E8E-8A55-6627CF09AC5A}"
EndProject
Project("{8BC9CEB8-8B4A-11D0-8D11-00A0C91BC942}") = "net", "..\nel\src\net.vcproj", "{67AF56A4-A228-4BFB-BDA8-026CBEDE8BF9}"
EndProject
Project("{8BC9CEB8-8B4A-11D0-8D11-00A0C91BC942}") = "pacs", "..\nel\src\pacs.vcproj", "{C5253970-8728-4A6F-8BF2-E1D9CF0F3861}"
EndProject
Project("{8BC9CEB8-8B4A-11D0-8D11-00A0C91BC942}") = "driver_direct3d", "..\nel\src\3d\driver\direct3d\driver_direct3d.vcproj", "{263C0F2E-112D-437F-A6AB-DEA151A7A1F0}"
	ProjectSection(ProjectDependencies) = postProject
		{44B21233-EFCC-4825-B5E5-3A3BD6CC5516} = {44B21233-EFCC-4825-B5E5-3A3BD6CC5516}
		{2B48BE83-108B-4E8E-8A55-6627CF09AC5A} = {2B48BE83-108B-4E8E-8A55-6627CF09AC5A}
	EndProjectSection
EndProject
Project("{8BC9CEB8-8B4A-11D0-8D11-00A0C91BC942}") = "driver_opengl", "..\nel\src\3d\driver\opengl\driver_opengl.vcproj", "{1D9576F6-3321-4036-8C86-B5361CCCD4FB}"
	ProjectSection(ProjectDependencies) = postProject
		{44B21233-EFCC-4825-B5E5-3A3BD6CC5516} = {44B21233-EFCC-4825-B5E5-3A3BD6CC5516}
		{2B48BE83-108B-4E8E-8A55-6627CF09AC5A} = {2B48BE83-108B-4E8E-8A55-6627CF09AC5A}
	EndProjectSection
EndProject
Project("{8BC9CEB8-8B4A-11D0-8D11-00A0C91BC942}") = "naming_service", "..\nelns\naming_service\naming_service.vcproj", "{28C6A107-445A-4411-A5E6-465B0FF24276}"
	ProjectSection(ProjectDependencies) = postProject
		{44B21233-EFCC-4825-B5E5-3A3BD6CC5516} = {44B21233-EFCC-4825-B5E5-3A3BD6CC5516}
		{67AF56A4-A228-4BFB-BDA8-026CBEDE8BF9} = {67AF56A4-A228-4BFB-BDA8-026CBEDE8BF9}
	EndProjectSection
EndProject
Project("{8BC9CEB8-8B4A-11D0-8D11-00A0C91BC942}") = "welcome_service", "..\nelns\welcome_service\welcome_service.vcproj", "{2D8FB9C3-C7B9-4BAB-8718-A337E45F30C7}"
	ProjectSection(ProjectDependencies) = postProject
		{44B21233-EFCC-4825-B5E5-3A3BD6CC5516} = {44B21233-EFCC-4825-B5E5-3A3BD6CC5516}
		{67AF56A4-A228-4BFB-BDA8-026CBEDE8BF9} = {67AF56A4-A228-4BFB-BDA8-026CBEDE8BF9}
	EndProjectSection
EndProject
Project("{8BC9CEB8-8B4A-11D0-8D11-00A0C91BC942}") = "sound", "..\nel\src\sound.vcproj", "{4AF7ADB2-DAF8-4F04-9793-F92010001470}"
	ProjectSection(ProjectDependencies) = postProject
		{9D284C6B-BE12-4549-87E5-2337D64F31BE} = {9D284C6B-BE12-4549-87E5-2337D64F31BE}
		{89064E9B-14E9-4FB2-8536-A9151DF55C68} = {89064E9B-14E9-4FB2-8536-A9151DF55C68}
		{1DDC11C7-AF79-40F3-A6D4-F84BA8644B5C} = {1DDC11C7-AF79-40F3-A6D4-F84BA8644B5C}
	EndProjectSection
EndProject
Project("{8BC9CEB8-8B4A-11D0-8D11-00A0C91BC942}") = "georges", "..\nel\src\georges.vcproj", "{9D284C6B-BE12-4549-87E5-2337D64F31BE}"
EndProject
Project("{8BC9CEB8-8B4A-11D0-8D11-00A0C91BC942}") = "sound_lowlevel", "..\nel\src\sound\driver\sound_lowlevel.vcproj", "{89064E9B-14E9-4FB2-8536-A9151DF55C68}"
EndProject
Project("{8BC9CEB8-8B4A-11D0-8D11-00A0C91BC942}") = "ligo", "..\nel\src\ligo.vcproj", "{1DDC11C7-AF79-40F3-A6D4-F84BA8644B5C}"
EndProject
Project("{8BC9CEB8-8B4A-11D0-8D11-00A0C91BC942}") = "driver_dsound", "..\nel\src\sound\driver\dsound\driver_dsound.vcproj", "{309F8A55-BFBA-433B-8C3E-CB2223F799C3}"
	ProjectSection(ProjectDependencies) = postProject
		{44B21233-EFCC-4825-B5E5-3A3BD6CC5516} = {44B21233-EFCC-4825-B5E5-3A3BD6CC5516}
		{4AF7ADB2-DAF8-4F04-9793-F92010001470} = {4AF7ADB2-DAF8-4F04-9793-F92010001470}
	EndProjectSection
EndProject
Project("{8BC9CEB8-8B4A-11D0-8D11-00A0C91BC942}") = "driver_fmod", "..\nel\src\sound\driver\fmod\driver_fmod.vcproj", "{9440443B-97BA-43C2-A762-31EEC8958BEE}"
	ProjectSection(ProjectDependencies) = postProject
		{44B21233-EFCC-4825-B5E5-3A3BD6CC5516} = {44B21233-EFCC-4825-B5E5-3A3BD6CC5516}
		{4AF7ADB2-DAF8-4F04-9793-F92010001470} = {4AF7ADB2-DAF8-4F04-9793-F92010001470}
	EndProjectSection
EndProject
Project("{8BC9CEB8-8B4A-11D0-8D11-00A0C91BC942}") = "driver_openal", "..\nel\src\sound\driver\openal\driver_openal.vcproj", "{46CD3ED8-A9E1-49ED-BA1B-586CF147143A}"
	ProjectSection(ProjectDependencies) = postProject
		{44B21233-EFCC-4825-B5E5-3A3BD6CC5516} = {44B21233-EFCC-4825-B5E5-3A3BD6CC5516}
		{4AF7ADB2-DAF8-4F04-9793-F92010001470} = {4AF7ADB2-DAF8-4F04-9793-F92010001470}
	EndProjectSection
EndProject
Project("{8BC9CEB8-8B4A-11D0-8D11-00A0C91BC942}") = "driver_xaudio2", "..\nel\src\sound\driver\xaudio2\driver_xaudio2.vcproj", "{23DCF574-1CEB-4DF4-9C59-D614580AC0C0}"
	ProjectSection(ProjectDependencies) = postProject
		{44B21233-EFCC-4825-B5E5-3A3BD6CC5516} = {44B21233-EFCC-4825-B5E5-3A3BD6CC5516}
		{89064E9B-14E9-4FB2-8536-A9151DF55C68} = {89064E9B-14E9-4FB2-8536-A9151DF55C68}
	EndProjectSection
EndProject
Project("{8BC9CEB8-8B4A-11D0-8D11-00A0C91BC942}") = "collision_service", "server\collision\collision.vcproj", "{25E3F0B4-3DB2-43D3-B662-7C1095E73F62}"
	ProjectSection(ProjectDependencies) = postProject
		{263C0F2E-112D-437F-A6AB-DEA151A7A1F0} = {263C0F2E-112D-437F-A6AB-DEA151A7A1F0}
		{44B21233-EFCC-4825-B5E5-3A3BD6CC5516} = {44B21233-EFCC-4825-B5E5-3A3BD6CC5516}
		{C5253970-8728-4A6F-8BF2-E1D9CF0F3861} = {C5253970-8728-4A6F-8BF2-E1D9CF0F3861}
		{2B48BE83-108B-4E8E-8A55-6627CF09AC5A} = {2B48BE83-108B-4E8E-8A55-6627CF09AC5A}
		{67AF56A4-A228-4BFB-BDA8-026CBEDE8BF9} = {67AF56A4-A228-4BFB-BDA8-026CBEDE8BF9}
		{1D9576F6-3321-4036-8C86-B5361CCCD4FB} = {1D9576F6-3321-4036-8C86-B5361CCCD4FB}
	EndProjectSection
EndProject
Project("{8BC9CEB8-8B4A-11D0-8D11-00A0C91BC942}") = "empty_service", "server\empty\empty.vcproj", "{43686E07-B36F-4241-B0E3-A15783CEF115}"
	ProjectSection(ProjectDependencies) = postProject
		{44B21233-EFCC-4825-B5E5-3A3BD6CC5516} = {44B21233-EFCC-4825-B5E5-3A3BD6CC5516}
		{67AF56A4-A228-4BFB-BDA8-026CBEDE8BF9} = {67AF56A4-A228-4BFB-BDA8-026CBEDE8BF9}
	EndProjectSection
EndProject
Global
	GlobalSection(SolutionConfigurationPlatforms) = preSolution
		Debug|Win32 = Debug|Win32
		Release|Win32 = Release|Win32
	EndGlobalSection
	GlobalSection(ProjectConfigurationPlatforms) = postSolution
		{5792755F-5122-4145-B66A-FE04A650163C}.Debug|Win32.ActiveCfg = Debug|Win32
		{5792755F-5122-4145-B66A-FE04A650163C}.Debug|Win32.Build.0 = Debug|Win32
		{5792755F-5122-4145-B66A-FE04A650163C}.Release|Win32.ActiveCfg = Release|Win32
		{5792755F-5122-4145-B66A-FE04A650163C}.Release|Win32.Build.0 = Release|Win32
		{B15398CD-B3F8-4E85-A8BD-6F64CE59F069}.Debug|Win32.ActiveCfg = Debug|Win32
		{B15398CD-B3F8-4E85-A8BD-6F64CE59F069}.Debug|Win32.Build.0 = Debug|Win32
		{B15398CD-B3F8-4E85-A8BD-6F64CE59F069}.Release|Win32.ActiveCfg = Release|Win32
		{B15398CD-B3F8-4E85-A8BD-6F64CE59F069}.Release|Win32.Build.0 = Release|Win32
		{002C429C-2959-40DB-902E-BB2F807C99AA}.Debug|Win32.ActiveCfg = Debug|Win32
		{002C429C-2959-40DB-902E-BB2F807C99AA}.Debug|Win32.Build.0 = Debug|Win32
		{002C429C-2959-40DB-902E-BB2F807C99AA}.Release|Win32.ActiveCfg = Release|Win32
		{002C429C-2959-40DB-902E-BB2F807C99AA}.Release|Win32.Build.0 = Release|Win32
		{96545AA0-6EDE-4514-A30B-3F24CCB1FCC9}.Debug|Win32.ActiveCfg = Debug|Win32
		{96545AA0-6EDE-4514-A30B-3F24CCB1FCC9}.Debug|Win32.Build.0 = Debug|Win32
		{96545AA0-6EDE-4514-A30B-3F24CCB1FCC9}.Release|Win32.ActiveCfg = Release|Win32
		{96545AA0-6EDE-4514-A30B-3F24CCB1FCC9}.Release|Win32.Build.0 = Release|Win32
		{FF941B4E-16F2-4B24-BF8A-5589275FE7D4}.Debug|Win32.ActiveCfg = Debug|Win32
		{FF941B4E-16F2-4B24-BF8A-5589275FE7D4}.Debug|Win32.Build.0 = Debug|Win32
		{FF941B4E-16F2-4B24-BF8A-5589275FE7D4}.Release|Win32.ActiveCfg = Release|Win32
		{FF941B4E-16F2-4B24-BF8A-5589275FE7D4}.Release|Win32.Build.0 = Release|Win32
		{44B21233-EFCC-4825-B5E5-3A3BD6CC5516}.Debug|Win32.ActiveCfg = Debug|Win32
		{44B21233-EFCC-4825-B5E5-3A3BD6CC5516}.Debug|Win32.Build.0 = Debug|Win32
		{44B21233-EFCC-4825-B5E5-3A3BD6CC5516}.Release|Win32.ActiveCfg = Release|Win32
		{44B21233-EFCC-4825-B5E5-3A3BD6CC5516}.Release|Win32.Build.0 = Release|Win32
		{2B48BE83-108B-4E8E-8A55-6627CF09AC5A}.Debug|Win32.ActiveCfg = Debug|Win32
		{2B48BE83-108B-4E8E-8A55-6627CF09AC5A}.Debug|Win32.Build.0 = Debug|Win32
		{2B48BE83-108B-4E8E-8A55-6627CF09AC5A}.Release|Win32.ActiveCfg = Release|Win32
		{2B48BE83-108B-4E8E-8A55-6627CF09AC5A}.Release|Win32.Build.0 = Release|Win32
		{67AF56A4-A228-4BFB-BDA8-026CBEDE8BF9}.Debug|Win32.ActiveCfg = Debug|Win32
		{67AF56A4-A228-4BFB-BDA8-026CBEDE8BF9}.Debug|Win32.Build.0 = Debug|Win32
		{67AF56A4-A228-4BFB-BDA8-026CBEDE8BF9}.Release|Win32.ActiveCfg = Release|Win32
		{67AF56A4-A228-4BFB-BDA8-026CBEDE8BF9}.Release|Win32.Build.0 = Release|Win32
		{C5253970-8728-4A6F-8BF2-E1D9CF0F3861}.Debug|Win32.ActiveCfg = Debug|Win32
		{C5253970-8728-4A6F-8BF2-E1D9CF0F3861}.Debug|Win32.Build.0 = Debug|Win32
		{C5253970-8728-4A6F-8BF2-E1D9CF0F3861}.Release|Win32.ActiveCfg = Release|Win32
		{C5253970-8728-4A6F-8BF2-E1D9CF0F3861}.Release|Win32.Build.0 = Release|Win32
		{263C0F2E-112D-437F-A6AB-DEA151A7A1F0}.Debug|Win32.ActiveCfg = Debug|Win32
		{263C0F2E-112D-437F-A6AB-DEA151A7A1F0}.Debug|Win32.Build.0 = Debug|Win32
		{263C0F2E-112D-437F-A6AB-DEA151A7A1F0}.Release|Win32.ActiveCfg = Release|Win32
		{263C0F2E-112D-437F-A6AB-DEA151A7A1F0}.Release|Win32.Build.0 = Release|Win32
		{1D9576F6-3321-4036-8C86-B5361CCCD4FB}.Debug|Win32.ActiveCfg = Debug|Win32
		{1D9576F6-3321-4036-8C86-B5361CCCD4FB}.Debug|Win32.Build.0 = Debug|Win32
		{1D9576F6-3321-4036-8C86-B5361CCCD4FB}.Release|Win32.ActiveCfg = Release|Win32
		{1D9576F6-3321-4036-8C86-B5361CCCD4FB}.Release|Win32.Build.0 = Release|Win32
		{28C6A107-445A-4411-A5E6-465B0FF24276}.Debug|Win32.ActiveCfg = Debug|Win32
		{28C6A107-445A-4411-A5E6-465B0FF24276}.Debug|Win32.Build.0 = Debug|Win32
		{28C6A107-445A-4411-A5E6-465B0FF24276}.Release|Win32.ActiveCfg = Release|Win32
		{28C6A107-445A-4411-A5E6-465B0FF24276}.Release|Win32.Build.0 = Release|Win32
		{2D8FB9C3-C7B9-4BAB-8718-A337E45F30C7}.Debug|Win32.ActiveCfg = Debug|Win32
		{2D8FB9C3-C7B9-4BAB-8718-A337E45F30C7}.Debug|Win32.Build.0 = Debug|Win32
		{2D8FB9C3-C7B9-4BAB-8718-A337E45F30C7}.Release|Win32.ActiveCfg = Release|Win32
		{2D8FB9C3-C7B9-4BAB-8718-A337E45F30C7}.Release|Win32.Build.0 = Release|Win32
		{4AF7ADB2-DAF8-4F04-9793-F92010001470}.Debug|Win32.ActiveCfg = Debug|Win32
		{4AF7ADB2-DAF8-4F04-9793-F92010001470}.Debug|Win32.Build.0 = Debug|Win32
		{4AF7ADB2-DAF8-4F04-9793-F92010001470}.Release|Win32.ActiveCfg = Release|Win32
		{4AF7ADB2-DAF8-4F04-9793-F92010001470}.Release|Win32.Build.0 = Release|Win32
		{9D284C6B-BE12-4549-87E5-2337D64F31BE}.Debug|Win32.ActiveCfg = Debug|Win32
		{9D284C6B-BE12-4549-87E5-2337D64F31BE}.Debug|Win32.Build.0 = Debug|Win32
		{9D284C6B-BE12-4549-87E5-2337D64F31BE}.Release|Win32.ActiveCfg = Release|Win32
		{9D284C6B-BE12-4549-87E5-2337D64F31BE}.Release|Win32.Build.0 = Release|Win32
		{89064E9B-14E9-4FB2-8536-A9151DF55C68}.Debug|Win32.ActiveCfg = Debug|Win32
		{89064E9B-14E9-4FB2-8536-A9151DF55C68}.Debug|Win32.Build.0 = Debug|Win32
		{89064E9B-14E9-4FB2-8536-A9151DF55C68}.Release|Win32.ActiveCfg = Release|Win32
		{89064E9B-14E9-4FB2-8536-A9151DF55C68}.Release|Win32.Build.0 = Release|Win32
		{1DDC11C7-AF79-40F3-A6D4-F84BA8644B5C}.Debug|Win32.ActiveCfg = Debug|Win32
		{1DDC11C7-AF79-40F3-A6D4-F84BA8644B5C}.Debug|Win32.Build.0 = Debug|Win32
		{1DDC11C7-AF79-40F3-A6D4-F84BA8644B5C}.Release|Win32.ActiveCfg = Release|Win32
		{1DDC11C7-AF79-40F3-A6D4-F84BA8644B5C}.Release|Win32.Build.0 = Release|Win32
		{309F8A55-BFBA-433B-8C3E-CB2223F799C3}.Debug|Win32.ActiveCfg = Debug|Win32
		{309F8A55-BFBA-433B-8C3E-CB2223F799C3}.Debug|Win32.Build.0 = Debug|Win32
		{309F8A55-BFBA-433B-8C3E-CB2223F799C3}.Release|Win32.ActiveCfg = Release|Win32
		{309F8A55-BFBA-433B-8C3E-CB2223F799C3}.Release|Win32.Build.0 = Release|Win32
		{9440443B-97BA-43C2-A762-31EEC8958BEE}.Debug|Win32.ActiveCfg = Debug|Win32
		{9440443B-97BA-43C2-A762-31EEC8958BEE}.Debug|Win32.Build.0 = Debug|Win32
		{9440443B-97BA-43C2-A762-31EEC8958BEE}.Release|Win32.ActiveCfg = Release|Win32
		{9440443B-97BA-43C2-A762-31EEC8958BEE}.Release|Win32.Build.0 = Release|Win32
		{46CD3ED8-A9E1-49ED-BA1B-586CF147143A}.Debug|Win32.ActiveCfg = Debug|Win32
		{46CD3ED8-A9E1-49ED-BA1B-586CF147143A}.Debug|Win32.Build.0 = Debug|Win32
		{46CD3ED8-A9E1-49ED-BA1B-586CF147143A}.Release|Win32.ActiveCfg = Release|Win32
		{46CD3ED8-A9E1-49ED-BA1B-586CF147143A}.Release|Win32.Build.0 = Release|Win32
		{23DCF574-1CEB-4DF4-9C59-D614580AC0C0}.Debug|Win32.ActiveCfg = Debug|Win32
		{23DCF574-1CEB-4DF4-9C59-D614580AC0C0}.Debug|Win32.Build.0 = Debug|Win32
		{23DCF574-1CEB-4DF4-9C59-D614580AC0C0}.Release|Win32.ActiveCfg = Release|Win32
		{23DCF574-1CEB-4DF4-9C59-D614580AC0C0}.Release|Win32.Build.0 = Release|Win32
		{25E3F0B4-3DB2-43D3-B662-7C1095E73F62}.Debug|Win32.ActiveCfg = Debug|Win32
		{25E3F0B4-3DB2-43D3-B662-7C1095E73F62}.Debug|Win32.Build.0 = Debug|Win32
		{25E3F0B4-3DB2-43D3-B662-7C1095E73F62}.Release|Win32.ActiveCfg = Release|Win32
		{25E3F0B4-3DB2-43D3-B662-7C1095E73F62}.Release|Win32.Build.0 = Release|Win32
		{43686E07-B36F-4241-B0E3-A15783CEF115}.Debug|Win32.ActiveCfg = Debug|Win32
		{43686E07-B36F-4241-B0E3-A15783CEF115}.Debug|Win32.Build.0 = Debug|Win32
		{43686E07-B36F-4241-B0E3-A15783CEF115}.Release|Win32.ActiveCfg = Release|Win32
		{43686E07-B36F-4241-B0E3-A15783CEF115}.Release|Win32.Build.0 = Release|Win32
	EndGlobalSection
	GlobalSection(SolutionProperties) = preSolution
		HideSolutionNode = FALSE
	EndGlobalSection
EndGlobal
