Microsoft Visual Studio Solution File, Format Version 10.00
# Visual C++ Express 2008
Project("{8BC9CEB8-8B4A-11D0-8D11-00A0C91BC942}") = "3d", "..\src\3d.vcproj", "{2B48BE83-108B-4E8E-8A55-6627CF09AC5A}"
	ProjectSection(ProjectDependencies) = postProject
		{44B21233-EFCC-4825-B5E5-3A3BD6CC5516} = {44B21233-EFCC-4825-B5E5-3A3BD6CC5516}
	EndProjectSection
EndProject
Project("{8BC9CEB8-8B4A-11D0-8D11-00A0C91BC942}") = "misc", "..\src\misc.vcproj", "{44B21233-EFCC-4825-B5E5-3A3BD6CC5516}"
EndProject
Project("{8BC9CEB8-8B4A-11D0-8D11-00A0C91BC942}") = "ligo", "..\src\ligo.vcproj", "{1DDC11C7-AF79-40F3-A6D4-F84BA8644B5C}"
EndProject
Project("{8BC9CEB8-8B4A-11D0-8D11-00A0C91BC942}") = "zone_welder", "3d\zone_welder\zone_welder.vcproj", "{295008BA-F405-4B53-86A3-5FF84EE21180}"
	ProjectSection(ProjectDependencies) = postProject
		{263C0F2E-112D-437F-A6AB-DEA151A7A1F0} = {263C0F2E-112D-437F-A6AB-DEA151A7A1F0}
		{44B21233-EFCC-4825-B5E5-3A3BD6CC5516} = {44B21233-EFCC-4825-B5E5-3A3BD6CC5516}
		{2B48BE83-108B-4E8E-8A55-6627CF09AC5A} = {2B48BE83-108B-4E8E-8A55-6627CF09AC5A}
		{1D9576F6-3321-4036-8C86-B5361CCCD4FB} = {1D9576F6-3321-4036-8C86-B5361CCCD4FB}
	EndProjectSection
EndProject
Project("{8BC9CEB8-8B4A-11D0-8D11-00A0C91BC942}") = "zone_lighter", "3d\zone_lighter\zone_lighter.vcproj", "{5C849950-0807-4BFA-894F-F4DC85C5DCE0}"
	ProjectSection(ProjectDependencies) = postProject
		{263C0F2E-112D-437F-A6AB-DEA151A7A1F0} = {263C0F2E-112D-437F-A6AB-DEA151A7A1F0}
		{44B21233-EFCC-4825-B5E5-3A3BD6CC5516} = {44B21233-EFCC-4825-B5E5-3A3BD6CC5516}
		{9D284C6B-BE12-4549-87E5-2337D64F31BE} = {9D284C6B-BE12-4549-87E5-2337D64F31BE}
		{2B48BE83-108B-4E8E-8A55-6627CF09AC5A} = {2B48BE83-108B-4E8E-8A55-6627CF09AC5A}
		{1D9576F6-3321-4036-8C86-B5361CCCD4FB} = {1D9576F6-3321-4036-8C86-B5361CCCD4FB}
	EndProjectSection
EndProject
Project("{8BC9CEB8-8B4A-11D0-8D11-00A0C91BC942}") = "zone_ig_lighter", "3d\zone_ig_lighter\zone_ig_lighter.vcproj", "{F33DD018-EEC0-43DA-BE1D-AEE1D55D9EF4}"
	ProjectSection(ProjectDependencies) = postProject
		{263C0F2E-112D-437F-A6AB-DEA151A7A1F0} = {263C0F2E-112D-437F-A6AB-DEA151A7A1F0}
		{44B21233-EFCC-4825-B5E5-3A3BD6CC5516} = {44B21233-EFCC-4825-B5E5-3A3BD6CC5516}
		{2B48BE83-108B-4E8E-8A55-6627CF09AC5A} = {2B48BE83-108B-4E8E-8A55-6627CF09AC5A}
		{1D9576F6-3321-4036-8C86-B5361CCCD4FB} = {1D9576F6-3321-4036-8C86-B5361CCCD4FB}
	EndProjectSection
EndProject
Project("{8BC9CEB8-8B4A-11D0-8D11-00A0C91BC942}") = "zone_dump", "3d\zone_dump\zone_dump.vcproj", "{A35BC428-FA44-4AA8-87DF-B33B7296C0F8}"
	ProjectSection(ProjectDependencies) = postProject
		{263C0F2E-112D-437F-A6AB-DEA151A7A1F0} = {263C0F2E-112D-437F-A6AB-DEA151A7A1F0}
		{44B21233-EFCC-4825-B5E5-3A3BD6CC5516} = {44B21233-EFCC-4825-B5E5-3A3BD6CC5516}
		{2B48BE83-108B-4E8E-8A55-6627CF09AC5A} = {2B48BE83-108B-4E8E-8A55-6627CF09AC5A}
		{1D9576F6-3321-4036-8C86-B5361CCCD4FB} = {1D9576F6-3321-4036-8C86-B5361CCCD4FB}
	EndProjectSection
EndProject
Project("{8BC9CEB8-8B4A-11D0-8D11-00A0C91BC942}") = "zone_dependencies", "3d\zone_dependencies\zone_dependencies.vcproj", "{E5B0E053-4E3B-4342-8850-CEE9C34DA067}"
	ProjectSection(ProjectDependencies) = postProject
		{263C0F2E-112D-437F-A6AB-DEA151A7A1F0} = {263C0F2E-112D-437F-A6AB-DEA151A7A1F0}
		{44B21233-EFCC-4825-B5E5-3A3BD6CC5516} = {44B21233-EFCC-4825-B5E5-3A3BD6CC5516}
		{9D284C6B-BE12-4549-87E5-2337D64F31BE} = {9D284C6B-BE12-4549-87E5-2337D64F31BE}
		{2B48BE83-108B-4E8E-8A55-6627CF09AC5A} = {2B48BE83-108B-4E8E-8A55-6627CF09AC5A}
		{1D9576F6-3321-4036-8C86-B5361CCCD4FB} = {1D9576F6-3321-4036-8C86-B5361CCCD4FB}
	EndProjectSection
EndProject
Project("{8BC9CEB8-8B4A-11D0-8D11-00A0C91BC942}") = "zone_check_bind", "3d\zone_check_bind\zone_check_bind.vcproj", "{0F12D360-C3FF-47F8-B841-F5542AA9B766}"
	ProjectSection(ProjectDependencies) = postProject
		{263C0F2E-112D-437F-A6AB-DEA151A7A1F0} = {263C0F2E-112D-437F-A6AB-DEA151A7A1F0}
		{44B21233-EFCC-4825-B5E5-3A3BD6CC5516} = {44B21233-EFCC-4825-B5E5-3A3BD6CC5516}
		{2B48BE83-108B-4E8E-8A55-6627CF09AC5A} = {2B48BE83-108B-4E8E-8A55-6627CF09AC5A}
		{1D9576F6-3321-4036-8C86-B5361CCCD4FB} = {1D9576F6-3321-4036-8C86-B5361CCCD4FB}
	EndProjectSection
EndProject
Project("{8BC9CEB8-8B4A-11D0-8D11-00A0C91BC942}") = "tile_edit_exe", "3d\tile_edit\tile_edit_exe.vcproj", "{FDCF7A44-14FF-4C23-8071-908D980CD5D8}"
	ProjectSection(ProjectDependencies) = postProject
		{263C0F2E-112D-437F-A6AB-DEA151A7A1F0} = {263C0F2E-112D-437F-A6AB-DEA151A7A1F0}
		{44B21233-EFCC-4825-B5E5-3A3BD6CC5516} = {44B21233-EFCC-4825-B5E5-3A3BD6CC5516}
		{2B48BE83-108B-4E8E-8A55-6627CF09AC5A} = {2B48BE83-108B-4E8E-8A55-6627CF09AC5A}
		{1D9576F6-3321-4036-8C86-B5361CCCD4FB} = {1D9576F6-3321-4036-8C86-B5361CCCD4FB}
	EndProjectSection
EndProject
Project("{8BC9CEB8-8B4A-11D0-8D11-00A0C91BC942}") = "tga_cut", "3d\tga_cut\tga_cut.vcproj", "{76619B6F-927C-406F-ACE3-A5088738394D}"
	ProjectSection(ProjectDependencies) = postProject
		{44B21233-EFCC-4825-B5E5-3A3BD6CC5516} = {44B21233-EFCC-4825-B5E5-3A3BD6CC5516}
	EndProjectSection
EndProject
Project("{8BC9CEB8-8B4A-11D0-8D11-00A0C91BC942}") = "tga2dds", "3d\tga_2_dds\tga2dds.vcproj", "{B8E03AA4-3E65-4D88-937E-7AAAE91AFDF1}"
	ProjectSection(ProjectDependencies) = postProject
		{44B21233-EFCC-4825-B5E5-3A3BD6CC5516} = {44B21233-EFCC-4825-B5E5-3A3BD6CC5516}
		{9AB5046C-AF35-43BD-A75D-51ED00C26206} = {9AB5046C-AF35-43BD-A75D-51ED00C26206}
		{2B48BE83-108B-4E8E-8A55-6627CF09AC5A} = {2B48BE83-108B-4E8E-8A55-6627CF09AC5A}
	EndProjectSection
EndProject
Project("{8BC9CEB8-8B4A-11D0-8D11-00A0C91BC942}") = "s3tc_compressor_lib", "3d\s3tc_compressor_lib\s3tc_compressor_lib.vcproj", "{9AB5046C-AF35-43BD-A75D-51ED00C26206}"
	ProjectSection(ProjectDependencies) = postProject
		{2B48BE83-108B-4E8E-8A55-6627CF09AC5A} = {2B48BE83-108B-4E8E-8A55-6627CF09AC5A}
	EndProjectSection
EndProject
Project("{8BC9CEB8-8B4A-11D0-8D11-00A0C91BC942}") = "lightmap_optimizer", "3d\lightmap_optimizer\lightmap_optimizer.vcproj", "{DC8D6B32-DAC8-41FE-8201-4433736F9181}"
	ProjectSection(ProjectDependencies) = postProject
		{263C0F2E-112D-437F-A6AB-DEA151A7A1F0} = {263C0F2E-112D-437F-A6AB-DEA151A7A1F0}
		{44B21233-EFCC-4825-B5E5-3A3BD6CC5516} = {44B21233-EFCC-4825-B5E5-3A3BD6CC5516}
		{2B48BE83-108B-4E8E-8A55-6627CF09AC5A} = {2B48BE83-108B-4E8E-8A55-6627CF09AC5A}
		{1D9576F6-3321-4036-8C86-B5361CCCD4FB} = {1D9576F6-3321-4036-8C86-B5361CCCD4FB}
	EndProjectSection
EndProject
Project("{8BC9CEB8-8B4A-11D0-8D11-00A0C91BC942}") = "ig_lighter_lib", "3d\ig_lighter_lib\ig_lighter_lib.vcproj", "{69225460-A0D0-4098-B5E6-70A221B11882}"
EndProject
Project("{8BC9CEB8-8B4A-11D0-8D11-00A0C91BC942}") = "ig_lighter", "3d\ig_lighter\ig_lighter.vcproj", "{48EFA8E3-81FE-4F4E-A14F-0BE40C1F4284}"
	ProjectSection(ProjectDependencies) = postProject
		{263C0F2E-112D-437F-A6AB-DEA151A7A1F0} = {263C0F2E-112D-437F-A6AB-DEA151A7A1F0}
		{44B21233-EFCC-4825-B5E5-3A3BD6CC5516} = {44B21233-EFCC-4825-B5E5-3A3BD6CC5516}
		{69225460-A0D0-4098-B5E6-70A221B11882} = {69225460-A0D0-4098-B5E6-70A221B11882}
		{C5253970-8728-4A6F-8BF2-E1D9CF0F3861} = {C5253970-8728-4A6F-8BF2-E1D9CF0F3861}
		{2B48BE83-108B-4E8E-8A55-6627CF09AC5A} = {2B48BE83-108B-4E8E-8A55-6627CF09AC5A}
		{1D9576F6-3321-4036-8C86-B5361CCCD4FB} = {1D9576F6-3321-4036-8C86-B5361CCCD4FB}
	EndProjectSection
EndProject
Project("{8BC9CEB8-8B4A-11D0-8D11-00A0C91BC942}") = "ig_info", "3d\ig_info\ig_info.vcproj", "{81AF6DB5-1DA2-46FD-BB91-B4EC6CF7A855}"
	ProjectSection(ProjectDependencies) = postProject
		{263C0F2E-112D-437F-A6AB-DEA151A7A1F0} = {263C0F2E-112D-437F-A6AB-DEA151A7A1F0}
		{44B21233-EFCC-4825-B5E5-3A3BD6CC5516} = {44B21233-EFCC-4825-B5E5-3A3BD6CC5516}
		{2B48BE83-108B-4E8E-8A55-6627CF09AC5A} = {2B48BE83-108B-4E8E-8A55-6627CF09AC5A}
		{1D9576F6-3321-4036-8C86-B5361CCCD4FB} = {1D9576F6-3321-4036-8C86-B5361CCCD4FB}
	EndProjectSection
EndProject
Project("{8BC9CEB8-8B4A-11D0-8D11-00A0C91BC942}") = "ig_elevation", "3d\ig_elevation\ig_elevation.vcproj", "{4FB760E5-96C5-4481-909F-7C8CB84D19C8}"
	ProjectSection(ProjectDependencies) = postProject
		{263C0F2E-112D-437F-A6AB-DEA151A7A1F0} = {263C0F2E-112D-437F-A6AB-DEA151A7A1F0}
		{44B21233-EFCC-4825-B5E5-3A3BD6CC5516} = {44B21233-EFCC-4825-B5E5-3A3BD6CC5516}
		{2B48BE83-108B-4E8E-8A55-6627CF09AC5A} = {2B48BE83-108B-4E8E-8A55-6627CF09AC5A}
		{1DDC11C7-AF79-40F3-A6D4-F84BA8644B5C} = {1DDC11C7-AF79-40F3-A6D4-F84BA8644B5C}
		{1D9576F6-3321-4036-8C86-B5361CCCD4FB} = {1D9576F6-3321-4036-8C86-B5361CCCD4FB}
	EndProjectSection
EndProject
Project("{8BC9CEB8-8B4A-11D0-8D11-00A0C91BC942}") = "ig_add", "3d\ig_add\ig_add.vcproj", "{E97BF72B-915E-4EC2-A944-932A8D2FF61D}"
	ProjectSection(ProjectDependencies) = postProject
		{263C0F2E-112D-437F-A6AB-DEA151A7A1F0} = {263C0F2E-112D-437F-A6AB-DEA151A7A1F0}
		{44B21233-EFCC-4825-B5E5-3A3BD6CC5516} = {44B21233-EFCC-4825-B5E5-3A3BD6CC5516}
		{2B48BE83-108B-4E8E-8A55-6627CF09AC5A} = {2B48BE83-108B-4E8E-8A55-6627CF09AC5A}
		{1D9576F6-3321-4036-8C86-B5361CCCD4FB} = {1D9576F6-3321-4036-8C86-B5361CCCD4FB}
	EndProjectSection
EndProject
Project("{8BC9CEB8-8B4A-11D0-8D11-00A0C91BC942}") = "hls_bank_maker", "3d\hls_bank_maker\hls_bank_maker.vcproj", "{BACF1238-7651-43DA-B0D9-0145701CBB7B}"
	ProjectSection(ProjectDependencies) = postProject
		{44B21233-EFCC-4825-B5E5-3A3BD6CC5516} = {44B21233-EFCC-4825-B5E5-3A3BD6CC5516}
		{9AB5046C-AF35-43BD-A75D-51ED00C26206} = {9AB5046C-AF35-43BD-A75D-51ED00C26206}
		{2B48BE83-108B-4E8E-8A55-6627CF09AC5A} = {2B48BE83-108B-4E8E-8A55-6627CF09AC5A}
	EndProjectSection
EndProject
Project("{8BC9CEB8-8B4A-11D0-8D11-00A0C91BC942}") = "get_neighbors", "3d\get_neighbors\get_neighbors.vcproj", "{BB7DDD80-B732-4100-BAFB-CE71C6DD9432}"
	ProjectSection(ProjectDependencies) = postProject
		{44B21233-EFCC-4825-B5E5-3A3BD6CC5516} = {44B21233-EFCC-4825-B5E5-3A3BD6CC5516}
	EndProjectSection
EndProject
Project("{8BC9CEB8-8B4A-11D0-8D11-00A0C91BC942}") = "file_info", "3d\file_info\file_info.vcproj", "{DC8AFAC1-E858-4541-AAAC-6CA6DD3FEC05}"
	ProjectSection(ProjectDependencies) = postProject
		{263C0F2E-112D-437F-A6AB-DEA151A7A1F0} = {263C0F2E-112D-437F-A6AB-DEA151A7A1F0}
		{44B21233-EFCC-4825-B5E5-3A3BD6CC5516} = {44B21233-EFCC-4825-B5E5-3A3BD6CC5516}
		{2B48BE83-108B-4E8E-8A55-6627CF09AC5A} = {2B48BE83-108B-4E8E-8A55-6627CF09AC5A}
		{1D9576F6-3321-4036-8C86-B5361CCCD4FB} = {1D9576F6-3321-4036-8C86-B5361CCCD4FB}
	EndProjectSection
EndProject
Project("{8BC9CEB8-8B4A-11D0-8D11-00A0C91BC942}") = "build_smallbank", "3d\build_smallbank\build_smallbank.vcproj", "{54F04C84-247D-4230-8905-07F1C5C9E122}"
	ProjectSection(ProjectDependencies) = postProject
		{263C0F2E-112D-437F-A6AB-DEA151A7A1F0} = {263C0F2E-112D-437F-A6AB-DEA151A7A1F0}
		{44B21233-EFCC-4825-B5E5-3A3BD6CC5516} = {44B21233-EFCC-4825-B5E5-3A3BD6CC5516}
		{2B48BE83-108B-4E8E-8A55-6627CF09AC5A} = {2B48BE83-108B-4E8E-8A55-6627CF09AC5A}
		{1D9576F6-3321-4036-8C86-B5361CCCD4FB} = {1D9576F6-3321-4036-8C86-B5361CCCD4FB}
	EndProjectSection
EndProject
Project("{8BC9CEB8-8B4A-11D0-8D11-00A0C91BC942}") = "build_shadow_skin", "3d\build_shadow_skin\build_shadow_skin.vcproj", "{9DD220AB-1C62-437F-8825-50D7414F26AF}"
	ProjectSection(ProjectDependencies) = postProject
		{263C0F2E-112D-437F-A6AB-DEA151A7A1F0} = {263C0F2E-112D-437F-A6AB-DEA151A7A1F0}
		{44B21233-EFCC-4825-B5E5-3A3BD6CC5516} = {44B21233-EFCC-4825-B5E5-3A3BD6CC5516}
		{2B48BE83-108B-4E8E-8A55-6627CF09AC5A} = {2B48BE83-108B-4E8E-8A55-6627CF09AC5A}
		{1D9576F6-3321-4036-8C86-B5361CCCD4FB} = {1D9576F6-3321-4036-8C86-B5361CCCD4FB}
	EndProjectSection
EndProject
Project("{8BC9CEB8-8B4A-11D0-8D11-00A0C91BC942}") = "build_interface", "3d\build_interface\build_interface.vcproj", "{42803A5F-628A-446F-A712-51BDC499EF81}"
	ProjectSection(ProjectDependencies) = postProject
		{44B21233-EFCC-4825-B5E5-3A3BD6CC5516} = {44B21233-EFCC-4825-B5E5-3A3BD6CC5516}
		{2B48BE83-108B-4E8E-8A55-6627CF09AC5A} = {2B48BE83-108B-4E8E-8A55-6627CF09AC5A}
	EndProjectSection
EndProject
Project("{8BC9CEB8-8B4A-11D0-8D11-00A0C91BC942}") = "build_gamedata", "3d\build_gamedata\build_gamedata.vcproj", "{AB1DC0C6-2DC4-4EBF-A7F6-0B61BDD5529B}"
EndProject
Project("{8BC9CEB8-8B4A-11D0-8D11-00A0C91BC942}") = "build_far_bank", "3d\build_far_bank\build_far_bank.vcproj", "{E4E525D1-92F5-49B4-8E94-DB5ED0A38B53}"
	ProjectSection(ProjectDependencies) = postProject
		{263C0F2E-112D-437F-A6AB-DEA151A7A1F0} = {263C0F2E-112D-437F-A6AB-DEA151A7A1F0}
		{44B21233-EFCC-4825-B5E5-3A3BD6CC5516} = {44B21233-EFCC-4825-B5E5-3A3BD6CC5516}
		{2B48BE83-108B-4E8E-8A55-6627CF09AC5A} = {2B48BE83-108B-4E8E-8A55-6627CF09AC5A}
		{1D9576F6-3321-4036-8C86-B5361CCCD4FB} = {1D9576F6-3321-4036-8C86-B5361CCCD4FB}
	EndProjectSection
EndProject
Project("{8BC9CEB8-8B4A-11D0-8D11-00A0C91BC942}") = "build_coarse_mesh", "3d\build_coarse_mesh\build_coarse_mesh.vcproj", "{E2D804F4-5599-44A2-B9F5-D4DF314586D5}"
	ProjectSection(ProjectDependencies) = postProject
		{263C0F2E-112D-437F-A6AB-DEA151A7A1F0} = {263C0F2E-112D-437F-A6AB-DEA151A7A1F0}
		{44B21233-EFCC-4825-B5E5-3A3BD6CC5516} = {44B21233-EFCC-4825-B5E5-3A3BD6CC5516}
		{2B48BE83-108B-4E8E-8A55-6627CF09AC5A} = {2B48BE83-108B-4E8E-8A55-6627CF09AC5A}
		{1D9576F6-3321-4036-8C86-B5361CCCD4FB} = {1D9576F6-3321-4036-8C86-B5361CCCD4FB}
	EndProjectSection
EndProject
Project("{8BC9CEB8-8B4A-11D0-8D11-00A0C91BC942}") = "build_clodtex", "3d\build_clodtex\build_clodtex.vcproj", "{D0E8697A-C92C-452E-8DBF-E8F212C6F9A8}"
	ProjectSection(ProjectDependencies) = postProject
		{263C0F2E-112D-437F-A6AB-DEA151A7A1F0} = {263C0F2E-112D-437F-A6AB-DEA151A7A1F0}
		{44B21233-EFCC-4825-B5E5-3A3BD6CC5516} = {44B21233-EFCC-4825-B5E5-3A3BD6CC5516}
		{2B48BE83-108B-4E8E-8A55-6627CF09AC5A} = {2B48BE83-108B-4E8E-8A55-6627CF09AC5A}
		{1D9576F6-3321-4036-8C86-B5361CCCD4FB} = {1D9576F6-3321-4036-8C86-B5361CCCD4FB}
	EndProjectSection
EndProject
Project("{8BC9CEB8-8B4A-11D0-8D11-00A0C91BC942}") = "build_clod_bank", "3d\build_clod_bank\build_clod_bank.vcproj", "{A20DC5AA-F276-4E9E-B997-00D60FBF29EB}"
	ProjectSection(ProjectDependencies) = postProject
		{263C0F2E-112D-437F-A6AB-DEA151A7A1F0} = {263C0F2E-112D-437F-A6AB-DEA151A7A1F0}
		{44B21233-EFCC-4825-B5E5-3A3BD6CC5516} = {44B21233-EFCC-4825-B5E5-3A3BD6CC5516}
		{2B48BE83-108B-4E8E-8A55-6627CF09AC5A} = {2B48BE83-108B-4E8E-8A55-6627CF09AC5A}
		{1D9576F6-3321-4036-8C86-B5361CCCD4FB} = {1D9576F6-3321-4036-8C86-B5361CCCD4FB}
	EndProjectSection
EndProject
Project("{8BC9CEB8-8B4A-11D0-8D11-00A0C91BC942}") = "animation_set_builder", "3d\animation_set_builder\animation_set_builder.vcproj", "{16D7314A-B0DC-4BFC-B6FC-98B25B0596A6}"
	ProjectSection(ProjectDependencies) = postProject
		{263C0F2E-112D-437F-A6AB-DEA151A7A1F0} = {263C0F2E-112D-437F-A6AB-DEA151A7A1F0}
		{44B21233-EFCC-4825-B5E5-3A3BD6CC5516} = {44B21233-EFCC-4825-B5E5-3A3BD6CC5516}
		{2B48BE83-108B-4E8E-8A55-6627CF09AC5A} = {2B48BE83-108B-4E8E-8A55-6627CF09AC5A}
		{1D9576F6-3321-4036-8C86-B5361CCCD4FB} = {1D9576F6-3321-4036-8C86-B5361CCCD4FB}
	EndProjectSection
EndProject
Project("{8BC9CEB8-8B4A-11D0-8D11-00A0C91BC942}") = "anim_builder", "3d\anim_builder\anim_builder.vcproj", "{4CD63F9B-B81E-4541-9016-A479F8746F04}"
	ProjectSection(ProjectDependencies) = postProject
		{263C0F2E-112D-437F-A6AB-DEA151A7A1F0} = {263C0F2E-112D-437F-A6AB-DEA151A7A1F0}
		{44B21233-EFCC-4825-B5E5-3A3BD6CC5516} = {44B21233-EFCC-4825-B5E5-3A3BD6CC5516}
		{2B48BE83-108B-4E8E-8A55-6627CF09AC5A} = {2B48BE83-108B-4E8E-8A55-6627CF09AC5A}
		{1D9576F6-3321-4036-8C86-B5361CCCD4FB} = {1D9576F6-3321-4036-8C86-B5361CCCD4FB}
	EndProjectSection
EndProject
Project("{8BC9CEB8-8B4A-11D0-8D11-00A0C91BC942}") = "pacs", "..\src\pacs.vcproj", "{C5253970-8728-4A6F-8BF2-E1D9CF0F3861}"
EndProject
Project("{8BC9CEB8-8B4A-11D0-8D11-00A0C91BC942}") = "georges", "..\src\georges.vcproj", "{9D284C6B-BE12-4549-87E5-2337D64F31BE}"
EndProject
Project("{8BC9CEB8-8B4A-11D0-8D11-00A0C91BC942}") = "sound", "..\src\sound.vcproj", "{4AF7ADB2-DAF8-4F04-9793-F92010001470}"
	ProjectSection(ProjectDependencies) = postProject
		{9D284C6B-BE12-4549-87E5-2337D64F31BE} = {9D284C6B-BE12-4549-87E5-2337D64F31BE}
		{89064E9B-14E9-4FB2-8536-A9151DF55C68} = {89064E9B-14E9-4FB2-8536-A9151DF55C68}
		{1DDC11C7-AF79-40F3-A6D4-F84BA8644B5C} = {1DDC11C7-AF79-40F3-A6D4-F84BA8644B5C}
	EndProjectSection
EndProject
Project("{8BC9CEB8-8B4A-11D0-8D11-00A0C91BC942}") = "sound_lowlevel", "..\src\sound\driver\sound_lowlevel.vcproj", "{89064E9B-14E9-4FB2-8536-A9151DF55C68}"
EndProject
Project("{8BC9CEB8-8B4A-11D0-8D11-00A0C91BC942}") = "driver_opengl", "..\src\3d\driver\opengl\driver_opengl.vcproj", "{1D9576F6-3321-4036-8C86-B5361CCCD4FB}"
	ProjectSection(ProjectDependencies) = postProject
		{44B21233-EFCC-4825-B5E5-3A3BD6CC5516} = {44B21233-EFCC-4825-B5E5-3A3BD6CC5516}
		{2B48BE83-108B-4E8E-8A55-6627CF09AC5A} = {2B48BE83-108B-4E8E-8A55-6627CF09AC5A}
	EndProjectSection
EndProject
Project("{8BC9CEB8-8B4A-11D0-8D11-00A0C91BC942}") = "tga_resize", "3d\tga_resize\tga_resize.vcproj", "{440CA8F1-7AEB-43CC-9B6F-CA06C61B666E}"
	ProjectSection(ProjectDependencies) = postProject
		{44B21233-EFCC-4825-B5E5-3A3BD6CC5516} = {44B21233-EFCC-4825-B5E5-3A3BD6CC5516}
	EndProjectSection
EndProject
Project("{8BC9CEB8-8B4A-11D0-8D11-00A0C91BC942}") = "build_rbank", "pacs\build_rbank\build_rbank.vcproj", "{A4011DDE-81C8-409B-B0A8-3B5D326EE5AE}"
	ProjectSection(ProjectDependencies) = postProject
		{263C0F2E-112D-437F-A6AB-DEA151A7A1F0} = {263C0F2E-112D-437F-A6AB-DEA151A7A1F0}
		{44B21233-EFCC-4825-B5E5-3A3BD6CC5516} = {44B21233-EFCC-4825-B5E5-3A3BD6CC5516}
		{C5253970-8728-4A6F-8BF2-E1D9CF0F3861} = {C5253970-8728-4A6F-8BF2-E1D9CF0F3861}
		{2B48BE83-108B-4E8E-8A55-6627CF09AC5A} = {2B48BE83-108B-4E8E-8A55-6627CF09AC5A}
		{1DDC11C7-AF79-40F3-A6D4-F84BA8644B5C} = {1DDC11C7-AF79-40F3-A6D4-F84BA8644B5C}
		{1D9576F6-3321-4036-8C86-B5361CCCD4FB} = {1D9576F6-3321-4036-8C86-B5361CCCD4FB}
	EndProjectSection
EndProject
Project("{8BC9CEB8-8B4A-11D0-8D11-00A0C91BC942}") = "build_indoor_rbank", "pacs\build_indoor_rbank\build_indoor_rbank.vcproj", "{660A2B6A-34C9-484F-B58D-25B3634A772A}"
	ProjectSection(ProjectDependencies) = postProject
		{263C0F2E-112D-437F-A6AB-DEA151A7A1F0} = {263C0F2E-112D-437F-A6AB-DEA151A7A1F0}
		{44B21233-EFCC-4825-B5E5-3A3BD6CC5516} = {44B21233-EFCC-4825-B5E5-3A3BD6CC5516}
		{C5253970-8728-4A6F-8BF2-E1D9CF0F3861} = {C5253970-8728-4A6F-8BF2-E1D9CF0F3861}
		{1D9576F6-3321-4036-8C86-B5361CCCD4FB} = {1D9576F6-3321-4036-8C86-B5361CCCD4FB}
	EndProjectSection
EndProject
Project("{8BC9CEB8-8B4A-11D0-8D11-00A0C91BC942}") = "build_ig_boxes", "pacs\build_ig_boxes\build_ig_boxes.vcproj", "{892082D2-831D-41EE-BA7D-3E2A435E483D}"
	ProjectSection(ProjectDependencies) = postProject
		{263C0F2E-112D-437F-A6AB-DEA151A7A1F0} = {263C0F2E-112D-437F-A6AB-DEA151A7A1F0}
		{44B21233-EFCC-4825-B5E5-3A3BD6CC5516} = {44B21233-EFCC-4825-B5E5-3A3BD6CC5516}
		{2B48BE83-108B-4E8E-8A55-6627CF09AC5A} = {2B48BE83-108B-4E8E-8A55-6627CF09AC5A}
		{1D9576F6-3321-4036-8C86-B5361CCCD4FB} = {1D9576F6-3321-4036-8C86-B5361CCCD4FB}
	EndProjectSection
EndProject
Project("{8BC9CEB8-8B4A-11D0-8D11-00A0C91BC942}") = "memlog", "memory\memlog\memlog.vcproj", "{A423210E-FD46-4142-AE4F-B7CA2D828331}"
	ProjectSection(ProjectDependencies) = postProject
		{44B21233-EFCC-4825-B5E5-3A3BD6CC5516} = {44B21233-EFCC-4825-B5E5-3A3BD6CC5516}
	EndProjectSection
EndProject
Project("{8BC9CEB8-8B4A-11D0-8D11-00A0C91BC942}") = "bnp_make", "misc\bnp_make\bnp_make.vcproj", "{CE8EEC8B-B587-4CDE-8615-F2BD07BFA790}"
	ProjectSection(ProjectDependencies) = postProject
		{44B21233-EFCC-4825-B5E5-3A3BD6CC5516} = {44B21233-EFCC-4825-B5E5-3A3BD6CC5516}
	EndProjectSection
EndProject
Project("{8BC9CEB8-8B4A-11D0-8D11-00A0C91BC942}") = "make_sheet_id", "misc\make_sheet_id\make_sheet_id.vcproj", "{9B7496B5-9ECF-42F1-B4AC-52456632E364}"
	ProjectSection(ProjectDependencies) = postProject
		{44B21233-EFCC-4825-B5E5-3A3BD6CC5516} = {44B21233-EFCC-4825-B5E5-3A3BD6CC5516}
	EndProjectSection
EndProject
Project("{8BC9CEB8-8B4A-11D0-8D11-00A0C91BC942}") = "cluster_viewer", "3d\cluster_viewer\cluster_viewer.vcproj", "{525A857C-AEDD-498F-8475-AA4B1352A627}"
	ProjectSection(ProjectDependencies) = postProject
		{263C0F2E-112D-437F-A6AB-DEA151A7A1F0} = {263C0F2E-112D-437F-A6AB-DEA151A7A1F0}
		{44B21233-EFCC-4825-B5E5-3A3BD6CC5516} = {44B21233-EFCC-4825-B5E5-3A3BD6CC5516}
		{2B48BE83-108B-4E8E-8A55-6627CF09AC5A} = {2B48BE83-108B-4E8E-8A55-6627CF09AC5A}
		{1D9576F6-3321-4036-8C86-B5361CCCD4FB} = {1D9576F6-3321-4036-8C86-B5361CCCD4FB}
	EndProjectSection
EndProject
Project("{8BC9CEB8-8B4A-11D0-8D11-00A0C91BC942}") = "crash_log_analyser", "3d\crash_log_analyser\crash_log_analyser.vcproj", "{531E4118-9D43-4A2F-8CE7-9E071F056FD2}"
	ProjectSection(ProjectDependencies) = postProject
		{44B21233-EFCC-4825-B5E5-3A3BD6CC5516} = {44B21233-EFCC-4825-B5E5-3A3BD6CC5516}
	EndProjectSection
EndProject
Project("{8BC9CEB8-8B4A-11D0-8D11-00A0C91BC942}") = "exec_timeout", "misc\exec_timeout\exec_timeout.vcproj", "{0352E4FD-CE65-4271-9D8B-27756BCEFB27}"
	ProjectSection(ProjectDependencies) = postProject
		{44B21233-EFCC-4825-B5E5-3A3BD6CC5516} = {44B21233-EFCC-4825-B5E5-3A3BD6CC5516}
	EndProjectSection
EndProject
Project("{8BC9CEB8-8B4A-11D0-8D11-00A0C91BC942}") = "lock", "misc\lock\lock.vcproj", "{90D855F1-FBE9-43D9-BF09-09D5674BC9AF}"
	ProjectSection(ProjectDependencies) = postProject
		{44B21233-EFCC-4825-B5E5-3A3BD6CC5516} = {44B21233-EFCC-4825-B5E5-3A3BD6CC5516}
	EndProjectSection
EndProject
Project("{8BC9CEB8-8B4A-11D0-8D11-00A0C91BC942}") = "message_box", "misc\message_box\message_box.vcproj", "{3B11FF5A-635A-4EA7-A60D-9D997624AF2C}"
EndProject
Project("{8BC9CEB8-8B4A-11D0-8D11-00A0C91BC942}") = "words_dic", "misc\words_dic\words_dic.vcproj", "{E888D974-51F4-4AF9-B11C-B684C359B7D9}"
	ProjectSection(ProjectDependencies) = postProject
		{44B21233-EFCC-4825-B5E5-3A3BD6CC5516} = {44B21233-EFCC-4825-B5E5-3A3BD6CC5516}
	EndProjectSection
EndProject
Project("{8BC9CEB8-8B4A-11D0-8D11-00A0C91BC942}") = "net", "..\src\net.vcproj", "{67AF56A4-A228-4BFB-BDA8-026CBEDE8BF9}"
EndProject
Project("{8BC9CEB8-8B4A-11D0-8D11-00A0C91BC942}") = "object_viewer", "3d\object_viewer\object_viewer.vcproj", "{A10DFC7C-B9E1-47D3-B3D8-3EE15AEBDAEC}"
	ProjectSection(ProjectDependencies) = postProject
		{263C0F2E-112D-437F-A6AB-DEA151A7A1F0} = {263C0F2E-112D-437F-A6AB-DEA151A7A1F0}
		{44B21233-EFCC-4825-B5E5-3A3BD6CC5516} = {44B21233-EFCC-4825-B5E5-3A3BD6CC5516}
		{9440443B-97BA-43C2-A762-31EEC8958BEE} = {9440443B-97BA-43C2-A762-31EEC8958BEE}
		{2B48BE83-108B-4E8E-8A55-6627CF09AC5A} = {2B48BE83-108B-4E8E-8A55-6627CF09AC5A}
		{4AF7ADB2-DAF8-4F04-9793-F92010001470} = {4AF7ADB2-DAF8-4F04-9793-F92010001470}
		{46CD3ED8-A9E1-49ED-BA1B-586CF147143A} = {46CD3ED8-A9E1-49ED-BA1B-586CF147143A}
		{1D9576F6-3321-4036-8C86-B5361CCCD4FB} = {1D9576F6-3321-4036-8C86-B5361CCCD4FB}
	EndProjectSection
EndProject
Project("{8BC9CEB8-8B4A-11D0-8D11-00A0C91BC942}") = "object_viewer_exe", "3d\object_viewer_exe\object_viewer_exe.vcproj", "{C18D947F-1EB1-4B0E-A768-8F6CF6A6ACC3}"
	ProjectSection(ProjectDependencies) = postProject
		{A10DFC7C-B9E1-47D3-B3D8-3EE15AEBDAEC} = {A10DFC7C-B9E1-47D3-B3D8-3EE15AEBDAEC}
	EndProjectSection
EndProject
Project("{8BC9CEB8-8B4A-11D0-8D11-00A0C91BC942}") = "driver_openal", "..\src\sound\driver\openal\driver_openal.vcproj", "{46CD3ED8-A9E1-49ED-BA1B-586CF147143A}"
	ProjectSection(ProjectDependencies) = postProject
		{44B21233-EFCC-4825-B5E5-3A3BD6CC5516} = {44B21233-EFCC-4825-B5E5-3A3BD6CC5516}
		{89064E9B-14E9-4FB2-8536-A9151DF55C68} = {89064E9B-14E9-4FB2-8536-A9151DF55C68}
	EndProjectSection
EndProject
Project("{8BC9CEB8-8B4A-11D0-8D11-00A0C91BC942}") = "extract_filename", "misc\extract_filename\extract_filename.vcproj", "{A4E8FA06-179B-463D-AF39-87D144E9C9EA}"
	ProjectSection(ProjectDependencies) = postProject
		{44B21233-EFCC-4825-B5E5-3A3BD6CC5516} = {44B21233-EFCC-4825-B5E5-3A3BD6CC5516}
	EndProjectSection
EndProject
Project("{8BC9CEB8-8B4A-11D0-8D11-00A0C91BC942}") = "panoply_maker", "3d\panoply_maker\panoply_maker.vcproj", "{AFE4141C-9AC8-4AF4-B892-D65A86615355}"
	ProjectSection(ProjectDependencies) = postProject
		{44B21233-EFCC-4825-B5E5-3A3BD6CC5516} = {44B21233-EFCC-4825-B5E5-3A3BD6CC5516}
		{9AB5046C-AF35-43BD-A75D-51ED00C26206} = {9AB5046C-AF35-43BD-A75D-51ED00C26206}
	EndProjectSection
EndProject
Project("{8BC9CEB8-8B4A-11D0-8D11-00A0C91BC942}") = "driver_direct3d", "..\src\3d\driver\direct3d\driver_direct3d.vcproj", "{263C0F2E-112D-437F-A6AB-DEA151A7A1F0}"
	ProjectSection(ProjectDependencies) = postProject
		{44B21233-EFCC-4825-B5E5-3A3BD6CC5516} = {44B21233-EFCC-4825-B5E5-3A3BD6CC5516}
		{2B48BE83-108B-4E8E-8A55-6627CF09AC5A} = {2B48BE83-108B-4E8E-8A55-6627CF09AC5A}
	EndProjectSection
EndProject
Project("{8BC9CEB8-8B4A-11D0-8D11-00A0C91BC942}") = "driver_fmod", "..\src\sound\driver\fmod\driver_fmod.vcproj", "{9440443B-97BA-43C2-A762-31EEC8958BEE}"
	ProjectSection(ProjectDependencies) = postProject
		{44B21233-EFCC-4825-B5E5-3A3BD6CC5516} = {44B21233-EFCC-4825-B5E5-3A3BD6CC5516}
		{89064E9B-14E9-4FB2-8536-A9151DF55C68} = {89064E9B-14E9-4FB2-8536-A9151DF55C68}
	EndProjectSection
EndProject
Project("{8BC9CEB8-8B4A-11D0-8D11-00A0C91BC942}") = "zviewer", "3d\zviewer\zviewer.vcproj", "{1D041D6A-ED55-4C34-B3F6-BE1C3E64BA56}"
	ProjectSection(ProjectDependencies) = postProject
		{44B21233-EFCC-4825-B5E5-3A3BD6CC5516} = {44B21233-EFCC-4825-B5E5-3A3BD6CC5516}
		{2B48BE83-108B-4E8E-8A55-6627CF09AC5A} = {2B48BE83-108B-4E8E-8A55-6627CF09AC5A}
	EndProjectSection
EndProject
Project("{8BC9CEB8-8B4A-11D0-8D11-00A0C91BC942}") = "disp_sheet_id", "misc\disp_sheet_id\disp_sheet_id.vcproj", "{F4E30D31-4D86-458B-8C41-713207390621}"
	ProjectSection(ProjectDependencies) = postProject
		{44B21233-EFCC-4825-B5E5-3A3BD6CC5516} = {44B21233-EFCC-4825-B5E5-3A3BD6CC5516}
	EndProjectSection
EndProject
Project("{8BC9CEB8-8B4A-11D0-8D11-00A0C91BC942}") = "data_mirror", "misc\data_mirror\data_mirror.vcproj", "{A150A6ED-1931-45B4-B562-8B385EA1B120}"
	ProjectSection(ProjectDependencies) = postProject
		{44B21233-EFCC-4825-B5E5-3A3BD6CC5516} = {44B21233-EFCC-4825-B5E5-3A3BD6CC5516}
	EndProjectSection
EndProject
Project("{8BC9CEB8-8B4A-11D0-8D11-00A0C91BC942}") = "branch_patcher", "misc\branch_patcher\branch_patcher.vcproj", "{B3AF760A-FC73-498C-B95A-85B41C8B407F}"
EndProject
Project("{8BC9CEB8-8B4A-11D0-8D11-00A0C91BC942}") = "log_analyser", "misc\log_analyser\log_analyser.vcproj", "{D42361F8-C42C-49C0-9FC2-CCA410DBD473}"
EndProject
Project("{8BC9CEB8-8B4A-11D0-8D11-00A0C91BC942}") = "extract_warnings", "misc\log_analyser_plug_ins\extract_warnings\extract_warnings.vcproj", "{DC14262A-E80B-45D2-B80C-1E42E1667733}"
	ProjectSection(ProjectDependencies) = postProject
		{44B21233-EFCC-4825-B5E5-3A3BD6CC5516} = {44B21233-EFCC-4825-B5E5-3A3BD6CC5516}
	EndProjectSection
EndProject
Project("{8BC9CEB8-8B4A-11D0-8D11-00A0C91BC942}") = "multi_cd_setup_fix", "misc\multi_cd_setup_fix\multi_cd_setup_fix.vcproj", "{18A4D1B0-26A2-49F2-95F1-0D5232D431B0}"
EndProject
Project("{8BC9CEB8-8B4A-11D0-8D11-00A0C91BC942}") = "xml_packer", "misc\xml_packer\xml_packer.vcproj", "{222663AE-5BAD-49B3-837F-26A518A3373A}"
	ProjectSection(ProjectDependencies) = postProject
		{44B21233-EFCC-4825-B5E5-3A3BD6CC5516} = {44B21233-EFCC-4825-B5E5-3A3BD6CC5516}
	EndProjectSection
EndProject
Global
	GlobalSection(SolutionConfigurationPlatforms) = preSolution
		Debug|Win32 = Debug|Win32
		Debug|x64 = Debug|x64
		Release|Win32 = Release|Win32
		Release|x64 = Release|x64
	EndGlobalSection
	GlobalSection(ProjectConfigurationPlatforms) = postSolution
		{2B48BE83-108B-4E8E-8A55-6627CF09AC5A}.Debug|Win32.ActiveCfg = Debug|Win32
		{2B48BE83-108B-4E8E-8A55-6627CF09AC5A}.Debug|Win32.Build.0 = Debug|Win32
		{2B48BE83-108B-4E8E-8A55-6627CF09AC5A}.Debug|x64.ActiveCfg = Debug|x64
		{2B48BE83-108B-4E8E-8A55-6627CF09AC5A}.Debug|x64.Build.0 = Debug|x64
		{2B48BE83-108B-4E8E-8A55-6627CF09AC5A}.Release|Win32.ActiveCfg = Release|Win32
		{2B48BE83-108B-4E8E-8A55-6627CF09AC5A}.Release|Win32.Build.0 = Release|Win32
		{2B48BE83-108B-4E8E-8A55-6627CF09AC5A}.Release|x64.ActiveCfg = Release|x64
		{2B48BE83-108B-4E8E-8A55-6627CF09AC5A}.Release|x64.Build.0 = Release|x64
		{44B21233-EFCC-4825-B5E5-3A3BD6CC5516}.Debug|Win32.ActiveCfg = Debug|Win32
		{44B21233-EFCC-4825-B5E5-3A3BD6CC5516}.Debug|Win32.Build.0 = Debug|Win32
		{44B21233-EFCC-4825-B5E5-3A3BD6CC5516}.Debug|x64.ActiveCfg = Debug|x64
		{44B21233-EFCC-4825-B5E5-3A3BD6CC5516}.Debug|x64.Build.0 = Debug|x64
		{44B21233-EFCC-4825-B5E5-3A3BD6CC5516}.Release|Win32.ActiveCfg = Release|Win32
		{44B21233-EFCC-4825-B5E5-3A3BD6CC5516}.Release|Win32.Build.0 = Release|Win32
		{44B21233-EFCC-4825-B5E5-3A3BD6CC5516}.Release|x64.ActiveCfg = Release|x64
		{44B21233-EFCC-4825-B5E5-3A3BD6CC5516}.Release|x64.Build.0 = Release|x64
		{1DDC11C7-AF79-40F3-A6D4-F84BA8644B5C}.Debug|Win32.ActiveCfg = Debug|Win32
		{1DDC11C7-AF79-40F3-A6D4-F84BA8644B5C}.Debug|Win32.Build.0 = Debug|Win32
		{1DDC11C7-AF79-40F3-A6D4-F84BA8644B5C}.Debug|x64.ActiveCfg = Debug|x64
		{1DDC11C7-AF79-40F3-A6D4-F84BA8644B5C}.Debug|x64.Build.0 = Debug|x64
		{1DDC11C7-AF79-40F3-A6D4-F84BA8644B5C}.Release|Win32.ActiveCfg = Release|Win32
		{1DDC11C7-AF79-40F3-A6D4-F84BA8644B5C}.Release|Win32.Build.0 = Release|Win32
		{1DDC11C7-AF79-40F3-A6D4-F84BA8644B5C}.Release|x64.ActiveCfg = Release|x64
		{1DDC11C7-AF79-40F3-A6D4-F84BA8644B5C}.Release|x64.Build.0 = Release|x64
		{295008BA-F405-4B53-86A3-5FF84EE21180}.Debug|Win32.ActiveCfg = Debug|Win32
		{295008BA-F405-4B53-86A3-5FF84EE21180}.Debug|Win32.Build.0 = Debug|Win32
		{295008BA-F405-4B53-86A3-5FF84EE21180}.Debug|x64.ActiveCfg = Debug|x64
		{295008BA-F405-4B53-86A3-5FF84EE21180}.Debug|x64.Build.0 = Debug|x64
		{295008BA-F405-4B53-86A3-5FF84EE21180}.Release|Win32.ActiveCfg = Release|Win32
		{295008BA-F405-4B53-86A3-5FF84EE21180}.Release|Win32.Build.0 = Release|Win32
		{295008BA-F405-4B53-86A3-5FF84EE21180}.Release|x64.ActiveCfg = Release|x64
		{295008BA-F405-4B53-86A3-5FF84EE21180}.Release|x64.Build.0 = Release|x64
		{5C849950-0807-4BFA-894F-F4DC85C5DCE0}.Debug|Win32.ActiveCfg = Debug|Win32
		{5C849950-0807-4BFA-894F-F4DC85C5DCE0}.Debug|Win32.Build.0 = Debug|Win32
		{5C849950-0807-4BFA-894F-F4DC85C5DCE0}.Debug|x64.ActiveCfg = Debug|x64
		{5C849950-0807-4BFA-894F-F4DC85C5DCE0}.Debug|x64.Build.0 = Debug|x64
		{5C849950-0807-4BFA-894F-F4DC85C5DCE0}.Release|Win32.ActiveCfg = Release|Win32
		{5C849950-0807-4BFA-894F-F4DC85C5DCE0}.Release|Win32.Build.0 = Release|Win32
		{5C849950-0807-4BFA-894F-F4DC85C5DCE0}.Release|x64.ActiveCfg = Release|x64
		{5C849950-0807-4BFA-894F-F4DC85C5DCE0}.Release|x64.Build.0 = Release|x64
		{F33DD018-EEC0-43DA-BE1D-AEE1D55D9EF4}.Debug|Win32.ActiveCfg = Debug|Win32
		{F33DD018-EEC0-43DA-BE1D-AEE1D55D9EF4}.Debug|Win32.Build.0 = Debug|Win32
		{F33DD018-EEC0-43DA-BE1D-AEE1D55D9EF4}.Debug|x64.ActiveCfg = Debug|x64
		{F33DD018-EEC0-43DA-BE1D-AEE1D55D9EF4}.Debug|x64.Build.0 = Debug|x64
		{F33DD018-EEC0-43DA-BE1D-AEE1D55D9EF4}.Release|Win32.ActiveCfg = Release|Win32
		{F33DD018-EEC0-43DA-BE1D-AEE1D55D9EF4}.Release|Win32.Build.0 = Release|Win32
		{F33DD018-EEC0-43DA-BE1D-AEE1D55D9EF4}.Release|x64.ActiveCfg = Release|x64
		{F33DD018-EEC0-43DA-BE1D-AEE1D55D9EF4}.Release|x64.Build.0 = Release|x64
		{A35BC428-FA44-4AA8-87DF-B33B7296C0F8}.Debug|Win32.ActiveCfg = Debug|Win32
		{A35BC428-FA44-4AA8-87DF-B33B7296C0F8}.Debug|Win32.Build.0 = Debug|Win32
		{A35BC428-FA44-4AA8-87DF-B33B7296C0F8}.Debug|x64.ActiveCfg = Debug|x64
		{A35BC428-FA44-4AA8-87DF-B33B7296C0F8}.Debug|x64.Build.0 = Debug|x64
		{A35BC428-FA44-4AA8-87DF-B33B7296C0F8}.Release|Win32.ActiveCfg = Release|Win32
		{A35BC428-FA44-4AA8-87DF-B33B7296C0F8}.Release|Win32.Build.0 = Release|Win32
		{A35BC428-FA44-4AA8-87DF-B33B7296C0F8}.Release|x64.ActiveCfg = Release|x64
		{A35BC428-FA44-4AA8-87DF-B33B7296C0F8}.Release|x64.Build.0 = Release|x64
		{E5B0E053-4E3B-4342-8850-CEE9C34DA067}.Debug|Win32.ActiveCfg = Debug|Win32
		{E5B0E053-4E3B-4342-8850-CEE9C34DA067}.Debug|Win32.Build.0 = Debug|Win32
		{E5B0E053-4E3B-4342-8850-CEE9C34DA067}.Debug|x64.ActiveCfg = Debug|x64
		{E5B0E053-4E3B-4342-8850-CEE9C34DA067}.Debug|x64.Build.0 = Debug|x64
		{E5B0E053-4E3B-4342-8850-CEE9C34DA067}.Release|Win32.ActiveCfg = Release|Win32
		{E5B0E053-4E3B-4342-8850-CEE9C34DA067}.Release|Win32.Build.0 = Release|Win32
		{E5B0E053-4E3B-4342-8850-CEE9C34DA067}.Release|x64.ActiveCfg = Release|x64
		{E5B0E053-4E3B-4342-8850-CEE9C34DA067}.Release|x64.Build.0 = Release|x64
		{0F12D360-C3FF-47F8-B841-F5542AA9B766}.Debug|Win32.ActiveCfg = Debug|Win32
		{0F12D360-C3FF-47F8-B841-F5542AA9B766}.Debug|Win32.Build.0 = Debug|Win32
		{0F12D360-C3FF-47F8-B841-F5542AA9B766}.Debug|x64.ActiveCfg = Debug|x64
		{0F12D360-C3FF-47F8-B841-F5542AA9B766}.Debug|x64.Build.0 = Debug|x64
		{0F12D360-C3FF-47F8-B841-F5542AA9B766}.Release|Win32.ActiveCfg = Release|Win32
		{0F12D360-C3FF-47F8-B841-F5542AA9B766}.Release|Win32.Build.0 = Release|Win32
		{0F12D360-C3FF-47F8-B841-F5542AA9B766}.Release|x64.ActiveCfg = Release|x64
		{0F12D360-C3FF-47F8-B841-F5542AA9B766}.Release|x64.Build.0 = Release|x64
		{FDCF7A44-14FF-4C23-8071-908D980CD5D8}.Debug|Win32.ActiveCfg = Debug|Win32
		{FDCF7A44-14FF-4C23-8071-908D980CD5D8}.Debug|Win32.Build.0 = Debug|Win32
		{FDCF7A44-14FF-4C23-8071-908D980CD5D8}.Debug|x64.ActiveCfg = Debug|x64
		{FDCF7A44-14FF-4C23-8071-908D980CD5D8}.Debug|x64.Build.0 = Debug|x64
		{FDCF7A44-14FF-4C23-8071-908D980CD5D8}.Release|Win32.ActiveCfg = Release|Win32
		{FDCF7A44-14FF-4C23-8071-908D980CD5D8}.Release|Win32.Build.0 = Release|Win32
		{FDCF7A44-14FF-4C23-8071-908D980CD5D8}.Release|x64.ActiveCfg = Release|x64
		{FDCF7A44-14FF-4C23-8071-908D980CD5D8}.Release|x64.Build.0 = Release|x64
		{76619B6F-927C-406F-ACE3-A5088738394D}.Debug|Win32.ActiveCfg = Debug|Win32
		{76619B6F-927C-406F-ACE3-A5088738394D}.Debug|Win32.Build.0 = Debug|Win32
		{76619B6F-927C-406F-ACE3-A5088738394D}.Debug|x64.ActiveCfg = Debug|x64
		{76619B6F-927C-406F-ACE3-A5088738394D}.Debug|x64.Build.0 = Debug|x64
		{76619B6F-927C-406F-ACE3-A5088738394D}.Release|Win32.ActiveCfg = Release|Win32
		{76619B6F-927C-406F-ACE3-A5088738394D}.Release|Win32.Build.0 = Release|Win32
		{76619B6F-927C-406F-ACE3-A5088738394D}.Release|x64.ActiveCfg = Release|x64
		{76619B6F-927C-406F-ACE3-A5088738394D}.Release|x64.Build.0 = Release|x64
		{B8E03AA4-3E65-4D88-937E-7AAAE91AFDF1}.Debug|Win32.ActiveCfg = Debug|Win32
		{B8E03AA4-3E65-4D88-937E-7AAAE91AFDF1}.Debug|Win32.Build.0 = Debug|Win32
		{B8E03AA4-3E65-4D88-937E-7AAAE91AFDF1}.Debug|x64.ActiveCfg = Debug|x64
		{B8E03AA4-3E65-4D88-937E-7AAAE91AFDF1}.Debug|x64.Build.0 = Debug|x64
		{B8E03AA4-3E65-4D88-937E-7AAAE91AFDF1}.Release|Win32.ActiveCfg = Release|Win32
		{B8E03AA4-3E65-4D88-937E-7AAAE91AFDF1}.Release|Win32.Build.0 = Release|Win32
		{B8E03AA4-3E65-4D88-937E-7AAAE91AFDF1}.Release|x64.ActiveCfg = Release|x64
		{B8E03AA4-3E65-4D88-937E-7AAAE91AFDF1}.Release|x64.Build.0 = Release|x64
		{9AB5046C-AF35-43BD-A75D-51ED00C26206}.Debug|Win32.ActiveCfg = Debug|Win32
		{9AB5046C-AF35-43BD-A75D-51ED00C26206}.Debug|Win32.Build.0 = Debug|Win32
		{9AB5046C-AF35-43BD-A75D-51ED00C26206}.Debug|x64.ActiveCfg = Debug|x64
		{9AB5046C-AF35-43BD-A75D-51ED00C26206}.Debug|x64.Build.0 = Debug|x64
		{9AB5046C-AF35-43BD-A75D-51ED00C26206}.Release|Win32.ActiveCfg = Release|Win32
		{9AB5046C-AF35-43BD-A75D-51ED00C26206}.Release|Win32.Build.0 = Release|Win32
		{9AB5046C-AF35-43BD-A75D-51ED00C26206}.Release|x64.ActiveCfg = Release|x64
		{9AB5046C-AF35-43BD-A75D-51ED00C26206}.Release|x64.Build.0 = Release|x64
		{DC8D6B32-DAC8-41FE-8201-4433736F9181}.Debug|Win32.ActiveCfg = Debug|Win32
		{DC8D6B32-DAC8-41FE-8201-4433736F9181}.Debug|Win32.Build.0 = Debug|Win32
		{DC8D6B32-DAC8-41FE-8201-4433736F9181}.Debug|x64.ActiveCfg = Debug|x64
		{DC8D6B32-DAC8-41FE-8201-4433736F9181}.Debug|x64.Build.0 = Debug|x64
		{DC8D6B32-DAC8-41FE-8201-4433736F9181}.Release|Win32.ActiveCfg = Release|Win32
		{DC8D6B32-DAC8-41FE-8201-4433736F9181}.Release|Win32.Build.0 = Release|Win32
		{DC8D6B32-DAC8-41FE-8201-4433736F9181}.Release|x64.ActiveCfg = Release|x64
		{DC8D6B32-DAC8-41FE-8201-4433736F9181}.Release|x64.Build.0 = Release|x64
		{69225460-A0D0-4098-B5E6-70A221B11882}.Debug|Win32.ActiveCfg = Debug|Win32
		{69225460-A0D0-4098-B5E6-70A221B11882}.Debug|Win32.Build.0 = Debug|Win32
		{69225460-A0D0-4098-B5E6-70A221B11882}.Debug|x64.ActiveCfg = Debug|x64
		{69225460-A0D0-4098-B5E6-70A221B11882}.Debug|x64.Build.0 = Debug|x64
		{69225460-A0D0-4098-B5E6-70A221B11882}.Release|Win32.ActiveCfg = Release|Win32
		{69225460-A0D0-4098-B5E6-70A221B11882}.Release|Win32.Build.0 = Release|Win32
		{69225460-A0D0-4098-B5E6-70A221B11882}.Release|x64.ActiveCfg = Release|x64
		{69225460-A0D0-4098-B5E6-70A221B11882}.Release|x64.Build.0 = Release|x64
		{48EFA8E3-81FE-4F4E-A14F-0BE40C1F4284}.Debug|Win32.ActiveCfg = Debug|Win32
		{48EFA8E3-81FE-4F4E-A14F-0BE40C1F4284}.Debug|Win32.Build.0 = Debug|Win32
		{48EFA8E3-81FE-4F4E-A14F-0BE40C1F4284}.Debug|x64.ActiveCfg = Debug|x64
		{48EFA8E3-81FE-4F4E-A14F-0BE40C1F4284}.Debug|x64.Build.0 = Debug|x64
		{48EFA8E3-81FE-4F4E-A14F-0BE40C1F4284}.Release|Win32.ActiveCfg = Release|Win32
		{48EFA8E3-81FE-4F4E-A14F-0BE40C1F4284}.Release|Win32.Build.0 = Release|Win32
		{48EFA8E3-81FE-4F4E-A14F-0BE40C1F4284}.Release|x64.ActiveCfg = Release|x64
		{48EFA8E3-81FE-4F4E-A14F-0BE40C1F4284}.Release|x64.Build.0 = Release|x64
		{81AF6DB5-1DA2-46FD-BB91-B4EC6CF7A855}.Debug|Win32.ActiveCfg = Debug|Win32
		{81AF6DB5-1DA2-46FD-BB91-B4EC6CF7A855}.Debug|Win32.Build.0 = Debug|Win32
		{81AF6DB5-1DA2-46FD-BB91-B4EC6CF7A855}.Debug|x64.ActiveCfg = Debug|x64
		{81AF6DB5-1DA2-46FD-BB91-B4EC6CF7A855}.Debug|x64.Build.0 = Debug|x64
		{81AF6DB5-1DA2-46FD-BB91-B4EC6CF7A855}.Release|Win32.ActiveCfg = Release|Win32
		{81AF6DB5-1DA2-46FD-BB91-B4EC6CF7A855}.Release|Win32.Build.0 = Release|Win32
		{81AF6DB5-1DA2-46FD-BB91-B4EC6CF7A855}.Release|x64.ActiveCfg = Release|x64
		{81AF6DB5-1DA2-46FD-BB91-B4EC6CF7A855}.Release|x64.Build.0 = Release|x64
		{4FB760E5-96C5-4481-909F-7C8CB84D19C8}.Debug|Win32.ActiveCfg = Debug|Win32
		{4FB760E5-96C5-4481-909F-7C8CB84D19C8}.Debug|Win32.Build.0 = Debug|Win32
		{4FB760E5-96C5-4481-909F-7C8CB84D19C8}.Debug|x64.ActiveCfg = Debug|x64
		{4FB760E5-96C5-4481-909F-7C8CB84D19C8}.Debug|x64.Build.0 = Debug|x64
		{4FB760E5-96C5-4481-909F-7C8CB84D19C8}.Release|Win32.ActiveCfg = Release|Win32
		{4FB760E5-96C5-4481-909F-7C8CB84D19C8}.Release|Win32.Build.0 = Release|Win32
		{4FB760E5-96C5-4481-909F-7C8CB84D19C8}.Release|x64.ActiveCfg = Release|x64
		{4FB760E5-96C5-4481-909F-7C8CB84D19C8}.Release|x64.Build.0 = Release|x64
		{E97BF72B-915E-4EC2-A944-932A8D2FF61D}.Debug|Win32.ActiveCfg = Debug|Win32
		{E97BF72B-915E-4EC2-A944-932A8D2FF61D}.Debug|Win32.Build.0 = Debug|Win32
		{E97BF72B-915E-4EC2-A944-932A8D2FF61D}.Debug|x64.ActiveCfg = Debug|x64
		{E97BF72B-915E-4EC2-A944-932A8D2FF61D}.Debug|x64.Build.0 = Debug|x64
		{E97BF72B-915E-4EC2-A944-932A8D2FF61D}.Release|Win32.ActiveCfg = Release|Win32
		{E97BF72B-915E-4EC2-A944-932A8D2FF61D}.Release|Win32.Build.0 = Release|Win32
		{E97BF72B-915E-4EC2-A944-932A8D2FF61D}.Release|x64.ActiveCfg = Release|x64
		{E97BF72B-915E-4EC2-A944-932A8D2FF61D}.Release|x64.Build.0 = Release|x64
		{BACF1238-7651-43DA-B0D9-0145701CBB7B}.Debug|Win32.ActiveCfg = Debug|Win32
		{BACF1238-7651-43DA-B0D9-0145701CBB7B}.Debug|Win32.Build.0 = Debug|Win32
		{BACF1238-7651-43DA-B0D9-0145701CBB7B}.Debug|x64.ActiveCfg = Debug|x64
		{BACF1238-7651-43DA-B0D9-0145701CBB7B}.Debug|x64.Build.0 = Debug|x64
		{BACF1238-7651-43DA-B0D9-0145701CBB7B}.Release|Win32.ActiveCfg = Release|Win32
		{BACF1238-7651-43DA-B0D9-0145701CBB7B}.Release|Win32.Build.0 = Release|Win32
		{BACF1238-7651-43DA-B0D9-0145701CBB7B}.Release|x64.ActiveCfg = Release|x64
		{BACF1238-7651-43DA-B0D9-0145701CBB7B}.Release|x64.Build.0 = Release|x64
		{BB7DDD80-B732-4100-BAFB-CE71C6DD9432}.Debug|Win32.ActiveCfg = Debug|Win32
		{BB7DDD80-B732-4100-BAFB-CE71C6DD9432}.Debug|Win32.Build.0 = Debug|Win32
		{BB7DDD80-B732-4100-BAFB-CE71C6DD9432}.Debug|x64.ActiveCfg = Debug|x64
		{BB7DDD80-B732-4100-BAFB-CE71C6DD9432}.Debug|x64.Build.0 = Debug|x64
		{BB7DDD80-B732-4100-BAFB-CE71C6DD9432}.Release|Win32.ActiveCfg = Release|Win32
		{BB7DDD80-B732-4100-BAFB-CE71C6DD9432}.Release|Win32.Build.0 = Release|Win32
		{BB7DDD80-B732-4100-BAFB-CE71C6DD9432}.Release|x64.ActiveCfg = Release|x64
		{BB7DDD80-B732-4100-BAFB-CE71C6DD9432}.Release|x64.Build.0 = Release|x64
		{DC8AFAC1-E858-4541-AAAC-6CA6DD3FEC05}.Debug|Win32.ActiveCfg = Debug|Win32
		{DC8AFAC1-E858-4541-AAAC-6CA6DD3FEC05}.Debug|Win32.Build.0 = Debug|Win32
		{DC8AFAC1-E858-4541-AAAC-6CA6DD3FEC05}.Debug|x64.ActiveCfg = Debug|x64
		{DC8AFAC1-E858-4541-AAAC-6CA6DD3FEC05}.Debug|x64.Build.0 = Debug|x64
		{DC8AFAC1-E858-4541-AAAC-6CA6DD3FEC05}.Release|Win32.ActiveCfg = Release|Win32
		{DC8AFAC1-E858-4541-AAAC-6CA6DD3FEC05}.Release|Win32.Build.0 = Release|Win32
		{DC8AFAC1-E858-4541-AAAC-6CA6DD3FEC05}.Release|x64.ActiveCfg = Release|x64
		{DC8AFAC1-E858-4541-AAAC-6CA6DD3FEC05}.Release|x64.Build.0 = Release|x64
		{54F04C84-247D-4230-8905-07F1C5C9E122}.Debug|Win32.ActiveCfg = Debug|Win32
		{54F04C84-247D-4230-8905-07F1C5C9E122}.Debug|Win32.Build.0 = Debug|Win32
		{54F04C84-247D-4230-8905-07F1C5C9E122}.Debug|x64.ActiveCfg = Debug|x64
		{54F04C84-247D-4230-8905-07F1C5C9E122}.Debug|x64.Build.0 = Debug|x64
		{54F04C84-247D-4230-8905-07F1C5C9E122}.Release|Win32.ActiveCfg = Release|Win32
		{54F04C84-247D-4230-8905-07F1C5C9E122}.Release|Win32.Build.0 = Release|Win32
		{54F04C84-247D-4230-8905-07F1C5C9E122}.Release|x64.ActiveCfg = Release|x64
		{54F04C84-247D-4230-8905-07F1C5C9E122}.Release|x64.Build.0 = Release|x64
		{9DD220AB-1C62-437F-8825-50D7414F26AF}.Debug|Win32.ActiveCfg = Debug|Win32
		{9DD220AB-1C62-437F-8825-50D7414F26AF}.Debug|Win32.Build.0 = Debug|Win32
		{9DD220AB-1C62-437F-8825-50D7414F26AF}.Debug|x64.ActiveCfg = Debug|x64
		{9DD220AB-1C62-437F-8825-50D7414F26AF}.Debug|x64.Build.0 = Debug|x64
		{9DD220AB-1C62-437F-8825-50D7414F26AF}.Release|Win32.ActiveCfg = Release|Win32
		{9DD220AB-1C62-437F-8825-50D7414F26AF}.Release|Win32.Build.0 = Release|Win32
		{9DD220AB-1C62-437F-8825-50D7414F26AF}.Release|x64.ActiveCfg = Release|x64
		{9DD220AB-1C62-437F-8825-50D7414F26AF}.Release|x64.Build.0 = Release|x64
		{42803A5F-628A-446F-A712-51BDC499EF81}.Debug|Win32.ActiveCfg = Debug|Win32
		{42803A5F-628A-446F-A712-51BDC499EF81}.Debug|Win32.Build.0 = Debug|Win32
		{42803A5F-628A-446F-A712-51BDC499EF81}.Debug|x64.ActiveCfg = Debug|x64
		{42803A5F-628A-446F-A712-51BDC499EF81}.Debug|x64.Build.0 = Debug|x64
		{42803A5F-628A-446F-A712-51BDC499EF81}.Release|Win32.ActiveCfg = Release|Win32
		{42803A5F-628A-446F-A712-51BDC499EF81}.Release|Win32.Build.0 = Release|Win32
		{42803A5F-628A-446F-A712-51BDC499EF81}.Release|x64.ActiveCfg = Release|x64
		{42803A5F-628A-446F-A712-51BDC499EF81}.Release|x64.Build.0 = Release|x64
		{AB1DC0C6-2DC4-4EBF-A7F6-0B61BDD5529B}.Debug|Win32.ActiveCfg = Debug|Win32
		{AB1DC0C6-2DC4-4EBF-A7F6-0B61BDD5529B}.Debug|Win32.Build.0 = Debug|Win32
		{AB1DC0C6-2DC4-4EBF-A7F6-0B61BDD5529B}.Debug|x64.ActiveCfg = Debug|x64
		{AB1DC0C6-2DC4-4EBF-A7F6-0B61BDD5529B}.Debug|x64.Build.0 = Debug|x64
		{AB1DC0C6-2DC4-4EBF-A7F6-0B61BDD5529B}.Release|Win32.ActiveCfg = Release|Win32
		{AB1DC0C6-2DC4-4EBF-A7F6-0B61BDD5529B}.Release|Win32.Build.0 = Release|Win32
		{AB1DC0C6-2DC4-4EBF-A7F6-0B61BDD5529B}.Release|x64.ActiveCfg = Release|x64
		{AB1DC0C6-2DC4-4EBF-A7F6-0B61BDD5529B}.Release|x64.Build.0 = Release|x64
		{E4E525D1-92F5-49B4-8E94-DB5ED0A38B53}.Debug|Win32.ActiveCfg = Debug|Win32
		{E4E525D1-92F5-49B4-8E94-DB5ED0A38B53}.Debug|Win32.Build.0 = Debug|Win32
		{E4E525D1-92F5-49B4-8E94-DB5ED0A38B53}.Debug|x64.ActiveCfg = Debug|x64
		{E4E525D1-92F5-49B4-8E94-DB5ED0A38B53}.Debug|x64.Build.0 = Debug|x64
		{E4E525D1-92F5-49B4-8E94-DB5ED0A38B53}.Release|Win32.ActiveCfg = Release|Win32
		{E4E525D1-92F5-49B4-8E94-DB5ED0A38B53}.Release|Win32.Build.0 = Release|Win32
		{E4E525D1-92F5-49B4-8E94-DB5ED0A38B53}.Release|x64.ActiveCfg = Release|x64
		{E4E525D1-92F5-49B4-8E94-DB5ED0A38B53}.Release|x64.Build.0 = Release|x64
		{E2D804F4-5599-44A2-B9F5-D4DF314586D5}.Debug|Win32.ActiveCfg = Debug|Win32
		{E2D804F4-5599-44A2-B9F5-D4DF314586D5}.Debug|Win32.Build.0 = Debug|Win32
		{E2D804F4-5599-44A2-B9F5-D4DF314586D5}.Debug|x64.ActiveCfg = Debug|x64
		{E2D804F4-5599-44A2-B9F5-D4DF314586D5}.Debug|x64.Build.0 = Debug|x64
		{E2D804F4-5599-44A2-B9F5-D4DF314586D5}.Release|Win32.ActiveCfg = Release|Win32
		{E2D804F4-5599-44A2-B9F5-D4DF314586D5}.Release|Win32.Build.0 = Release|Win32
		{E2D804F4-5599-44A2-B9F5-D4DF314586D5}.Release|x64.ActiveCfg = Release|x64
		{E2D804F4-5599-44A2-B9F5-D4DF314586D5}.Release|x64.Build.0 = Release|x64
		{D0E8697A-C92C-452E-8DBF-E8F212C6F9A8}.Debug|Win32.ActiveCfg = Debug|Win32
		{D0E8697A-C92C-452E-8DBF-E8F212C6F9A8}.Debug|Win32.Build.0 = Debug|Win32
		{D0E8697A-C92C-452E-8DBF-E8F212C6F9A8}.Debug|x64.ActiveCfg = Debug|x64
		{D0E8697A-C92C-452E-8DBF-E8F212C6F9A8}.Debug|x64.Build.0 = Debug|x64
		{D0E8697A-C92C-452E-8DBF-E8F212C6F9A8}.Release|Win32.ActiveCfg = Release|Win32
		{D0E8697A-C92C-452E-8DBF-E8F212C6F9A8}.Release|Win32.Build.0 = Release|Win32
		{D0E8697A-C92C-452E-8DBF-E8F212C6F9A8}.Release|x64.ActiveCfg = Release|x64
		{D0E8697A-C92C-452E-8DBF-E8F212C6F9A8}.Release|x64.Build.0 = Release|x64
		{A20DC5AA-F276-4E9E-B997-00D60FBF29EB}.Debug|Win32.ActiveCfg = Debug|Win32
		{A20DC5AA-F276-4E9E-B997-00D60FBF29EB}.Debug|Win32.Build.0 = Debug|Win32
		{A20DC5AA-F276-4E9E-B997-00D60FBF29EB}.Debug|x64.ActiveCfg = Debug|x64
		{A20DC5AA-F276-4E9E-B997-00D60FBF29EB}.Debug|x64.Build.0 = Debug|x64
		{A20DC5AA-F276-4E9E-B997-00D60FBF29EB}.Release|Win32.ActiveCfg = Release|Win32
		{A20DC5AA-F276-4E9E-B997-00D60FBF29EB}.Release|Win32.Build.0 = Release|Win32
		{A20DC5AA-F276-4E9E-B997-00D60FBF29EB}.Release|x64.ActiveCfg = Release|x64
		{A20DC5AA-F276-4E9E-B997-00D60FBF29EB}.Release|x64.Build.0 = Release|x64
		{16D7314A-B0DC-4BFC-B6FC-98B25B0596A6}.Debug|Win32.ActiveCfg = Debug|Win32
		{16D7314A-B0DC-4BFC-B6FC-98B25B0596A6}.Debug|Win32.Build.0 = Debug|Win32
		{16D7314A-B0DC-4BFC-B6FC-98B25B0596A6}.Debug|x64.ActiveCfg = Debug|x64
		{16D7314A-B0DC-4BFC-B6FC-98B25B0596A6}.Debug|x64.Build.0 = Debug|x64
		{16D7314A-B0DC-4BFC-B6FC-98B25B0596A6}.Release|Win32.ActiveCfg = Release|Win32
		{16D7314A-B0DC-4BFC-B6FC-98B25B0596A6}.Release|Win32.Build.0 = Release|Win32
		{16D7314A-B0DC-4BFC-B6FC-98B25B0596A6}.Release|x64.ActiveCfg = Release|x64
		{16D7314A-B0DC-4BFC-B6FC-98B25B0596A6}.Release|x64.Build.0 = Release|x64
		{4CD63F9B-B81E-4541-9016-A479F8746F04}.Debug|Win32.ActiveCfg = Debug|Win32
		{4CD63F9B-B81E-4541-9016-A479F8746F04}.Debug|Win32.Build.0 = Debug|Win32
		{4CD63F9B-B81E-4541-9016-A479F8746F04}.Debug|x64.ActiveCfg = Debug|x64
		{4CD63F9B-B81E-4541-9016-A479F8746F04}.Debug|x64.Build.0 = Debug|x64
		{4CD63F9B-B81E-4541-9016-A479F8746F04}.Release|Win32.ActiveCfg = Release|Win32
		{4CD63F9B-B81E-4541-9016-A479F8746F04}.Release|Win32.Build.0 = Release|Win32
		{4CD63F9B-B81E-4541-9016-A479F8746F04}.Release|x64.ActiveCfg = Release|x64
		{4CD63F9B-B81E-4541-9016-A479F8746F04}.Release|x64.Build.0 = Release|x64
		{C5253970-8728-4A6F-8BF2-E1D9CF0F3861}.Debug|Win32.ActiveCfg = Debug|Win32
		{C5253970-8728-4A6F-8BF2-E1D9CF0F3861}.Debug|Win32.Build.0 = Debug|Win32
		{C5253970-8728-4A6F-8BF2-E1D9CF0F3861}.Debug|x64.ActiveCfg = Debug|x64
		{C5253970-8728-4A6F-8BF2-E1D9CF0F3861}.Debug|x64.Build.0 = Debug|x64
		{C5253970-8728-4A6F-8BF2-E1D9CF0F3861}.Release|Win32.ActiveCfg = Release|Win32
		{C5253970-8728-4A6F-8BF2-E1D9CF0F3861}.Release|Win32.Build.0 = Release|Win32
		{C5253970-8728-4A6F-8BF2-E1D9CF0F3861}.Release|x64.ActiveCfg = Release|x64
		{C5253970-8728-4A6F-8BF2-E1D9CF0F3861}.Release|x64.Build.0 = Release|x64
		{9D284C6B-BE12-4549-87E5-2337D64F31BE}.Debug|Win32.ActiveCfg = Debug|Win32
		{9D284C6B-BE12-4549-87E5-2337D64F31BE}.Debug|Win32.Build.0 = Debug|Win32
		{9D284C6B-BE12-4549-87E5-2337D64F31BE}.Debug|x64.ActiveCfg = Debug|x64
		{9D284C6B-BE12-4549-87E5-2337D64F31BE}.Debug|x64.Build.0 = Debug|x64
		{9D284C6B-BE12-4549-87E5-2337D64F31BE}.Release|Win32.ActiveCfg = Release|Win32
		{9D284C6B-BE12-4549-87E5-2337D64F31BE}.Release|Win32.Build.0 = Release|Win32
		{9D284C6B-BE12-4549-87E5-2337D64F31BE}.Release|x64.ActiveCfg = Release|x64
		{9D284C6B-BE12-4549-87E5-2337D64F31BE}.Release|x64.Build.0 = Release|x64
		{4AF7ADB2-DAF8-4F04-9793-F92010001470}.Debug|Win32.ActiveCfg = Debug|Win32
		{4AF7ADB2-DAF8-4F04-9793-F92010001470}.Debug|Win32.Build.0 = Debug|Win32
		{4AF7ADB2-DAF8-4F04-9793-F92010001470}.Debug|x64.ActiveCfg = Debug|x64
		{4AF7ADB2-DAF8-4F04-9793-F92010001470}.Debug|x64.Build.0 = Debug|x64
		{4AF7ADB2-DAF8-4F04-9793-F92010001470}.Release|Win32.ActiveCfg = Release|Win32
		{4AF7ADB2-DAF8-4F04-9793-F92010001470}.Release|Win32.Build.0 = Release|Win32
		{4AF7ADB2-DAF8-4F04-9793-F92010001470}.Release|x64.ActiveCfg = Release|x64
		{4AF7ADB2-DAF8-4F04-9793-F92010001470}.Release|x64.Build.0 = Release|x64
		{89064E9B-14E9-4FB2-8536-A9151DF55C68}.Debug|Win32.ActiveCfg = Debug|Win32
		{89064E9B-14E9-4FB2-8536-A9151DF55C68}.Debug|Win32.Build.0 = Debug|Win32
		{89064E9B-14E9-4FB2-8536-A9151DF55C68}.Debug|x64.ActiveCfg = Debug|x64
		{89064E9B-14E9-4FB2-8536-A9151DF55C68}.Debug|x64.Build.0 = Debug|x64
		{89064E9B-14E9-4FB2-8536-A9151DF55C68}.Release|Win32.ActiveCfg = Release|Win32
		{89064E9B-14E9-4FB2-8536-A9151DF55C68}.Release|Win32.Build.0 = Release|Win32
		{89064E9B-14E9-4FB2-8536-A9151DF55C68}.Release|x64.ActiveCfg = Release|x64
		{89064E9B-14E9-4FB2-8536-A9151DF55C68}.Release|x64.Build.0 = Release|x64
		{1D9576F6-3321-4036-8C86-B5361CCCD4FB}.Debug|Win32.ActiveCfg = Debug|Win32
		{1D9576F6-3321-4036-8C86-B5361CCCD4FB}.Debug|Win32.Build.0 = Debug|Win32
		{1D9576F6-3321-4036-8C86-B5361CCCD4FB}.Debug|x64.ActiveCfg = Debug|x64
		{1D9576F6-3321-4036-8C86-B5361CCCD4FB}.Debug|x64.Build.0 = Debug|x64
		{1D9576F6-3321-4036-8C86-B5361CCCD4FB}.Release|Win32.ActiveCfg = Release|Win32
		{1D9576F6-3321-4036-8C86-B5361CCCD4FB}.Release|Win32.Build.0 = Release|Win32
		{1D9576F6-3321-4036-8C86-B5361CCCD4FB}.Release|x64.ActiveCfg = Release|x64
		{1D9576F6-3321-4036-8C86-B5361CCCD4FB}.Release|x64.Build.0 = Release|x64
		{440CA8F1-7AEB-43CC-9B6F-CA06C61B666E}.Debug|Win32.ActiveCfg = Debug|Win32
		{440CA8F1-7AEB-43CC-9B6F-CA06C61B666E}.Debug|Win32.Build.0 = Debug|Win32
		{440CA8F1-7AEB-43CC-9B6F-CA06C61B666E}.Debug|x64.ActiveCfg = Debug|x64
		{440CA8F1-7AEB-43CC-9B6F-CA06C61B666E}.Debug|x64.Build.0 = Debug|x64
		{440CA8F1-7AEB-43CC-9B6F-CA06C61B666E}.Release|Win32.ActiveCfg = Release|Win32
		{440CA8F1-7AEB-43CC-9B6F-CA06C61B666E}.Release|Win32.Build.0 = Release|Win32
		{440CA8F1-7AEB-43CC-9B6F-CA06C61B666E}.Release|x64.ActiveCfg = Release|x64
		{440CA8F1-7AEB-43CC-9B6F-CA06C61B666E}.Release|x64.Build.0 = Release|x64
		{A4011DDE-81C8-409B-B0A8-3B5D326EE5AE}.Debug|Win32.ActiveCfg = Debug|Win32
		{A4011DDE-81C8-409B-B0A8-3B5D326EE5AE}.Debug|Win32.Build.0 = Debug|Win32
		{A4011DDE-81C8-409B-B0A8-3B5D326EE5AE}.Debug|x64.ActiveCfg = Debug|x64
		{A4011DDE-81C8-409B-B0A8-3B5D326EE5AE}.Debug|x64.Build.0 = Debug|x64
		{A4011DDE-81C8-409B-B0A8-3B5D326EE5AE}.Release|Win32.ActiveCfg = Release|Win32
		{A4011DDE-81C8-409B-B0A8-3B5D326EE5AE}.Release|Win32.Build.0 = Release|Win32
		{A4011DDE-81C8-409B-B0A8-3B5D326EE5AE}.Release|x64.ActiveCfg = Release|x64
		{A4011DDE-81C8-409B-B0A8-3B5D326EE5AE}.Release|x64.Build.0 = Release|x64
		{660A2B6A-34C9-484F-B58D-25B3634A772A}.Debug|Win32.ActiveCfg = Debug|Win32
		{660A2B6A-34C9-484F-B58D-25B3634A772A}.Debug|Win32.Build.0 = Debug|Win32
		{660A2B6A-34C9-484F-B58D-25B3634A772A}.Debug|x64.ActiveCfg = Debug|x64
		{660A2B6A-34C9-484F-B58D-25B3634A772A}.Debug|x64.Build.0 = Debug|x64
		{660A2B6A-34C9-484F-B58D-25B3634A772A}.Release|Win32.ActiveCfg = Release|Win32
		{660A2B6A-34C9-484F-B58D-25B3634A772A}.Release|Win32.Build.0 = Release|Win32
		{660A2B6A-34C9-484F-B58D-25B3634A772A}.Release|x64.ActiveCfg = Release|x64
		{660A2B6A-34C9-484F-B58D-25B3634A772A}.Release|x64.Build.0 = Release|x64
		{892082D2-831D-41EE-BA7D-3E2A435E483D}.Debug|Win32.ActiveCfg = Debug|Win32
		{892082D2-831D-41EE-BA7D-3E2A435E483D}.Debug|Win32.Build.0 = Debug|Win32
		{892082D2-831D-41EE-BA7D-3E2A435E483D}.Debug|x64.ActiveCfg = Debug|x64
		{892082D2-831D-41EE-BA7D-3E2A435E483D}.Debug|x64.Build.0 = Debug|x64
		{892082D2-831D-41EE-BA7D-3E2A435E483D}.Release|Win32.ActiveCfg = Release|Win32
		{892082D2-831D-41EE-BA7D-3E2A435E483D}.Release|Win32.Build.0 = Release|Win32
		{892082D2-831D-41EE-BA7D-3E2A435E483D}.Release|x64.ActiveCfg = Release|x64
		{892082D2-831D-41EE-BA7D-3E2A435E483D}.Release|x64.Build.0 = Release|x64
		{A423210E-FD46-4142-AE4F-B7CA2D828331}.Debug|Win32.ActiveCfg = Debug|Win32
		{A423210E-FD46-4142-AE4F-B7CA2D828331}.Debug|Win32.Build.0 = Debug|Win32
		{A423210E-FD46-4142-AE4F-B7CA2D828331}.Debug|x64.ActiveCfg = Debug|x64
		{A423210E-FD46-4142-AE4F-B7CA2D828331}.Debug|x64.Build.0 = Debug|x64
		{A423210E-FD46-4142-AE4F-B7CA2D828331}.Release|Win32.ActiveCfg = Release|Win32
		{A423210E-FD46-4142-AE4F-B7CA2D828331}.Release|Win32.Build.0 = Release|Win32
		{A423210E-FD46-4142-AE4F-B7CA2D828331}.Release|x64.ActiveCfg = Release|x64
		{A423210E-FD46-4142-AE4F-B7CA2D828331}.Release|x64.Build.0 = Release|x64
		{CE8EEC8B-B587-4CDE-8615-F2BD07BFA790}.Debug|Win32.ActiveCfg = Debug|Win32
		{CE8EEC8B-B587-4CDE-8615-F2BD07BFA790}.Debug|Win32.Build.0 = Debug|Win32
		{CE8EEC8B-B587-4CDE-8615-F2BD07BFA790}.Debug|x64.ActiveCfg = Debug|x64
		{CE8EEC8B-B587-4CDE-8615-F2BD07BFA790}.Debug|x64.Build.0 = Debug|x64
		{CE8EEC8B-B587-4CDE-8615-F2BD07BFA790}.Release|Win32.ActiveCfg = Release|Win32
		{CE8EEC8B-B587-4CDE-8615-F2BD07BFA790}.Release|Win32.Build.0 = Release|Win32
		{CE8EEC8B-B587-4CDE-8615-F2BD07BFA790}.Release|x64.ActiveCfg = Release|x64
		{CE8EEC8B-B587-4CDE-8615-F2BD07BFA790}.Release|x64.Build.0 = Release|x64
		{9B7496B5-9ECF-42F1-B4AC-52456632E364}.Debug|Win32.ActiveCfg = Debug|Win32
		{9B7496B5-9ECF-42F1-B4AC-52456632E364}.Debug|Win32.Build.0 = Debug|Win32
		{9B7496B5-9ECF-42F1-B4AC-52456632E364}.Debug|x64.ActiveCfg = Debug|x64
		{9B7496B5-9ECF-42F1-B4AC-52456632E364}.Debug|x64.Build.0 = Debug|x64
		{9B7496B5-9ECF-42F1-B4AC-52456632E364}.Release|Win32.ActiveCfg = Release|Win32
		{9B7496B5-9ECF-42F1-B4AC-52456632E364}.Release|Win32.Build.0 = Release|Win32
		{9B7496B5-9ECF-42F1-B4AC-52456632E364}.Release|x64.ActiveCfg = Release|x64
		{9B7496B5-9ECF-42F1-B4AC-52456632E364}.Release|x64.Build.0 = Release|x64
		{525A857C-AEDD-498F-8475-AA4B1352A627}.Debug|Win32.ActiveCfg = Debug|Win32
		{525A857C-AEDD-498F-8475-AA4B1352A627}.Debug|Win32.Build.0 = Debug|Win32
		{525A857C-AEDD-498F-8475-AA4B1352A627}.Debug|x64.ActiveCfg = Debug|x64
		{525A857C-AEDD-498F-8475-AA4B1352A627}.Debug|x64.Build.0 = Debug|x64
		{525A857C-AEDD-498F-8475-AA4B1352A627}.Release|Win32.ActiveCfg = Release|Win32
		{525A857C-AEDD-498F-8475-AA4B1352A627}.Release|Win32.Build.0 = Release|Win32
		{525A857C-AEDD-498F-8475-AA4B1352A627}.Release|x64.ActiveCfg = Release|x64
		{525A857C-AEDD-498F-8475-AA4B1352A627}.Release|x64.Build.0 = Release|x64
		{531E4118-9D43-4A2F-8CE7-9E071F056FD2}.Debug|Win32.ActiveCfg = Debug|Win32
		{531E4118-9D43-4A2F-8CE7-9E071F056FD2}.Debug|Win32.Build.0 = Debug|Win32
		{531E4118-9D43-4A2F-8CE7-9E071F056FD2}.Debug|x64.ActiveCfg = Debug|x64
		{531E4118-9D43-4A2F-8CE7-9E071F056FD2}.Debug|x64.Build.0 = Debug|x64
		{531E4118-9D43-4A2F-8CE7-9E071F056FD2}.Release|Win32.ActiveCfg = Release|Win32
		{531E4118-9D43-4A2F-8CE7-9E071F056FD2}.Release|Win32.Build.0 = Release|Win32
		{531E4118-9D43-4A2F-8CE7-9E071F056FD2}.Release|x64.ActiveCfg = Release|x64
		{531E4118-9D43-4A2F-8CE7-9E071F056FD2}.Release|x64.Build.0 = Release|x64
		{0352E4FD-CE65-4271-9D8B-27756BCEFB27}.Debug|Win32.ActiveCfg = Debug|Win32
		{0352E4FD-CE65-4271-9D8B-27756BCEFB27}.Debug|Win32.Build.0 = Debug|Win32
		{0352E4FD-CE65-4271-9D8B-27756BCEFB27}.Debug|x64.ActiveCfg = Debug|x64
		{0352E4FD-CE65-4271-9D8B-27756BCEFB27}.Debug|x64.Build.0 = Debug|x64
		{0352E4FD-CE65-4271-9D8B-27756BCEFB27}.Release|Win32.ActiveCfg = Release|Win32
		{0352E4FD-CE65-4271-9D8B-27756BCEFB27}.Release|Win32.Build.0 = Release|Win32
		{0352E4FD-CE65-4271-9D8B-27756BCEFB27}.Release|x64.ActiveCfg = Release|x64
		{0352E4FD-CE65-4271-9D8B-27756BCEFB27}.Release|x64.Build.0 = Release|x64
		{90D855F1-FBE9-43D9-BF09-09D5674BC9AF}.Debug|Win32.ActiveCfg = Debug|Win32
		{90D855F1-FBE9-43D9-BF09-09D5674BC9AF}.Debug|Win32.Build.0 = Debug|Win32
		{90D855F1-FBE9-43D9-BF09-09D5674BC9AF}.Debug|x64.ActiveCfg = Debug|x64
		{90D855F1-FBE9-43D9-BF09-09D5674BC9AF}.Debug|x64.Build.0 = Debug|x64
		{90D855F1-FBE9-43D9-BF09-09D5674BC9AF}.Release|Win32.ActiveCfg = Release|Win32
		{90D855F1-FBE9-43D9-BF09-09D5674BC9AF}.Release|Win32.Build.0 = Release|Win32
		{90D855F1-FBE9-43D9-BF09-09D5674BC9AF}.Release|x64.ActiveCfg = Release|x64
		{90D855F1-FBE9-43D9-BF09-09D5674BC9AF}.Release|x64.Build.0 = Release|x64
		{3B11FF5A-635A-4EA7-A60D-9D997624AF2C}.Debug|Win32.ActiveCfg = Debug|Win32
		{3B11FF5A-635A-4EA7-A60D-9D997624AF2C}.Debug|Win32.Build.0 = Debug|Win32
		{3B11FF5A-635A-4EA7-A60D-9D997624AF2C}.Debug|x64.ActiveCfg = Debug|x64
		{3B11FF5A-635A-4EA7-A60D-9D997624AF2C}.Debug|x64.Build.0 = Debug|x64
		{3B11FF5A-635A-4EA7-A60D-9D997624AF2C}.Release|Win32.ActiveCfg = Release|Win32
		{3B11FF5A-635A-4EA7-A60D-9D997624AF2C}.Release|Win32.Build.0 = Release|Win32
		{3B11FF5A-635A-4EA7-A60D-9D997624AF2C}.Release|x64.ActiveCfg = Release|x64
		{3B11FF5A-635A-4EA7-A60D-9D997624AF2C}.Release|x64.Build.0 = Release|x64
		{E888D974-51F4-4AF9-B11C-B684C359B7D9}.Debug|Win32.ActiveCfg = Debug|Win32
		{E888D974-51F4-4AF9-B11C-B684C359B7D9}.Debug|Win32.Build.0 = Debug|Win32
		{E888D974-51F4-4AF9-B11C-B684C359B7D9}.Debug|x64.ActiveCfg = Debug|x64
		{E888D974-51F4-4AF9-B11C-B684C359B7D9}.Debug|x64.Build.0 = Debug|x64
		{E888D974-51F4-4AF9-B11C-B684C359B7D9}.Release|Win32.ActiveCfg = Release|Win32
		{E888D974-51F4-4AF9-B11C-B684C359B7D9}.Release|Win32.Build.0 = Release|Win32
		{E888D974-51F4-4AF9-B11C-B684C359B7D9}.Release|x64.ActiveCfg = Release|x64
		{E888D974-51F4-4AF9-B11C-B684C359B7D9}.Release|x64.Build.0 = Release|x64
		{67AF56A4-A228-4BFB-BDA8-026CBEDE8BF9}.Debug|Win32.ActiveCfg = Debug|Win32
		{67AF56A4-A228-4BFB-BDA8-026CBEDE8BF9}.Debug|Win32.Build.0 = Debug|Win32
		{67AF56A4-A228-4BFB-BDA8-026CBEDE8BF9}.Debug|x64.ActiveCfg = Debug|x64
		{67AF56A4-A228-4BFB-BDA8-026CBEDE8BF9}.Debug|x64.Build.0 = Debug|x64
		{67AF56A4-A228-4BFB-BDA8-026CBEDE8BF9}.Release|Win32.ActiveCfg = Release|Win32
		{67AF56A4-A228-4BFB-BDA8-026CBEDE8BF9}.Release|Win32.Build.0 = Release|Win32
		{67AF56A4-A228-4BFB-BDA8-026CBEDE8BF9}.Release|x64.ActiveCfg = Release|x64
		{67AF56A4-A228-4BFB-BDA8-026CBEDE8BF9}.Release|x64.Build.0 = Release|x64
		{A10DFC7C-B9E1-47D3-B3D8-3EE15AEBDAEC}.Debug|Win32.ActiveCfg = Debug|Win32
		{A10DFC7C-B9E1-47D3-B3D8-3EE15AEBDAEC}.Debug|Win32.Build.0 = Debug|Win32
		{A10DFC7C-B9E1-47D3-B3D8-3EE15AEBDAEC}.Debug|x64.ActiveCfg = Debug|x64
		{A10DFC7C-B9E1-47D3-B3D8-3EE15AEBDAEC}.Debug|x64.Build.0 = Debug|x64
		{A10DFC7C-B9E1-47D3-B3D8-3EE15AEBDAEC}.Release|Win32.ActiveCfg = Release|Win32
		{A10DFC7C-B9E1-47D3-B3D8-3EE15AEBDAEC}.Release|Win32.Build.0 = Release|Win32
		{A10DFC7C-B9E1-47D3-B3D8-3EE15AEBDAEC}.Release|x64.ActiveCfg = Release|x64
		{A10DFC7C-B9E1-47D3-B3D8-3EE15AEBDAEC}.Release|x64.Build.0 = Release|x64
		{C18D947F-1EB1-4B0E-A768-8F6CF6A6ACC3}.Debug|Win32.ActiveCfg = Debug|Win32
		{C18D947F-1EB1-4B0E-A768-8F6CF6A6ACC3}.Debug|Win32.Build.0 = Debug|Win32
		{C18D947F-1EB1-4B0E-A768-8F6CF6A6ACC3}.Debug|x64.ActiveCfg = Debug|x64
		{C18D947F-1EB1-4B0E-A768-8F6CF6A6ACC3}.Debug|x64.Build.0 = Debug|x64
		{C18D947F-1EB1-4B0E-A768-8F6CF6A6ACC3}.Release|Win32.ActiveCfg = Release|Win32
		{C18D947F-1EB1-4B0E-A768-8F6CF6A6ACC3}.Release|Win32.Build.0 = Release|Win32
		{C18D947F-1EB1-4B0E-A768-8F6CF6A6ACC3}.Release|x64.ActiveCfg = Release|x64
		{C18D947F-1EB1-4B0E-A768-8F6CF6A6ACC3}.Release|x64.Build.0 = Release|x64
		{46CD3ED8-A9E1-49ED-BA1B-586CF147143A}.Debug|Win32.ActiveCfg = Debug|Win32
		{46CD3ED8-A9E1-49ED-BA1B-586CF147143A}.Debug|Win32.Build.0 = Debug|Win32
		{46CD3ED8-A9E1-49ED-BA1B-586CF147143A}.Debug|x64.ActiveCfg = Debug|x64
		{46CD3ED8-A9E1-49ED-BA1B-586CF147143A}.Debug|x64.Build.0 = Debug|x64
		{46CD3ED8-A9E1-49ED-BA1B-586CF147143A}.Release|Win32.ActiveCfg = Release|Win32
		{46CD3ED8-A9E1-49ED-BA1B-586CF147143A}.Release|Win32.Build.0 = Release|Win32
		{46CD3ED8-A9E1-49ED-BA1B-586CF147143A}.Release|x64.ActiveCfg = Release|x64
		{46CD3ED8-A9E1-49ED-BA1B-586CF147143A}.Release|x64.Build.0 = Release|x64
		{A4E8FA06-179B-463D-AF39-87D144E9C9EA}.Debug|Win32.ActiveCfg = Debug|Win32
		{A4E8FA06-179B-463D-AF39-87D144E9C9EA}.Debug|Win32.Build.0 = Debug|Win32
		{A4E8FA06-179B-463D-AF39-87D144E9C9EA}.Debug|x64.ActiveCfg = Debug|x64
		{A4E8FA06-179B-463D-AF39-87D144E9C9EA}.Debug|x64.Build.0 = Debug|x64
		{A4E8FA06-179B-463D-AF39-87D144E9C9EA}.Release|Win32.ActiveCfg = Release|Win32
		{A4E8FA06-179B-463D-AF39-87D144E9C9EA}.Release|Win32.Build.0 = Release|Win32
		{A4E8FA06-179B-463D-AF39-87D144E9C9EA}.Release|x64.ActiveCfg = Release|x64
		{A4E8FA06-179B-463D-AF39-87D144E9C9EA}.Release|x64.Build.0 = Release|x64
		{AFE4141C-9AC8-4AF4-B892-D65A86615355}.Debug|Win32.ActiveCfg = Debug|Win32
		{AFE4141C-9AC8-4AF4-B892-D65A86615355}.Debug|Win32.Build.0 = Debug|Win32
		{AFE4141C-9AC8-4AF4-B892-D65A86615355}.Debug|x64.ActiveCfg = Debug|x64
		{AFE4141C-9AC8-4AF4-B892-D65A86615355}.Debug|x64.Build.0 = Debug|x64
		{AFE4141C-9AC8-4AF4-B892-D65A86615355}.Release|Win32.ActiveCfg = Release|Win32
		{AFE4141C-9AC8-4AF4-B892-D65A86615355}.Release|Win32.Build.0 = Release|Win32
		{AFE4141C-9AC8-4AF4-B892-D65A86615355}.Release|x64.ActiveCfg = Release|x64
		{AFE4141C-9AC8-4AF4-B892-D65A86615355}.Release|x64.Build.0 = Release|x64
		{263C0F2E-112D-437F-A6AB-DEA151A7A1F0}.Debug|Win32.ActiveCfg = Debug|Win32
		{263C0F2E-112D-437F-A6AB-DEA151A7A1F0}.Debug|Win32.Build.0 = Debug|Win32
		{263C0F2E-112D-437F-A6AB-DEA151A7A1F0}.Debug|x64.ActiveCfg = Debug|x64
		{263C0F2E-112D-437F-A6AB-DEA151A7A1F0}.Debug|x64.Build.0 = Debug|x64
		{263C0F2E-112D-437F-A6AB-DEA151A7A1F0}.Release|Win32.ActiveCfg = Release|Win32
		{263C0F2E-112D-437F-A6AB-DEA151A7A1F0}.Release|Win32.Build.0 = Release|Win32
		{263C0F2E-112D-437F-A6AB-DEA151A7A1F0}.Release|x64.ActiveCfg = Release|x64
		{263C0F2E-112D-437F-A6AB-DEA151A7A1F0}.Release|x64.Build.0 = Release|x64
		{9440443B-97BA-43C2-A762-31EEC8958BEE}.Debug|Win32.ActiveCfg = Debug|Win32
		{9440443B-97BA-43C2-A762-31EEC8958BEE}.Debug|Win32.Build.0 = Debug|Win32
		{9440443B-97BA-43C2-A762-31EEC8958BEE}.Debug|x64.ActiveCfg = Debug|x64
		{9440443B-97BA-43C2-A762-31EEC8958BEE}.Debug|x64.Build.0 = Debug|x64
		{9440443B-97BA-43C2-A762-31EEC8958BEE}.Release|Win32.ActiveCfg = Release|Win32
		{9440443B-97BA-43C2-A762-31EEC8958BEE}.Release|Win32.Build.0 = Release|Win32
		{9440443B-97BA-43C2-A762-31EEC8958BEE}.Release|x64.ActiveCfg = Release|x64
		{9440443B-97BA-43C2-A762-31EEC8958BEE}.Release|x64.Build.0 = Release|x64
		{1D041D6A-ED55-4C34-B3F6-BE1C3E64BA56}.Debug|Win32.ActiveCfg = Debug|Win32
		{1D041D6A-ED55-4C34-B3F6-BE1C3E64BA56}.Debug|Win32.Build.0 = Debug|Win32
		{1D041D6A-ED55-4C34-B3F6-BE1C3E64BA56}.Debug|x64.ActiveCfg = Debug|x64
		{1D041D6A-ED55-4C34-B3F6-BE1C3E64BA56}.Debug|x64.Build.0 = Debug|x64
		{1D041D6A-ED55-4C34-B3F6-BE1C3E64BA56}.Release|Win32.ActiveCfg = Release|Win32
		{1D041D6A-ED55-4C34-B3F6-BE1C3E64BA56}.Release|Win32.Build.0 = Release|Win32
		{1D041D6A-ED55-4C34-B3F6-BE1C3E64BA56}.Release|x64.ActiveCfg = Release|x64
		{1D041D6A-ED55-4C34-B3F6-BE1C3E64BA56}.Release|x64.Build.0 = Release|x64
		{F4E30D31-4D86-458B-8C41-713207390621}.Debug|Win32.ActiveCfg = Debug|Win32
		{F4E30D31-4D86-458B-8C41-713207390621}.Debug|Win32.Build.0 = Debug|Win32
		{F4E30D31-4D86-458B-8C41-713207390621}.Debug|x64.ActiveCfg = Debug|x64
		{F4E30D31-4D86-458B-8C41-713207390621}.Debug|x64.Build.0 = Debug|x64
		{F4E30D31-4D86-458B-8C41-713207390621}.Release|Win32.ActiveCfg = Release|Win32
		{F4E30D31-4D86-458B-8C41-713207390621}.Release|Win32.Build.0 = Release|Win32
		{F4E30D31-4D86-458B-8C41-713207390621}.Release|x64.ActiveCfg = Release|x64
		{F4E30D31-4D86-458B-8C41-713207390621}.Release|x64.Build.0 = Release|x64
		{A150A6ED-1931-45B4-B562-8B385EA1B120}.Debug|Win32.ActiveCfg = Debug|Win32
		{A150A6ED-1931-45B4-B562-8B385EA1B120}.Debug|Win32.Build.0 = Debug|Win32
		{A150A6ED-1931-45B4-B562-8B385EA1B120}.Debug|x64.ActiveCfg = Debug|x64
		{A150A6ED-1931-45B4-B562-8B385EA1B120}.Debug|x64.Build.0 = Debug|x64
		{A150A6ED-1931-45B4-B562-8B385EA1B120}.Release|Win32.ActiveCfg = Release|Win32
		{A150A6ED-1931-45B4-B562-8B385EA1B120}.Release|Win32.Build.0 = Release|Win32
		{A150A6ED-1931-45B4-B562-8B385EA1B120}.Release|x64.ActiveCfg = Release|x64
		{A150A6ED-1931-45B4-B562-8B385EA1B120}.Release|x64.Build.0 = Release|x64
		{B3AF760A-FC73-498C-B95A-85B41C8B407F}.Debug|Win32.ActiveCfg = Debug|Win32
		{B3AF760A-FC73-498C-B95A-85B41C8B407F}.Debug|Win32.Build.0 = Debug|Win32
		{B3AF760A-FC73-498C-B95A-85B41C8B407F}.Debug|x64.ActiveCfg = Debug|x64
		{B3AF760A-FC73-498C-B95A-85B41C8B407F}.Debug|x64.Build.0 = Debug|x64
		{B3AF760A-FC73-498C-B95A-85B41C8B407F}.Release|Win32.ActiveCfg = Release|Win32
		{B3AF760A-FC73-498C-B95A-85B41C8B407F}.Release|Win32.Build.0 = Release|Win32
		{B3AF760A-FC73-498C-B95A-85B41C8B407F}.Release|x64.ActiveCfg = Release|x64
		{B3AF760A-FC73-498C-B95A-85B41C8B407F}.Release|x64.Build.0 = Release|x64
		{D42361F8-C42C-49C0-9FC2-CCA410DBD473}.Debug|Win32.ActiveCfg = Debug|Win32
		{D42361F8-C42C-49C0-9FC2-CCA410DBD473}.Debug|Win32.Build.0 = Debug|Win32
		{D42361F8-C42C-49C0-9FC2-CCA410DBD473}.Debug|x64.ActiveCfg = Debug|x64
		{D42361F8-C42C-49C0-9FC2-CCA410DBD473}.Debug|x64.Build.0 = Debug|x64
		{D42361F8-C42C-49C0-9FC2-CCA410DBD473}.Release|Win32.ActiveCfg = Release|Win32
		{D42361F8-C42C-49C0-9FC2-CCA410DBD473}.Release|Win32.Build.0 = Release|Win32
		{D42361F8-C42C-49C0-9FC2-CCA410DBD473}.Release|x64.ActiveCfg = Release|x64
		{D42361F8-C42C-49C0-9FC2-CCA410DBD473}.Release|x64.Build.0 = Release|x64
		{DC14262A-E80B-45D2-B80C-1E42E1667733}.Debug|Win32.ActiveCfg = Debug|Win32
		{DC14262A-E80B-45D2-B80C-1E42E1667733}.Debug|Win32.Build.0 = Debug|Win32
		{DC14262A-E80B-45D2-B80C-1E42E1667733}.Debug|x64.ActiveCfg = Debug|x64
		{DC14262A-E80B-45D2-B80C-1E42E1667733}.Debug|x64.Build.0 = Debug|x64
		{DC14262A-E80B-45D2-B80C-1E42E1667733}.Release|Win32.ActiveCfg = Release|Win32
		{DC14262A-E80B-45D2-B80C-1E42E1667733}.Release|Win32.Build.0 = Release|Win32
		{DC14262A-E80B-45D2-B80C-1E42E1667733}.Release|x64.ActiveCfg = Release|x64
		{DC14262A-E80B-45D2-B80C-1E42E1667733}.Release|x64.Build.0 = Release|x64
		{18A4D1B0-26A2-49F2-95F1-0D5232D431B0}.Debug|Win32.ActiveCfg = Debug|Win32
		{18A4D1B0-26A2-49F2-95F1-0D5232D431B0}.Debug|Win32.Build.0 = Debug|Win32
		{18A4D1B0-26A2-49F2-95F1-0D5232D431B0}.Debug|x64.ActiveCfg = Debug|x64
		{18A4D1B0-26A2-49F2-95F1-0D5232D431B0}.Debug|x64.Build.0 = Debug|x64
		{18A4D1B0-26A2-49F2-95F1-0D5232D431B0}.Release|Win32.ActiveCfg = Release|Win32
		{18A4D1B0-26A2-49F2-95F1-0D5232D431B0}.Release|Win32.Build.0 = Release|Win32
		{18A4D1B0-26A2-49F2-95F1-0D5232D431B0}.Release|x64.ActiveCfg = Release|x64
		{18A4D1B0-26A2-49F2-95F1-0D5232D431B0}.Release|x64.Build.0 = Release|x64
		{222663AE-5BAD-49B3-837F-26A518A3373A}.Debug|Win32.ActiveCfg = Debug|Win32
		{222663AE-5BAD-49B3-837F-26A518A3373A}.Debug|Win32.Build.0 = Debug|Win32
		{222663AE-5BAD-49B3-837F-26A518A3373A}.Debug|x64.ActiveCfg = Debug|x64
		{222663AE-5BAD-49B3-837F-26A518A3373A}.Debug|x64.Build.0 = Debug|x64
		{222663AE-5BAD-49B3-837F-26A518A3373A}.Release|Win32.ActiveCfg = Release|Win32
		{222663AE-5BAD-49B3-837F-26A518A3373A}.Release|Win32.Build.0 = Release|Win32
		{222663AE-5BAD-49B3-837F-26A518A3373A}.Release|x64.ActiveCfg = Release|x64
		{222663AE-5BAD-49B3-837F-26A518A3373A}.Release|x64.Build.0 = Release|x64
	EndGlobalSection
	GlobalSection(SolutionProperties) = preSolution
		HideSolutionNode = FALSE
	EndGlobalSection
EndGlobal
