
Microsoft Visual Studio Solution File, Format Version 10.00
# Visual C++ Express 2008
Project("{8BC9CEB8-8B4A-11D0-8D11-00A0C91BC942}") = "client", "src\client.vcproj", "{0B58874C-AFD1-4A30-9C43-135D36A0A8C7}"
	ProjectSection(ProjectDependencies) = postProject
		{263C0F2E-112D-437F-A6AB-DEA151A7A1F0} = {263C0F2E-112D-437F-A6AB-DEA151A7A1F0}
		{44B21233-EFCC-4825-B5E5-3A3BD6CC5516} = {44B21233-EFCC-4825-B5E5-3A3BD6CC5516}
		{9440443B-97BA-43C2-A762-31EEC8958BEE} = {9440443B-97BA-43C2-A762-31EEC8958BEE}
		{F74C0046-00DA-4A77-9B4D-D9FE5831E705} = {F74C0046-00DA-4A77-9B4D-D9FE5831E705}
		{4B320F68-0B9B-4065-A2ED-AF5D4B163006} = {4B320F68-0B9B-4065-A2ED-AF5D4B163006}
		{9D284C6B-BE12-4549-87E5-2337D64F31BE} = {9D284C6B-BE12-4549-87E5-2337D64F31BE}
		{C5253970-8728-4A6F-8BF2-E1D9CF0F3861} = {C5253970-8728-4A6F-8BF2-E1D9CF0F3861}
		{0E723473-FDBB-48D7-8141-1273B917D681} = {0E723473-FDBB-48D7-8141-1273B917D681}
		{2B48BE83-108B-4E8E-8A55-6627CF09AC5A} = {2B48BE83-108B-4E8E-8A55-6627CF09AC5A}
		{89064E9B-14E9-4FB2-8536-A9151DF55C68} = {89064E9B-14E9-4FB2-8536-A9151DF55C68}
		{67AF56A4-A228-4BFB-BDA8-026CBEDE8BF9} = {67AF56A4-A228-4BFB-BDA8-026CBEDE8BF9}
		{4AF7ADB2-DAF8-4F04-9793-F92010001470} = {4AF7ADB2-DAF8-4F04-9793-F92010001470}
		{296D8FB5-DB32-48DD-A6AF-10A77A5DEE70} = {296D8FB5-DB32-48DD-A6AF-10A77A5DEE70}
		{1DDC11C7-AF79-40F3-A6D4-F84BA8644B5C} = {1DDC11C7-AF79-40F3-A6D4-F84BA8644B5C}
		{1D9576F6-3321-4036-8C86-B5361CCCD4FB} = {1D9576F6-3321-4036-8C86-B5361CCCD4FB}
	EndProjectSection
EndProject
Project("{8BC9CEB8-8B4A-11D0-8D11-00A0C91BC942}") = "game_share", "..\common\src\game_share\game_share.vcproj", "{4B320F68-0B9B-4065-A2ED-AF5D4B163006}"
EndProject
Project("{8BC9CEB8-8B4A-11D0-8D11-00A0C91BC942}") = "client_sheets", "src\client_sheets\client_sheets.vcproj", "{296D8FB5-DB32-48DD-A6AF-10A77A5DEE70}"
EndProject
Project("{8BC9CEB8-8B4A-11D0-8D11-00A0C91BC942}") = "misc", "..\..\nel\src\misc.vcproj", "{44B21233-EFCC-4825-B5E5-3A3BD6CC5516}"
EndProject
Project("{8BC9CEB8-8B4A-11D0-8D11-00A0C91BC942}") = "3d", "..\..\nel\src\3d.vcproj", "{2B48BE83-108B-4E8E-8A55-6627CF09AC5A}"
EndProject
Project("{8BC9CEB8-8B4A-11D0-8D11-00A0C91BC942}") = "georges", "..\..\nel\src\georges.vcproj", "{9D284C6B-BE12-4549-87E5-2337D64F31BE}"
EndProject
Project("{8BC9CEB8-8B4A-11D0-8D11-00A0C91BC942}") = "ligo", "..\..\nel\src\ligo.vcproj", "{1DDC11C7-AF79-40F3-A6D4-F84BA8644B5C}"
EndProject
Project("{8BC9CEB8-8B4A-11D0-8D11-00A0C91BC942}") = "logic", "..\..\nel\src\logic.vcproj", "{0E723473-FDBB-48D7-8141-1273B917D681}"
EndProject
Project("{8BC9CEB8-8B4A-11D0-8D11-00A0C91BC942}") = "net", "..\..\nel\src\net.vcproj", "{67AF56A4-A228-4BFB-BDA8-026CBEDE8BF9}"
EndProject
Project("{8BC9CEB8-8B4A-11D0-8D11-00A0C91BC942}") = "pacs", "..\..\nel\src\pacs.vcproj", "{C5253970-8728-4A6F-8BF2-E1D9CF0F3861}"
EndProject
Project("{8BC9CEB8-8B4A-11D0-8D11-00A0C91BC942}") = "sound", "..\..\nel\src\sound.vcproj", "{4AF7ADB2-DAF8-4F04-9793-F92010001470}"
EndProject
Project("{8BC9CEB8-8B4A-11D0-8D11-00A0C91BC942}") = "seven_zip", "src\seven_zip\seven_zip.vcproj", "{F74C0046-00DA-4A77-9B4D-D9FE5831E705}"
EndProject
Project("{8BC9CEB8-8B4A-11D0-8D11-00A0C91BC942}") = "sound_lowlevel", "..\..\nel\src\sound\driver\sound_lowlevel.vcproj", "{89064E9B-14E9-4FB2-8536-A9151DF55C68}"
EndProject
Project("{8BC9CEB8-8B4A-11D0-8D11-00A0C91BC942}") = "driver_fmod", "..\..\nel\src\sound\driver\fmod\driver_fmod.vcproj", "{9440443B-97BA-43C2-A762-31EEC8958BEE}"
	ProjectSection(ProjectDependencies) = postProject
		{44B21233-EFCC-4825-B5E5-3A3BD6CC5516} = {44B21233-EFCC-4825-B5E5-3A3BD6CC5516}
		{89064E9B-14E9-4FB2-8536-A9151DF55C68} = {89064E9B-14E9-4FB2-8536-A9151DF55C68}
		{4AF7ADB2-DAF8-4F04-9793-F92010001470} = {4AF7ADB2-DAF8-4F04-9793-F92010001470}
	EndProjectSection
EndProject
Project("{8BC9CEB8-8B4A-11D0-8D11-00A0C91BC942}") = "driver_direct3d", "..\..\nel\src\3d\driver\direct3d\driver_direct3d.vcproj", "{263C0F2E-112D-437F-A6AB-DEA151A7A1F0}"
	ProjectSection(ProjectDependencies) = postProject
		{44B21233-EFCC-4825-B5E5-3A3BD6CC5516} = {44B21233-EFCC-4825-B5E5-3A3BD6CC5516}
		{2B48BE83-108B-4E8E-8A55-6627CF09AC5A} = {2B48BE83-108B-4E8E-8A55-6627CF09AC5A}
	EndProjectSection
EndProject
Project("{8BC9CEB8-8B4A-11D0-8D11-00A0C91BC942}") = "driver_opengl", "..\..\nel\src\3d\driver\opengl\driver_opengl.vcproj", "{1D9576F6-3321-4036-8C86-B5361CCCD4FB}"
	ProjectSection(ProjectDependencies) = postProject
		{44B21233-EFCC-4825-B5E5-3A3BD6CC5516} = {44B21233-EFCC-4825-B5E5-3A3BD6CC5516}
		{2B48BE83-108B-4E8E-8A55-6627CF09AC5A} = {2B48BE83-108B-4E8E-8A55-6627CF09AC5A}
	EndProjectSection
EndProject
Project("{8BC9CEB8-8B4A-11D0-8D11-00A0C91BC942}") = "ryzom_configuration", "..\tools\client\client_config\ryzom_configuration.vcproj", "{739618D3-04B6-4EB1-BAED-53D3217F5A86}"
	ProjectSection(ProjectDependencies) = postProject
		{44B21233-EFCC-4825-B5E5-3A3BD6CC5516} = {44B21233-EFCC-4825-B5E5-3A3BD6CC5516}
		{2B48BE83-108B-4E8E-8A55-6627CF09AC5A} = {2B48BE83-108B-4E8E-8A55-6627CF09AC5A}
	EndProjectSection
EndProject
Project("{8BC9CEB8-8B4A-11D0-8D11-00A0C91BC942}") = "sheets_packer", "..\tools\sheets_packer\sheets_packer.vcproj", "{079E2366-3714-4B09-B553-41A44D290F04}"
	ProjectSection(ProjectDependencies) = postProject
		{44B21233-EFCC-4825-B5E5-3A3BD6CC5516} = {44B21233-EFCC-4825-B5E5-3A3BD6CC5516}
		{4B320F68-0B9B-4065-A2ED-AF5D4B163006} = {4B320F68-0B9B-4065-A2ED-AF5D4B163006}
		{9D284C6B-BE12-4549-87E5-2337D64F31BE} = {9D284C6B-BE12-4549-87E5-2337D64F31BE}
		{67AF56A4-A228-4BFB-BDA8-026CBEDE8BF9} = {67AF56A4-A228-4BFB-BDA8-026CBEDE8BF9}
		{296D8FB5-DB32-48DD-A6AF-10A77A5DEE70} = {296D8FB5-DB32-48DD-A6AF-10A77A5DEE70}
		{1DDC11C7-AF79-40F3-A6D4-F84BA8644B5C} = {1DDC11C7-AF79-40F3-A6D4-F84BA8644B5C}
	EndProjectSection
EndProject
Global
	GlobalSection(SolutionConfigurationPlatforms) = preSolution
		Debug|Win32 = Debug|Win32
		Debug|x64 = Debug|x64
		Release|Win32 = Release|Win32
		Release|x64 = Release|x64
	EndGlobalSection
	GlobalSection(ProjectConfigurationPlatforms) = postSolution
		{0B58874C-AFD1-4A30-9C43-135D36A0A8C7}.Debug|Win32.ActiveCfg = Debug|Win32
		{0B58874C-AFD1-4A30-9C43-135D36A0A8C7}.Debug|Win32.Build.0 = Debug|Win32
		{0B58874C-AFD1-4A30-9C43-135D36A0A8C7}.Debug|x64.ActiveCfg = Debug|x64
		{0B58874C-AFD1-4A30-9C43-135D36A0A8C7}.Debug|x64.Build.0 = Debug|x64
		{0B58874C-AFD1-4A30-9C43-135D36A0A8C7}.Release|Win32.ActiveCfg = Release|Win32
		{0B58874C-AFD1-4A30-9C43-135D36A0A8C7}.Release|Win32.Build.0 = Release|Win32
		{0B58874C-AFD1-4A30-9C43-135D36A0A8C7}.Release|x64.ActiveCfg = Release|x64
		{0B58874C-AFD1-4A30-9C43-135D36A0A8C7}.Release|x64.Build.0 = Release|x64
		{4B320F68-0B9B-4065-A2ED-AF5D4B163006}.Debug|Win32.ActiveCfg = Debug|Win32
		{4B320F68-0B9B-4065-A2ED-AF5D4B163006}.Debug|Win32.Build.0 = Debug|Win32
		{4B320F68-0B9B-4065-A2ED-AF5D4B163006}.Debug|x64.ActiveCfg = Debug|x64
		{4B320F68-0B9B-4065-A2ED-AF5D4B163006}.Debug|x64.Build.0 = Debug|x64
		{4B320F68-0B9B-4065-A2ED-AF5D4B163006}.Release|Win32.ActiveCfg = Release|Win32
		{4B320F68-0B9B-4065-A2ED-AF5D4B163006}.Release|Win32.Build.0 = Release|Win32
		{4B320F68-0B9B-4065-A2ED-AF5D4B163006}.Release|x64.ActiveCfg = Release|x64
		{4B320F68-0B9B-4065-A2ED-AF5D4B163006}.Release|x64.Build.0 = Release|x64
		{296D8FB5-DB32-48DD-A6AF-10A77A5DEE70}.Debug|Win32.ActiveCfg = Debug|Win32
		{296D8FB5-DB32-48DD-A6AF-10A77A5DEE70}.Debug|Win32.Build.0 = Debug|Win32
		{296D8FB5-DB32-48DD-A6AF-10A77A5DEE70}.Debug|x64.ActiveCfg = Debug|x64
		{296D8FB5-DB32-48DD-A6AF-10A77A5DEE70}.Debug|x64.Build.0 = Debug|x64
		{296D8FB5-DB32-48DD-A6AF-10A77A5DEE70}.Release|Win32.ActiveCfg = Release|Win32
		{296D8FB5-DB32-48DD-A6AF-10A77A5DEE70}.Release|Win32.Build.0 = Release|Win32
		{296D8FB5-DB32-48DD-A6AF-10A77A5DEE70}.Release|x64.ActiveCfg = Release|x64
		{296D8FB5-DB32-48DD-A6AF-10A77A5DEE70}.Release|x64.Build.0 = Release|x64
		{44B21233-EFCC-4825-B5E5-3A3BD6CC5516}.Debug|Win32.ActiveCfg = Debug|Win32
		{44B21233-EFCC-4825-B5E5-3A3BD6CC5516}.Debug|Win32.Build.0 = Debug|Win32
		{44B21233-EFCC-4825-B5E5-3A3BD6CC5516}.Debug|x64.ActiveCfg = Debug|x64
		{44B21233-EFCC-4825-B5E5-3A3BD6CC5516}.Debug|x64.Build.0 = Debug|x64
		{44B21233-EFCC-4825-B5E5-3A3BD6CC5516}.Release|Win32.ActiveCfg = Release|Win32
		{44B21233-EFCC-4825-B5E5-3A3BD6CC5516}.Release|Win32.Build.0 = Release|Win32
		{44B21233-EFCC-4825-B5E5-3A3BD6CC5516}.Release|x64.ActiveCfg = Release|x64
		{44B21233-EFCC-4825-B5E5-3A3BD6CC5516}.Release|x64.Build.0 = Release|x64
		{2B48BE83-108B-4E8E-8A55-6627CF09AC5A}.Debug|Win32.ActiveCfg = Debug|Win32
		{2B48BE83-108B-4E8E-8A55-6627CF09AC5A}.Debug|Win32.Build.0 = Debug|Win32
		{2B48BE83-108B-4E8E-8A55-6627CF09AC5A}.Debug|x64.ActiveCfg = Debug|x64
		{2B48BE83-108B-4E8E-8A55-6627CF09AC5A}.Debug|x64.Build.0 = Debug|x64
		{2B48BE83-108B-4E8E-8A55-6627CF09AC5A}.Release|Win32.ActiveCfg = Release|Win32
		{2B48BE83-108B-4E8E-8A55-6627CF09AC5A}.Release|Win32.Build.0 = Release|Win32
		{2B48BE83-108B-4E8E-8A55-6627CF09AC5A}.Release|x64.ActiveCfg = Release|x64
		{2B48BE83-108B-4E8E-8A55-6627CF09AC5A}.Release|x64.Build.0 = Release|x64
		{9D284C6B-BE12-4549-87E5-2337D64F31BE}.Debug|Win32.ActiveCfg = Debug|Win32
		{9D284C6B-BE12-4549-87E5-2337D64F31BE}.Debug|Win32.Build.0 = Debug|Win32
		{9D284C6B-BE12-4549-87E5-2337D64F31BE}.Debug|x64.ActiveCfg = Debug|x64
		{9D284C6B-BE12-4549-87E5-2337D64F31BE}.Debug|x64.Build.0 = Debug|x64
		{9D284C6B-BE12-4549-87E5-2337D64F31BE}.Release|Win32.ActiveCfg = Release|Win32
		{9D284C6B-BE12-4549-87E5-2337D64F31BE}.Release|Win32.Build.0 = Release|Win32
		{9D284C6B-BE12-4549-87E5-2337D64F31BE}.Release|x64.ActiveCfg = Release|x64
		{9D284C6B-BE12-4549-87E5-2337D64F31BE}.Release|x64.Build.0 = Release|x64
		{1DDC11C7-AF79-40F3-A6D4-F84BA8644B5C}.Debug|Win32.ActiveCfg = Debug|Win32
		{1DDC11C7-AF79-40F3-A6D4-F84BA8644B5C}.Debug|Win32.Build.0 = Debug|Win32
		{1DDC11C7-AF79-40F3-A6D4-F84BA8644B5C}.Debug|x64.ActiveCfg = Debug|x64
		{1DDC11C7-AF79-40F3-A6D4-F84BA8644B5C}.Debug|x64.Build.0 = Debug|x64
		{1DDC11C7-AF79-40F3-A6D4-F84BA8644B5C}.Release|Win32.ActiveCfg = Release|Win32
		{1DDC11C7-AF79-40F3-A6D4-F84BA8644B5C}.Release|Win32.Build.0 = Release|Win32
		{1DDC11C7-AF79-40F3-A6D4-F84BA8644B5C}.Release|x64.ActiveCfg = Release|x64
		{1DDC11C7-AF79-40F3-A6D4-F84BA8644B5C}.Release|x64.Build.0 = Release|x64
		{0E723473-FDBB-48D7-8141-1273B917D681}.Debug|Win32.ActiveCfg = Debug|Win32
		{0E723473-FDBB-48D7-8141-1273B917D681}.Debug|Win32.Build.0 = Debug|Win32
		{0E723473-FDBB-48D7-8141-1273B917D681}.Debug|x64.ActiveCfg = Debug|x64
		{0E723473-FDBB-48D7-8141-1273B917D681}.Debug|x64.Build.0 = Debug|x64
		{0E723473-FDBB-48D7-8141-1273B917D681}.Release|Win32.ActiveCfg = Release|Win32
		{0E723473-FDBB-48D7-8141-1273B917D681}.Release|Win32.Build.0 = Release|Win32
		{0E723473-FDBB-48D7-8141-1273B917D681}.Release|x64.ActiveCfg = Release|x64
		{0E723473-FDBB-48D7-8141-1273B917D681}.Release|x64.Build.0 = Release|x64
		{67AF56A4-A228-4BFB-BDA8-026CBEDE8BF9}.Debug|Win32.ActiveCfg = Debug|Win32
		{67AF56A4-A228-4BFB-BDA8-026CBEDE8BF9}.Debug|Win32.Build.0 = Debug|Win32
		{67AF56A4-A228-4BFB-BDA8-026CBEDE8BF9}.Debug|x64.ActiveCfg = Debug|x64
		{67AF56A4-A228-4BFB-BDA8-026CBEDE8BF9}.Debug|x64.Build.0 = Debug|x64
		{67AF56A4-A228-4BFB-BDA8-026CBEDE8BF9}.Release|Win32.ActiveCfg = Release|Win32
		{67AF56A4-A228-4BFB-BDA8-026CBEDE8BF9}.Release|Win32.Build.0 = Release|Win32
		{67AF56A4-A228-4BFB-BDA8-026CBEDE8BF9}.Release|x64.ActiveCfg = Release|x64
		{67AF56A4-A228-4BFB-BDA8-026CBEDE8BF9}.Release|x64.Build.0 = Release|x64
		{C5253970-8728-4A6F-8BF2-E1D9CF0F3861}.Debug|Win32.ActiveCfg = Debug|Win32
		{C5253970-8728-4A6F-8BF2-E1D9CF0F3861}.Debug|Win32.Build.0 = Debug|Win32
		{C5253970-8728-4A6F-8BF2-E1D9CF0F3861}.Debug|x64.ActiveCfg = Debug|x64
		{C5253970-8728-4A6F-8BF2-E1D9CF0F3861}.Debug|x64.Build.0 = Debug|x64
		{C5253970-8728-4A6F-8BF2-E1D9CF0F3861}.Release|Win32.ActiveCfg = Release|Win32
		{C5253970-8728-4A6F-8BF2-E1D9CF0F3861}.Release|Win32.Build.0 = Release|Win32
		{C5253970-8728-4A6F-8BF2-E1D9CF0F3861}.Release|x64.ActiveCfg = Release|x64
		{C5253970-8728-4A6F-8BF2-E1D9CF0F3861}.Release|x64.Build.0 = Release|x64
		{4AF7ADB2-DAF8-4F04-9793-F92010001470}.Debug|Win32.ActiveCfg = Debug|Win32
		{4AF7ADB2-DAF8-4F04-9793-F92010001470}.Debug|Win32.Build.0 = Debug|Win32
		{4AF7ADB2-DAF8-4F04-9793-F92010001470}.Debug|x64.ActiveCfg = Debug|x64
		{4AF7ADB2-DAF8-4F04-9793-F92010001470}.Debug|x64.Build.0 = Debug|x64
		{4AF7ADB2-DAF8-4F04-9793-F92010001470}.Release|Win32.ActiveCfg = Release|Win32
		{4AF7ADB2-DAF8-4F04-9793-F92010001470}.Release|Win32.Build.0 = Release|Win32
		{4AF7ADB2-DAF8-4F04-9793-F92010001470}.Release|x64.ActiveCfg = Release|x64
		{4AF7ADB2-DAF8-4F04-9793-F92010001470}.Release|x64.Build.0 = Release|x64
		{F74C0046-00DA-4A77-9B4D-D9FE5831E705}.Debug|Win32.ActiveCfg = Debug|Win32
		{F74C0046-00DA-4A77-9B4D-D9FE5831E705}.Debug|Win32.Build.0 = Debug|Win32
		{F74C0046-00DA-4A77-9B4D-D9FE5831E705}.Debug|x64.ActiveCfg = Debug|x64
		{F74C0046-00DA-4A77-9B4D-D9FE5831E705}.Debug|x64.Build.0 = Debug|x64
		{F74C0046-00DA-4A77-9B4D-D9FE5831E705}.Release|Win32.ActiveCfg = Release|Win32
		{F74C0046-00DA-4A77-9B4D-D9FE5831E705}.Release|Win32.Build.0 = Release|Win32
		{F74C0046-00DA-4A77-9B4D-D9FE5831E705}.Release|x64.ActiveCfg = Release|x64
		{F74C0046-00DA-4A77-9B4D-D9FE5831E705}.Release|x64.Build.0 = Release|x64
		{89064E9B-14E9-4FB2-8536-A9151DF55C68}.Debug|Win32.ActiveCfg = Debug|Win32
		{89064E9B-14E9-4FB2-8536-A9151DF55C68}.Debug|Win32.Build.0 = Debug|Win32
		{89064E9B-14E9-4FB2-8536-A9151DF55C68}.Debug|x64.ActiveCfg = Debug|x64
		{89064E9B-14E9-4FB2-8536-A9151DF55C68}.Debug|x64.Build.0 = Debug|x64
		{89064E9B-14E9-4FB2-8536-A9151DF55C68}.Release|Win32.ActiveCfg = Release|Win32
		{89064E9B-14E9-4FB2-8536-A9151DF55C68}.Release|Win32.Build.0 = Release|Win32
		{89064E9B-14E9-4FB2-8536-A9151DF55C68}.Release|x64.ActiveCfg = Release|x64
		{89064E9B-14E9-4FB2-8536-A9151DF55C68}.Release|x64.Build.0 = Release|x64
		{9440443B-97BA-43C2-A762-31EEC8958BEE}.Debug|Win32.ActiveCfg = Debug|Win32
		{9440443B-97BA-43C2-A762-31EEC8958BEE}.Debug|Win32.Build.0 = Debug|Win32
		{9440443B-97BA-43C2-A762-31EEC8958BEE}.Debug|x64.ActiveCfg = Debug|x64
		{9440443B-97BA-43C2-A762-31EEC8958BEE}.Debug|x64.Build.0 = Debug|x64
		{9440443B-97BA-43C2-A762-31EEC8958BEE}.Release|Win32.ActiveCfg = Release|Win32
		{9440443B-97BA-43C2-A762-31EEC8958BEE}.Release|Win32.Build.0 = Release|Win32
		{9440443B-97BA-43C2-A762-31EEC8958BEE}.Release|x64.ActiveCfg = Release|x64
		{9440443B-97BA-43C2-A762-31EEC8958BEE}.Release|x64.Build.0 = Release|x64
		{263C0F2E-112D-437F-A6AB-DEA151A7A1F0}.Debug|Win32.ActiveCfg = Debug|Win32
		{263C0F2E-112D-437F-A6AB-DEA151A7A1F0}.Debug|Win32.Build.0 = Debug|Win32
		{263C0F2E-112D-437F-A6AB-DEA151A7A1F0}.Debug|x64.ActiveCfg = Debug|x64
		{263C0F2E-112D-437F-A6AB-DEA151A7A1F0}.Debug|x64.Build.0 = Debug|x64
		{263C0F2E-112D-437F-A6AB-DEA151A7A1F0}.Release|Win32.ActiveCfg = Release|Win32
		{263C0F2E-112D-437F-A6AB-DEA151A7A1F0}.Release|Win32.Build.0 = Release|Win32
		{263C0F2E-112D-437F-A6AB-DEA151A7A1F0}.Release|x64.ActiveCfg = Release|x64
		{263C0F2E-112D-437F-A6AB-DEA151A7A1F0}.Release|x64.Build.0 = Release|x64
		{1D9576F6-3321-4036-8C86-B5361CCCD4FB}.Debug|Win32.ActiveCfg = Debug|Win32
		{1D9576F6-3321-4036-8C86-B5361CCCD4FB}.Debug|Win32.Build.0 = Debug|Win32
		{1D9576F6-3321-4036-8C86-B5361CCCD4FB}.Debug|x64.ActiveCfg = Debug|x64
		{1D9576F6-3321-4036-8C86-B5361CCCD4FB}.Debug|x64.Build.0 = Debug|x64
		{1D9576F6-3321-4036-8C86-B5361CCCD4FB}.Release|Win32.ActiveCfg = Release|Win32
		{1D9576F6-3321-4036-8C86-B5361CCCD4FB}.Release|Win32.Build.0 = Release|Win32
		{1D9576F6-3321-4036-8C86-B5361CCCD4FB}.Release|x64.ActiveCfg = Release|x64
		{1D9576F6-3321-4036-8C86-B5361CCCD4FB}.Release|x64.Build.0 = Release|x64
		{739618D3-04B6-4EB1-BAED-53D3217F5A86}.Debug|Win32.ActiveCfg = Debug|Win32
		{739618D3-04B6-4EB1-BAED-53D3217F5A86}.Debug|Win32.Build.0 = Debug|Win32
		{739618D3-04B6-4EB1-BAED-53D3217F5A86}.Debug|x64.ActiveCfg = Debug|x64
		{739618D3-04B6-4EB1-BAED-53D3217F5A86}.Debug|x64.Build.0 = Debug|x64
		{739618D3-04B6-4EB1-BAED-53D3217F5A86}.Release|Win32.ActiveCfg = Release|Win32
		{739618D3-04B6-4EB1-BAED-53D3217F5A86}.Release|Win32.Build.0 = Release|Win32
		{739618D3-04B6-4EB1-BAED-53D3217F5A86}.Release|x64.ActiveCfg = Release|x64
		{739618D3-04B6-4EB1-BAED-53D3217F5A86}.Release|x64.Build.0 = Release|x64
		{079E2366-3714-4B09-B553-41A44D290F04}.Debug|Win32.ActiveCfg = Debug|Win32
		{079E2366-3714-4B09-B553-41A44D290F04}.Debug|Win32.Build.0 = Debug|Win32
		{079E2366-3714-4B09-B553-41A44D290F04}.Debug|x64.ActiveCfg = Debug|x64
		{079E2366-3714-4B09-B553-41A44D290F04}.Debug|x64.Build.0 = Debug|x64
		{079E2366-3714-4B09-B553-41A44D290F04}.Release|Win32.ActiveCfg = Release|Win32
		{079E2366-3714-4B09-B553-41A44D290F04}.Release|Win32.Build.0 = Release|Win32
		{079E2366-3714-4B09-B553-41A44D290F04}.Release|x64.ActiveCfg = Release|x64
		{079E2366-3714-4B09-B553-41A44D290F04}.Release|x64.Build.0 = Release|x64
	EndGlobalSection
	GlobalSection(SolutionProperties) = preSolution
		HideSolutionNode = FALSE
	EndGlobalSection
EndGlobal
