
Microsoft Visual Studio Solution File, Format Version 10.00
# Visual C++ Express 2008
Project("{8BC9CEB8-8B4A-11D0-8D11-00A0C91BC942}") = "game_share", "..\common\src\game_share\game_share.vcproj", "{4B320F68-0B9B-4065-A2ED-AF5D4B163006}"
EndProject
Project("{8BC9CEB8-8B4A-11D0-8D11-00A0C91BC942}") = "admin_modules", "src\admin_modules\admin_modules.vcproj", "{90E800AB-07B7-4317-B3D4-7D7DECB858D1}"
EndProject
Project("{8BC9CEB8-8B4A-11D0-8D11-00A0C91BC942}") = "ryzom_naming_service", "src\ryzom_naming_service\ryzom_naming_service.vcproj", "{76E2A386-207B-4E7D-879C-F723A6A1F193}"
	ProjectSection(ProjectDependencies) = postProject
		{44B21233-EFCC-4825-B5E5-3A3BD6CC5516} = {44B21233-EFCC-4825-B5E5-3A3BD6CC5516}
		{4B320F68-0B9B-4065-A2ED-AF5D4B163006} = {4B320F68-0B9B-4065-A2ED-AF5D4B163006}
		{67AF56A4-A228-4BFB-BDA8-026CBEDE8BF9} = {67AF56A4-A228-4BFB-BDA8-026CBEDE8BF9}
		{90E800AB-07B7-4317-B3D4-7D7DECB858D1} = {90E800AB-07B7-4317-B3D4-7D7DECB858D1}
	EndProjectSection
EndProject
Project("{8BC9CEB8-8B4A-11D0-8D11-00A0C91BC942}") = "ryzom_admin_service", "src\ryzom_admin_service\ryzom_admin_service.vcproj", "{4319E0CA-A7CD-48A4-B4D4-0DF3574B27EE}"
	ProjectSection(ProjectDependencies) = postProject
		{44B21233-EFCC-4825-B5E5-3A3BD6CC5516} = {44B21233-EFCC-4825-B5E5-3A3BD6CC5516}
		{4B320F68-0B9B-4065-A2ED-AF5D4B163006} = {4B320F68-0B9B-4065-A2ED-AF5D4B163006}
		{67AF56A4-A228-4BFB-BDA8-026CBEDE8BF9} = {67AF56A4-A228-4BFB-BDA8-026CBEDE8BF9}
		{90E800AB-07B7-4317-B3D4-7D7DECB858D1} = {90E800AB-07B7-4317-B3D4-7D7DECB858D1}
	EndProjectSection
EndProject
Project("{8BC9CEB8-8B4A-11D0-8D11-00A0C91BC942}") = "ryzom_welcome_service", "src\ryzom_welcome_service\ryzom_welcome_service.vcproj", "{745FBE4A-EA96-4564-A323-0CF31D8C46FC}"
	ProjectSection(ProjectDependencies) = postProject
		{44B21233-EFCC-4825-B5E5-3A3BD6CC5516} = {44B21233-EFCC-4825-B5E5-3A3BD6CC5516}
		{4B320F68-0B9B-4065-A2ED-AF5D4B163006} = {4B320F68-0B9B-4065-A2ED-AF5D4B163006}
		{67AF56A4-A228-4BFB-BDA8-026CBEDE8BF9} = {67AF56A4-A228-4BFB-BDA8-026CBEDE8BF9}
		{90E800AB-07B7-4317-B3D4-7D7DECB858D1} = {90E800AB-07B7-4317-B3D4-7D7DECB858D1}
	EndProjectSection
EndProject
Project("{8BC9CEB8-8B4A-11D0-8D11-00A0C91BC942}") = "tick_service", "src\tick_service\tick_service.vcproj", "{11073F98-7CC6-456C-B565-111B0EFAC68F}"
	ProjectSection(ProjectDependencies) = postProject
		{44B21233-EFCC-4825-B5E5-3A3BD6CC5516} = {44B21233-EFCC-4825-B5E5-3A3BD6CC5516}
		{4B320F68-0B9B-4065-A2ED-AF5D4B163006} = {4B320F68-0B9B-4065-A2ED-AF5D4B163006}
		{9D284C6B-BE12-4549-87E5-2337D64F31BE} = {9D284C6B-BE12-4549-87E5-2337D64F31BE}
		{67AF56A4-A228-4BFB-BDA8-026CBEDE8BF9} = {67AF56A4-A228-4BFB-BDA8-026CBEDE8BF9}
		{90E800AB-07B7-4317-B3D4-7D7DECB858D1} = {90E800AB-07B7-4317-B3D4-7D7DECB858D1}
	EndProjectSection
EndProject
Project("{8BC9CEB8-8B4A-11D0-8D11-00A0C91BC942}") = "shard_unifier_service", "src\shard_unifier_service\shard_unifier_service.vcproj", "{1639711D-A1A5-4D09-B042-7475C3290207}"
	ProjectSection(ProjectDependencies) = postProject
		{792FF016-D048-44E3-BDA8-59C00D1480F7} = {792FF016-D048-44E3-BDA8-59C00D1480F7}
		{44B21233-EFCC-4825-B5E5-3A3BD6CC5516} = {44B21233-EFCC-4825-B5E5-3A3BD6CC5516}
		{4B320F68-0B9B-4065-A2ED-AF5D4B163006} = {4B320F68-0B9B-4065-A2ED-AF5D4B163006}
		{67AF56A4-A228-4BFB-BDA8-026CBEDE8BF9} = {67AF56A4-A228-4BFB-BDA8-026CBEDE8BF9}
		{90E800AB-07B7-4317-B3D4-7D7DECB858D1} = {90E800AB-07B7-4317-B3D4-7D7DECB858D1}
	EndProjectSection
EndProject
Project("{8BC9CEB8-8B4A-11D0-8D11-00A0C91BC942}") = "session_browser_server", "src\session_browser_server\session_browser_server.vcproj", "{F0429C92-09ED-4B3B-BD75-53921CC324A1}"
	ProjectSection(ProjectDependencies) = postProject
		{792FF016-D048-44E3-BDA8-59C00D1480F7} = {792FF016-D048-44E3-BDA8-59C00D1480F7}
		{44B21233-EFCC-4825-B5E5-3A3BD6CC5516} = {44B21233-EFCC-4825-B5E5-3A3BD6CC5516}
		{4B320F68-0B9B-4065-A2ED-AF5D4B163006} = {4B320F68-0B9B-4065-A2ED-AF5D4B163006}
		{67AF56A4-A228-4BFB-BDA8-026CBEDE8BF9} = {67AF56A4-A228-4BFB-BDA8-026CBEDE8BF9}
		{90E800AB-07B7-4317-B3D4-7D7DECB858D1} = {90E800AB-07B7-4317-B3D4-7D7DECB858D1}
	EndProjectSection
EndProject
Project("{8BC9CEB8-8B4A-11D0-8D11-00A0C91BC942}") = "persistant_data_service", "src\persistant_data_service\persistant_data_service.vcproj", "{C0F5F05F-A2AC-44B9-B12E-A33D8CA9A685}"
	ProjectSection(ProjectDependencies) = postProject
		{44B21233-EFCC-4825-B5E5-3A3BD6CC5516} = {44B21233-EFCC-4825-B5E5-3A3BD6CC5516}
		{4B320F68-0B9B-4065-A2ED-AF5D4B163006} = {4B320F68-0B9B-4065-A2ED-AF5D4B163006}
		{86791397-FD1F-47CA-BBC9-3F548EE29872} = {86791397-FD1F-47CA-BBC9-3F548EE29872}
		{67AF56A4-A228-4BFB-BDA8-026CBEDE8BF9} = {67AF56A4-A228-4BFB-BDA8-026CBEDE8BF9}
		{90E800AB-07B7-4317-B3D4-7D7DECB858D1} = {90E800AB-07B7-4317-B3D4-7D7DECB858D1}
	EndProjectSection
EndProject
Project("{8BC9CEB8-8B4A-11D0-8D11-00A0C91BC942}") = "pd_lib", "src\pd_lib\pd_lib.vcproj", "{86791397-FD1F-47CA-BBC9-3F548EE29872}"
EndProject
Project("{8BC9CEB8-8B4A-11D0-8D11-00A0C91BC942}") = "entities_game_service", "src\entities_game_service\entities_game_service.vcproj", "{739A60A6-232B-4334-B597-57C61FB93760}"
	ProjectSection(ProjectDependencies) = postProject
		{792FF016-D048-44E3-BDA8-59C00D1480F7} = {792FF016-D048-44E3-BDA8-59C00D1480F7}
		{44B21233-EFCC-4825-B5E5-3A3BD6CC5516} = {44B21233-EFCC-4825-B5E5-3A3BD6CC5516}
		{E5AB1E62-031D-4C9C-99CC-AD1A24D20E52} = {E5AB1E62-031D-4C9C-99CC-AD1A24D20E52}
		{F2E0E163-9ABA-42D0-9355-7F2D522EE7D5} = {F2E0E163-9ABA-42D0-9355-7F2D522EE7D5}
		{4B320F68-0B9B-4065-A2ED-AF5D4B163006} = {4B320F68-0B9B-4065-A2ED-AF5D4B163006}
		{9D284C6B-BE12-4549-87E5-2337D64F31BE} = {9D284C6B-BE12-4549-87E5-2337D64F31BE}
		{86791397-FD1F-47CA-BBC9-3F548EE29872} = {86791397-FD1F-47CA-BBC9-3F548EE29872}
		{67AF56A4-A228-4BFB-BDA8-026CBEDE8BF9} = {67AF56A4-A228-4BFB-BDA8-026CBEDE8BF9}
		{90E800AB-07B7-4317-B3D4-7D7DECB858D1} = {90E800AB-07B7-4317-B3D4-7D7DECB858D1}
		{1DDC11C7-AF79-40F3-A6D4-F84BA8644B5C} = {1DDC11C7-AF79-40F3-A6D4-F84BA8644B5C}
	EndProjectSection
EndProject
Project("{8BC9CEB8-8B4A-11D0-8D11-00A0C91BC942}") = "gameplay_module_lib", "src\gameplay_module_lib\gameplay_module_lib.vcproj", "{F2E0E163-9ABA-42D0-9355-7F2D522EE7D5}"
EndProject
Project("{8BC9CEB8-8B4A-11D0-8D11-00A0C91BC942}") = "ai_share", "src\ai_share\ai_share.vcproj", "{E5AB1E62-031D-4C9C-99CC-AD1A24D20E52}"
EndProject
Project("{8BC9CEB8-8B4A-11D0-8D11-00A0C91BC942}") = "input_output_service", "src\input_output_service\input_output_service.vcproj", "{62149B6A-6CAE-41D5-86A4-A6E433BA87C9}"
	ProjectSection(ProjectDependencies) = postProject
		{792FF016-D048-44E3-BDA8-59C00D1480F7} = {792FF016-D048-44E3-BDA8-59C00D1480F7}
		{44B21233-EFCC-4825-B5E5-3A3BD6CC5516} = {44B21233-EFCC-4825-B5E5-3A3BD6CC5516}
		{4B320F68-0B9B-4065-A2ED-AF5D4B163006} = {4B320F68-0B9B-4065-A2ED-AF5D4B163006}
		{9D284C6B-BE12-4549-87E5-2337D64F31BE} = {9D284C6B-BE12-4549-87E5-2337D64F31BE}
		{67AF56A4-A228-4BFB-BDA8-026CBEDE8BF9} = {67AF56A4-A228-4BFB-BDA8-026CBEDE8BF9}
		{90E800AB-07B7-4317-B3D4-7D7DECB858D1} = {90E800AB-07B7-4317-B3D4-7D7DECB858D1}
	EndProjectSection
EndProject
Project("{8BC9CEB8-8B4A-11D0-8D11-00A0C91BC942}") = "dynamic_scenario_service", "src\dynamic_scenario_service\dynamic_scenario_service.vcproj", "{3BE571C3-9E89-4C46-9D44-8D317FAB599C}"
	ProjectSection(ProjectDependencies) = postProject
		{792FF016-D048-44E3-BDA8-59C00D1480F7} = {792FF016-D048-44E3-BDA8-59C00D1480F7}
		{44B21233-EFCC-4825-B5E5-3A3BD6CC5516} = {44B21233-EFCC-4825-B5E5-3A3BD6CC5516}
		{E5AB1E62-031D-4C9C-99CC-AD1A24D20E52} = {E5AB1E62-031D-4C9C-99CC-AD1A24D20E52}
		{4B320F68-0B9B-4065-A2ED-AF5D4B163006} = {4B320F68-0B9B-4065-A2ED-AF5D4B163006}
		{67AF56A4-A228-4BFB-BDA8-026CBEDE8BF9} = {67AF56A4-A228-4BFB-BDA8-026CBEDE8BF9}
		{90E800AB-07B7-4317-B3D4-7D7DECB858D1} = {90E800AB-07B7-4317-B3D4-7D7DECB858D1}
		{1DDC11C7-AF79-40F3-A6D4-F84BA8644B5C} = {1DDC11C7-AF79-40F3-A6D4-F84BA8644B5C}
	EndProjectSection
EndProject
Project("{8BC9CEB8-8B4A-11D0-8D11-00A0C91BC942}") = "backup_service", "src\backup_service\backup_service.vcproj", "{93A9402D-ADCA-4644-925E-E9E38315D06B}"
	ProjectSection(ProjectDependencies) = postProject
		{792FF016-D048-44E3-BDA8-59C00D1480F7} = {792FF016-D048-44E3-BDA8-59C00D1480F7}
		{44B21233-EFCC-4825-B5E5-3A3BD6CC5516} = {44B21233-EFCC-4825-B5E5-3A3BD6CC5516}
		{4B320F68-0B9B-4065-A2ED-AF5D4B163006} = {4B320F68-0B9B-4065-A2ED-AF5D4B163006}
		{67AF56A4-A228-4BFB-BDA8-026CBEDE8BF9} = {67AF56A4-A228-4BFB-BDA8-026CBEDE8BF9}
		{90E800AB-07B7-4317-B3D4-7D7DECB858D1} = {90E800AB-07B7-4317-B3D4-7D7DECB858D1}
	EndProjectSection
EndProject
Project("{8BC9CEB8-8B4A-11D0-8D11-00A0C91BC942}") = "ai_service", "src\ai_service\ai_service.vcproj", "{4D1D9148-EA23-41C8-8D81-78ED8D2FBD63}"
	ProjectSection(ProjectDependencies) = postProject
		{792FF016-D048-44E3-BDA8-59C00D1480F7} = {792FF016-D048-44E3-BDA8-59C00D1480F7}
		{44B21233-EFCC-4825-B5E5-3A3BD6CC5516} = {44B21233-EFCC-4825-B5E5-3A3BD6CC5516}
		{E5AB1E62-031D-4C9C-99CC-AD1A24D20E52} = {E5AB1E62-031D-4C9C-99CC-AD1A24D20E52}
		{4B320F68-0B9B-4065-A2ED-AF5D4B163006} = {4B320F68-0B9B-4065-A2ED-AF5D4B163006}
		{9D284C6B-BE12-4549-87E5-2337D64F31BE} = {9D284C6B-BE12-4549-87E5-2337D64F31BE}
		{67AF56A4-A228-4BFB-BDA8-026CBEDE8BF9} = {67AF56A4-A228-4BFB-BDA8-026CBEDE8BF9}
		{90E800AB-07B7-4317-B3D4-7D7DECB858D1} = {90E800AB-07B7-4317-B3D4-7D7DECB858D1}
		{1DDC11C7-AF79-40F3-A6D4-F84BA8644B5C} = {1DDC11C7-AF79-40F3-A6D4-F84BA8644B5C}
	EndProjectSection
EndProject
Project("{8BC9CEB8-8B4A-11D0-8D11-00A0C91BC942}") = "frontend_service", "src\frontend_service\frontend_service.vcproj", "{A231B214-BFBA-4CDC-A8E9-C2AD1526DCEB}"
	ProjectSection(ProjectDependencies) = postProject
		{44B21233-EFCC-4825-B5E5-3A3BD6CC5516} = {44B21233-EFCC-4825-B5E5-3A3BD6CC5516}
		{4B320F68-0B9B-4065-A2ED-AF5D4B163006} = {4B320F68-0B9B-4065-A2ED-AF5D4B163006}
		{9D284C6B-BE12-4549-87E5-2337D64F31BE} = {9D284C6B-BE12-4549-87E5-2337D64F31BE}
		{67AF56A4-A228-4BFB-BDA8-026CBEDE8BF9} = {67AF56A4-A228-4BFB-BDA8-026CBEDE8BF9}
		{90E800AB-07B7-4317-B3D4-7D7DECB858D1} = {90E800AB-07B7-4317-B3D4-7D7DECB858D1}
	EndProjectSection
EndProject
Project("{8BC9CEB8-8B4A-11D0-8D11-00A0C91BC942}") = "mirror_service", "src\mirror_service\mirror_service.vcproj", "{BDD7A914-0AAF-452E-829A-449755623790}"
	ProjectSection(ProjectDependencies) = postProject
		{44B21233-EFCC-4825-B5E5-3A3BD6CC5516} = {44B21233-EFCC-4825-B5E5-3A3BD6CC5516}
		{4B320F68-0B9B-4065-A2ED-AF5D4B163006} = {4B320F68-0B9B-4065-A2ED-AF5D4B163006}
		{9D284C6B-BE12-4549-87E5-2337D64F31BE} = {9D284C6B-BE12-4549-87E5-2337D64F31BE}
		{67AF56A4-A228-4BFB-BDA8-026CBEDE8BF9} = {67AF56A4-A228-4BFB-BDA8-026CBEDE8BF9}
		{90E800AB-07B7-4317-B3D4-7D7DECB858D1} = {90E800AB-07B7-4317-B3D4-7D7DECB858D1}
	EndProjectSection
EndProject
Project("{8BC9CEB8-8B4A-11D0-8D11-00A0C91BC942}") = "gpm_service", "src\gpm_service\gpm_service.vcproj", "{C2B1B308-0762-41AD-966A-54EFD72869CC}"
	ProjectSection(ProjectDependencies) = postProject
		{792FF016-D048-44E3-BDA8-59C00D1480F7} = {792FF016-D048-44E3-BDA8-59C00D1480F7}
		{44B21233-EFCC-4825-B5E5-3A3BD6CC5516} = {44B21233-EFCC-4825-B5E5-3A3BD6CC5516}
		{4B320F68-0B9B-4065-A2ED-AF5D4B163006} = {4B320F68-0B9B-4065-A2ED-AF5D4B163006}
		{9D284C6B-BE12-4549-87E5-2337D64F31BE} = {9D284C6B-BE12-4549-87E5-2337D64F31BE}
		{C5253970-8728-4A6F-8BF2-E1D9CF0F3861} = {C5253970-8728-4A6F-8BF2-E1D9CF0F3861}
		{67AF56A4-A228-4BFB-BDA8-026CBEDE8BF9} = {67AF56A4-A228-4BFB-BDA8-026CBEDE8BF9}
		{90E800AB-07B7-4317-B3D4-7D7DECB858D1} = {90E800AB-07B7-4317-B3D4-7D7DECB858D1}
		{1DDC11C7-AF79-40F3-A6D4-F84BA8644B5C} = {1DDC11C7-AF79-40F3-A6D4-F84BA8644B5C}
	EndProjectSection
EndProject
Project("{8BC9CEB8-8B4A-11D0-8D11-00A0C91BC942}") = "georges", "..\..\nel\src\georges.vcproj", "{9D284C6B-BE12-4549-87E5-2337D64F31BE}"
EndProject
Project("{8BC9CEB8-8B4A-11D0-8D11-00A0C91BC942}") = "ligo", "..\..\nel\src\ligo.vcproj", "{1DDC11C7-AF79-40F3-A6D4-F84BA8644B5C}"
EndProject
Project("{8BC9CEB8-8B4A-11D0-8D11-00A0C91BC942}") = "misc", "..\..\nel\src\misc.vcproj", "{44B21233-EFCC-4825-B5E5-3A3BD6CC5516}"
EndProject
Project("{8BC9CEB8-8B4A-11D0-8D11-00A0C91BC942}") = "net", "..\..\nel\src\net.vcproj", "{67AF56A4-A228-4BFB-BDA8-026CBEDE8BF9}"
EndProject
Project("{8BC9CEB8-8B4A-11D0-8D11-00A0C91BC942}") = "pacs", "..\..\nel\src\pacs.vcproj", "{C5253970-8728-4A6F-8BF2-E1D9CF0F3861}"
EndProject
Project("{8BC9CEB8-8B4A-11D0-8D11-00A0C91BC942}") = "server_share", "src\server_share\server_share.vcproj", "{792FF016-D048-44E3-BDA8-59C00D1480F7}"
EndProject
Project("{8BC9CEB8-8B4A-11D0-8D11-00A0C91BC942}") = "client", "..\client\src\client.vcproj", "{0B58874C-AFD1-4A30-9C43-135D36A0A8C7}"
	ProjectSection(ProjectDependencies) = postProject
		{44B21233-EFCC-4825-B5E5-3A3BD6CC5516} = {44B21233-EFCC-4825-B5E5-3A3BD6CC5516}
		{F74C0046-00DA-4A77-9B4D-D9FE5831E705} = {F74C0046-00DA-4A77-9B4D-D9FE5831E705}
		{4B320F68-0B9B-4065-A2ED-AF5D4B163006} = {4B320F68-0B9B-4065-A2ED-AF5D4B163006}
		{9D284C6B-BE12-4549-87E5-2337D64F31BE} = {9D284C6B-BE12-4549-87E5-2337D64F31BE}
		{C5253970-8728-4A6F-8BF2-E1D9CF0F3861} = {C5253970-8728-4A6F-8BF2-E1D9CF0F3861}
		{2B48BE83-108B-4E8E-8A55-6627CF09AC5A} = {2B48BE83-108B-4E8E-8A55-6627CF09AC5A}
		{89064E9B-14E9-4FB2-8536-A9151DF55C68} = {89064E9B-14E9-4FB2-8536-A9151DF55C68}
		{67AF56A4-A228-4BFB-BDA8-026CBEDE8BF9} = {67AF56A4-A228-4BFB-BDA8-026CBEDE8BF9}
		{4AF7ADB2-DAF8-4F04-9793-F92010001470} = {4AF7ADB2-DAF8-4F04-9793-F92010001470}
		{296D8FB5-DB32-48DD-A6AF-10A77A5DEE70} = {296D8FB5-DB32-48DD-A6AF-10A77A5DEE70}
		{1DDC11C7-AF79-40F3-A6D4-F84BA8644B5C} = {1DDC11C7-AF79-40F3-A6D4-F84BA8644B5C}
	EndProjectSection
EndProject
Project("{8BC9CEB8-8B4A-11D0-8D11-00A0C91BC942}") = "client_sheets", "..\client\src\client_sheets\client_sheets.vcproj", "{296D8FB5-DB32-48DD-A6AF-10A77A5DEE70}"
EndProject
Project("{8BC9CEB8-8B4A-11D0-8D11-00A0C91BC942}") = "seven_zip", "..\client\src\seven_zip\seven_zip.vcproj", "{F74C0046-00DA-4A77-9B4D-D9FE5831E705}"
EndProject
Project("{8BC9CEB8-8B4A-11D0-8D11-00A0C91BC942}") = "driver_direct3d", "..\..\nel\src\3d\driver\direct3d\driver_direct3d.vcproj", "{263C0F2E-112D-437F-A6AB-DEA151A7A1F0}"
	ProjectSection(ProjectDependencies) = postProject
		{44B21233-EFCC-4825-B5E5-3A3BD6CC5516} = {44B21233-EFCC-4825-B5E5-3A3BD6CC5516}
		{2B48BE83-108B-4E8E-8A55-6627CF09AC5A} = {2B48BE83-108B-4E8E-8A55-6627CF09AC5A}
	EndProjectSection
EndProject
Project("{8BC9CEB8-8B4A-11D0-8D11-00A0C91BC942}") = "driver_opengl", "..\..\nel\src\3d\driver\opengl\driver_opengl.vcproj", "{1D9576F6-3321-4036-8C86-B5361CCCD4FB}"
	ProjectSection(ProjectDependencies) = postProject
		{44B21233-EFCC-4825-B5E5-3A3BD6CC5516} = {44B21233-EFCC-4825-B5E5-3A3BD6CC5516}
		{2B48BE83-108B-4E8E-8A55-6627CF09AC5A} = {2B48BE83-108B-4E8E-8A55-6627CF09AC5A}
	EndProjectSection
EndProject
Project("{8BC9CEB8-8B4A-11D0-8D11-00A0C91BC942}") = "sound", "..\..\nel\src\sound.vcproj", "{4AF7ADB2-DAF8-4F04-9793-F92010001470}"
EndProject
Project("{8BC9CEB8-8B4A-11D0-8D11-00A0C91BC942}") = "sound_lowlevel", "..\..\nel\src\sound\driver\sound_lowlevel.vcproj", "{89064E9B-14E9-4FB2-8536-A9151DF55C68}"
EndProject
Project("{8BC9CEB8-8B4A-11D0-8D11-00A0C91BC942}") = "driver_fmod", "..\..\nel\src\sound\driver\fmod\driver_fmod.vcproj", "{9440443B-97BA-43C2-A762-31EEC8958BEE}"
	ProjectSection(ProjectDependencies) = postProject
		{44B21233-EFCC-4825-B5E5-3A3BD6CC5516} = {44B21233-EFCC-4825-B5E5-3A3BD6CC5516}
		{89064E9B-14E9-4FB2-8536-A9151DF55C68} = {89064E9B-14E9-4FB2-8536-A9151DF55C68}
	EndProjectSection
EndProject
Project("{8BC9CEB8-8B4A-11D0-8D11-00A0C91BC942}") = "3d", "..\..\nel\src\3d.vcproj", "{2B48BE83-108B-4E8E-8A55-6627CF09AC5A}"
EndProject
Project("{8BC9CEB8-8B4A-11D0-8D11-00A0C91BC942}") = "admin_service", "..\..\nelns\admin_service\admin_service.vcproj", "{AA03E539-FE77-4B63-BE0E-DE637635E5A9}"
	ProjectSection(ProjectDependencies) = postProject
		{44B21233-EFCC-4825-B5E5-3A3BD6CC5516} = {44B21233-EFCC-4825-B5E5-3A3BD6CC5516}
		{67AF56A4-A228-4BFB-BDA8-026CBEDE8BF9} = {67AF56A4-A228-4BFB-BDA8-026CBEDE8BF9}
	EndProjectSection
EndProject
Project("{8BC9CEB8-8B4A-11D0-8D11-00A0C91BC942}") = "monitor_service", "src\monitor_service\monitor_service.vcproj", "{1648BD89-6D2C-441E-9D5A-D83F22F4F5EC}"
	ProjectSection(ProjectDependencies) = postProject
		{44B21233-EFCC-4825-B5E5-3A3BD6CC5516} = {44B21233-EFCC-4825-B5E5-3A3BD6CC5516}
		{4B320F68-0B9B-4065-A2ED-AF5D4B163006} = {4B320F68-0B9B-4065-A2ED-AF5D4B163006}
		{9D284C6B-BE12-4549-87E5-2337D64F31BE} = {9D284C6B-BE12-4549-87E5-2337D64F31BE}
		{67AF56A4-A228-4BFB-BDA8-026CBEDE8BF9} = {67AF56A4-A228-4BFB-BDA8-026CBEDE8BF9}
	EndProjectSection
EndProject
Project("{8BC9CEB8-8B4A-11D0-8D11-00A0C91BC942}") = "pd_reference_builder", "src\pd_reference_builder\pd_reference_builder.vcproj", "{316CF36D-0852-4E13-8E6C-6121E2D8D0A8}"
	ProjectSection(ProjectDependencies) = postProject
		{44B21233-EFCC-4825-B5E5-3A3BD6CC5516} = {44B21233-EFCC-4825-B5E5-3A3BD6CC5516}
		{4B320F68-0B9B-4065-A2ED-AF5D4B163006} = {4B320F68-0B9B-4065-A2ED-AF5D4B163006}
		{86791397-FD1F-47CA-BBC9-3F548EE29872} = {86791397-FD1F-47CA-BBC9-3F548EE29872}
		{67AF56A4-A228-4BFB-BDA8-026CBEDE8BF9} = {67AF56A4-A228-4BFB-BDA8-026CBEDE8BF9}
	EndProjectSection
EndProject
Project("{8BC9CEB8-8B4A-11D0-8D11-00A0C91BC942}") = "mail_forum_service", "src\mail_forum_service\mail_forum_service.vcproj", "{7E1F0D71-C70A-4C99-9DBB-A0627942E09A}"
	ProjectSection(ProjectDependencies) = postProject
		{792FF016-D048-44E3-BDA8-59C00D1480F7} = {792FF016-D048-44E3-BDA8-59C00D1480F7}
		{44B21233-EFCC-4825-B5E5-3A3BD6CC5516} = {44B21233-EFCC-4825-B5E5-3A3BD6CC5516}
		{67AF56A4-A228-4BFB-BDA8-026CBEDE8BF9} = {67AF56A4-A228-4BFB-BDA8-026CBEDE8BF9}
		{90E800AB-07B7-4317-B3D4-7D7DECB858D1} = {90E800AB-07B7-4317-B3D4-7D7DECB858D1}
	EndProjectSection
EndProject
Project("{8BC9CEB8-8B4A-11D0-8D11-00A0C91BC942}") = "logger_service", "src\logger_service\logger_service.vcproj", "{8173204C-1D36-4199-B654-F3120CBA69D4}"
	ProjectSection(ProjectDependencies) = postProject
		{792FF016-D048-44E3-BDA8-59C00D1480F7} = {792FF016-D048-44E3-BDA8-59C00D1480F7}
		{44B21233-EFCC-4825-B5E5-3A3BD6CC5516} = {44B21233-EFCC-4825-B5E5-3A3BD6CC5516}
		{4B320F68-0B9B-4065-A2ED-AF5D4B163006} = {4B320F68-0B9B-4065-A2ED-AF5D4B163006}
		{67AF56A4-A228-4BFB-BDA8-026CBEDE8BF9} = {67AF56A4-A228-4BFB-BDA8-026CBEDE8BF9}
		{90E800AB-07B7-4317-B3D4-7D7DECB858D1} = {90E800AB-07B7-4317-B3D4-7D7DECB858D1}
	EndProjectSection
EndProject
Global
	GlobalSection(SolutionConfigurationPlatforms) = preSolution
		Debug|Win32 = Debug|Win32
		Debug|x64 = Debug|x64
		Release|Win32 = Release|Win32
		Release|x64 = Release|x64
	EndGlobalSection
	GlobalSection(ProjectConfigurationPlatforms) = postSolution
		{4B320F68-0B9B-4065-A2ED-AF5D4B163006}.Debug|Win32.ActiveCfg = Debug|Win32
		{4B320F68-0B9B-4065-A2ED-AF5D4B163006}.Debug|Win32.Build.0 = Debug|Win32
		{4B320F68-0B9B-4065-A2ED-AF5D4B163006}.Debug|x64.ActiveCfg = Debug|x64
		{4B320F68-0B9B-4065-A2ED-AF5D4B163006}.Debug|x64.Build.0 = Debug|x64
		{4B320F68-0B9B-4065-A2ED-AF5D4B163006}.Release|Win32.ActiveCfg = Release|Win32
		{4B320F68-0B9B-4065-A2ED-AF5D4B163006}.Release|Win32.Build.0 = Release|Win32
		{4B320F68-0B9B-4065-A2ED-AF5D4B163006}.Release|x64.ActiveCfg = Release|x64
		{4B320F68-0B9B-4065-A2ED-AF5D4B163006}.Release|x64.Build.0 = Release|x64
		{90E800AB-07B7-4317-B3D4-7D7DECB858D1}.Debug|Win32.ActiveCfg = Debug|Win32
		{90E800AB-07B7-4317-B3D4-7D7DECB858D1}.Debug|Win32.Build.0 = Debug|Win32
		{90E800AB-07B7-4317-B3D4-7D7DECB858D1}.Debug|x64.ActiveCfg = Debug|x64
		{90E800AB-07B7-4317-B3D4-7D7DECB858D1}.Debug|x64.Build.0 = Debug|x64
		{90E800AB-07B7-4317-B3D4-7D7DECB858D1}.Release|Win32.ActiveCfg = Release|Win32
		{90E800AB-07B7-4317-B3D4-7D7DECB858D1}.Release|Win32.Build.0 = Release|Win32
		{90E800AB-07B7-4317-B3D4-7D7DECB858D1}.Release|x64.ActiveCfg = Release|x64
		{90E800AB-07B7-4317-B3D4-7D7DECB858D1}.Release|x64.Build.0 = Release|x64
		{76E2A386-207B-4E7D-879C-F723A6A1F193}.Debug|Win32.ActiveCfg = Debug|Win32
		{76E2A386-207B-4E7D-879C-F723A6A1F193}.Debug|Win32.Build.0 = Debug|Win32
		{76E2A386-207B-4E7D-879C-F723A6A1F193}.Debug|x64.ActiveCfg = Debug|x64
		{76E2A386-207B-4E7D-879C-F723A6A1F193}.Debug|x64.Build.0 = Debug|x64
		{76E2A386-207B-4E7D-879C-F723A6A1F193}.Release|Win32.ActiveCfg = Release|Win32
		{76E2A386-207B-4E7D-879C-F723A6A1F193}.Release|Win32.Build.0 = Release|Win32
		{76E2A386-207B-4E7D-879C-F723A6A1F193}.Release|x64.ActiveCfg = Release|x64
		{76E2A386-207B-4E7D-879C-F723A6A1F193}.Release|x64.Build.0 = Release|x64
		{4319E0CA-A7CD-48A4-B4D4-0DF3574B27EE}.Debug|Win32.ActiveCfg = Debug|Win32
		{4319E0CA-A7CD-48A4-B4D4-0DF3574B27EE}.Debug|Win32.Build.0 = Debug|Win32
		{4319E0CA-A7CD-48A4-B4D4-0DF3574B27EE}.Debug|x64.ActiveCfg = Debug|x64
		{4319E0CA-A7CD-48A4-B4D4-0DF3574B27EE}.Debug|x64.Build.0 = Debug|x64
		{4319E0CA-A7CD-48A4-B4D4-0DF3574B27EE}.Release|Win32.ActiveCfg = Release|Win32
		{4319E0CA-A7CD-48A4-B4D4-0DF3574B27EE}.Release|Win32.Build.0 = Release|Win32
		{4319E0CA-A7CD-48A4-B4D4-0DF3574B27EE}.Release|x64.ActiveCfg = Release|x64
		{4319E0CA-A7CD-48A4-B4D4-0DF3574B27EE}.Release|x64.Build.0 = Release|x64
		{745FBE4A-EA96-4564-A323-0CF31D8C46FC}.Debug|Win32.ActiveCfg = Debug|Win32
		{745FBE4A-EA96-4564-A323-0CF31D8C46FC}.Debug|Win32.Build.0 = Debug|Win32
		{745FBE4A-EA96-4564-A323-0CF31D8C46FC}.Debug|x64.ActiveCfg = Debug|x64
		{745FBE4A-EA96-4564-A323-0CF31D8C46FC}.Debug|x64.Build.0 = Debug|x64
		{745FBE4A-EA96-4564-A323-0CF31D8C46FC}.Release|Win32.ActiveCfg = Release|Win32
		{745FBE4A-EA96-4564-A323-0CF31D8C46FC}.Release|Win32.Build.0 = Release|Win32
		{745FBE4A-EA96-4564-A323-0CF31D8C46FC}.Release|x64.ActiveCfg = Release|x64
		{745FBE4A-EA96-4564-A323-0CF31D8C46FC}.Release|x64.Build.0 = Release|x64
		{11073F98-7CC6-456C-B565-111B0EFAC68F}.Debug|Win32.ActiveCfg = Debug|Win32
		{11073F98-7CC6-456C-B565-111B0EFAC68F}.Debug|Win32.Build.0 = Debug|Win32
		{11073F98-7CC6-456C-B565-111B0EFAC68F}.Debug|x64.ActiveCfg = Debug|x64
		{11073F98-7CC6-456C-B565-111B0EFAC68F}.Debug|x64.Build.0 = Debug|x64
		{11073F98-7CC6-456C-B565-111B0EFAC68F}.Release|Win32.ActiveCfg = Release|Win32
		{11073F98-7CC6-456C-B565-111B0EFAC68F}.Release|Win32.Build.0 = Release|Win32
		{11073F98-7CC6-456C-B565-111B0EFAC68F}.Release|x64.ActiveCfg = Release|x64
		{11073F98-7CC6-456C-B565-111B0EFAC68F}.Release|x64.Build.0 = Release|x64
		{1639711D-A1A5-4D09-B042-7475C3290207}.Debug|Win32.ActiveCfg = Debug|Win32
		{1639711D-A1A5-4D09-B042-7475C3290207}.Debug|Win32.Build.0 = Debug|Win32
		{1639711D-A1A5-4D09-B042-7475C3290207}.Debug|x64.ActiveCfg = Debug|x64
		{1639711D-A1A5-4D09-B042-7475C3290207}.Debug|x64.Build.0 = Debug|x64
		{1639711D-A1A5-4D09-B042-7475C3290207}.Release|Win32.ActiveCfg = Release|Win32
		{1639711D-A1A5-4D09-B042-7475C3290207}.Release|Win32.Build.0 = Release|Win32
		{1639711D-A1A5-4D09-B042-7475C3290207}.Release|x64.ActiveCfg = Release|x64
		{1639711D-A1A5-4D09-B042-7475C3290207}.Release|x64.Build.0 = Release|x64
		{F0429C92-09ED-4B3B-BD75-53921CC324A1}.Debug|Win32.ActiveCfg = Debug|Win32
		{F0429C92-09ED-4B3B-BD75-53921CC324A1}.Debug|Win32.Build.0 = Debug|Win32
		{F0429C92-09ED-4B3B-BD75-53921CC324A1}.Debug|x64.ActiveCfg = Debug|x64
		{F0429C92-09ED-4B3B-BD75-53921CC324A1}.Debug|x64.Build.0 = Debug|x64
		{F0429C92-09ED-4B3B-BD75-53921CC324A1}.Release|Win32.ActiveCfg = Release|Win32
		{F0429C92-09ED-4B3B-BD75-53921CC324A1}.Release|Win32.Build.0 = Release|Win32
		{F0429C92-09ED-4B3B-BD75-53921CC324A1}.Release|x64.ActiveCfg = Release|x64
		{F0429C92-09ED-4B3B-BD75-53921CC324A1}.Release|x64.Build.0 = Release|x64
		{C0F5F05F-A2AC-44B9-B12E-A33D8CA9A685}.Debug|Win32.ActiveCfg = Debug|Win32
		{C0F5F05F-A2AC-44B9-B12E-A33D8CA9A685}.Debug|Win32.Build.0 = Debug|Win32
		{C0F5F05F-A2AC-44B9-B12E-A33D8CA9A685}.Debug|x64.ActiveCfg = Debug|x64
		{C0F5F05F-A2AC-44B9-B12E-A33D8CA9A685}.Debug|x64.Build.0 = Debug|x64
		{C0F5F05F-A2AC-44B9-B12E-A33D8CA9A685}.Release|Win32.ActiveCfg = Release|Win32
		{C0F5F05F-A2AC-44B9-B12E-A33D8CA9A685}.Release|Win32.Build.0 = Release|Win32
		{C0F5F05F-A2AC-44B9-B12E-A33D8CA9A685}.Release|x64.ActiveCfg = Release|x64
		{C0F5F05F-A2AC-44B9-B12E-A33D8CA9A685}.Release|x64.Build.0 = Release|x64
		{86791397-FD1F-47CA-BBC9-3F548EE29872}.Debug|Win32.ActiveCfg = Debug|Win32
		{86791397-FD1F-47CA-BBC9-3F548EE29872}.Debug|Win32.Build.0 = Debug|Win32
		{86791397-FD1F-47CA-BBC9-3F548EE29872}.Debug|x64.ActiveCfg = Debug|x64
		{86791397-FD1F-47CA-BBC9-3F548EE29872}.Debug|x64.Build.0 = Debug|x64
		{86791397-FD1F-47CA-BBC9-3F548EE29872}.Release|Win32.ActiveCfg = Release|Win32
		{86791397-FD1F-47CA-BBC9-3F548EE29872}.Release|Win32.Build.0 = Release|Win32
		{86791397-FD1F-47CA-BBC9-3F548EE29872}.Release|x64.ActiveCfg = Release|x64
		{86791397-FD1F-47CA-BBC9-3F548EE29872}.Release|x64.Build.0 = Release|x64
		{739A60A6-232B-4334-B597-57C61FB93760}.Debug|Win32.ActiveCfg = Debug|Win32
		{739A60A6-232B-4334-B597-57C61FB93760}.Debug|Win32.Build.0 = Debug|Win32
		{739A60A6-232B-4334-B597-57C61FB93760}.Debug|x64.ActiveCfg = Debug|x64
		{739A60A6-232B-4334-B597-57C61FB93760}.Debug|x64.Build.0 = Debug|x64
		{739A60A6-232B-4334-B597-57C61FB93760}.Release|Win32.ActiveCfg = Release|Win32
		{739A60A6-232B-4334-B597-57C61FB93760}.Release|Win32.Build.0 = Release|Win32
		{739A60A6-232B-4334-B597-57C61FB93760}.Release|x64.ActiveCfg = Release|x64
		{739A60A6-232B-4334-B597-57C61FB93760}.Release|x64.Build.0 = Release|x64
		{F2E0E163-9ABA-42D0-9355-7F2D522EE7D5}.Debug|Win32.ActiveCfg = Debug|Win32
		{F2E0E163-9ABA-42D0-9355-7F2D522EE7D5}.Debug|Win32.Build.0 = Debug|Win32
		{F2E0E163-9ABA-42D0-9355-7F2D522EE7D5}.Debug|x64.ActiveCfg = Debug|x64
		{F2E0E163-9ABA-42D0-9355-7F2D522EE7D5}.Debug|x64.Build.0 = Debug|x64
		{F2E0E163-9ABA-42D0-9355-7F2D522EE7D5}.Release|Win32.ActiveCfg = Release|Win32
		{F2E0E163-9ABA-42D0-9355-7F2D522EE7D5}.Release|Win32.Build.0 = Release|Win32
		{F2E0E163-9ABA-42D0-9355-7F2D522EE7D5}.Release|x64.ActiveCfg = Release|x64
		{F2E0E163-9ABA-42D0-9355-7F2D522EE7D5}.Release|x64.Build.0 = Release|x64
		{E5AB1E62-031D-4C9C-99CC-AD1A24D20E52}.Debug|Win32.ActiveCfg = Debug|Win32
		{E5AB1E62-031D-4C9C-99CC-AD1A24D20E52}.Debug|Win32.Build.0 = Debug|Win32
		{E5AB1E62-031D-4C9C-99CC-AD1A24D20E52}.Debug|x64.ActiveCfg = Debug|x64
		{E5AB1E62-031D-4C9C-99CC-AD1A24D20E52}.Debug|x64.Build.0 = Debug|x64
		{E5AB1E62-031D-4C9C-99CC-AD1A24D20E52}.Release|Win32.ActiveCfg = Release|Win32
		{E5AB1E62-031D-4C9C-99CC-AD1A24D20E52}.Release|Win32.Build.0 = Release|Win32
		{E5AB1E62-031D-4C9C-99CC-AD1A24D20E52}.Release|x64.ActiveCfg = Release|x64
		{E5AB1E62-031D-4C9C-99CC-AD1A24D20E52}.Release|x64.Build.0 = Release|x64
		{62149B6A-6CAE-41D5-86A4-A6E433BA87C9}.Debug|Win32.ActiveCfg = Debug|Win32
		{62149B6A-6CAE-41D5-86A4-A6E433BA87C9}.Debug|Win32.Build.0 = Debug|Win32
		{62149B6A-6CAE-41D5-86A4-A6E433BA87C9}.Debug|x64.ActiveCfg = Debug|x64
		{62149B6A-6CAE-41D5-86A4-A6E433BA87C9}.Debug|x64.Build.0 = Debug|x64
		{62149B6A-6CAE-41D5-86A4-A6E433BA87C9}.Release|Win32.ActiveCfg = Release|Win32
		{62149B6A-6CAE-41D5-86A4-A6E433BA87C9}.Release|Win32.Build.0 = Release|Win32
		{62149B6A-6CAE-41D5-86A4-A6E433BA87C9}.Release|x64.ActiveCfg = Release|x64
		{62149B6A-6CAE-41D5-86A4-A6E433BA87C9}.Release|x64.Build.0 = Release|x64
		{3BE571C3-9E89-4C46-9D44-8D317FAB599C}.Debug|Win32.ActiveCfg = Debug|Win32
		{3BE571C3-9E89-4C46-9D44-8D317FAB599C}.Debug|Win32.Build.0 = Debug|Win32
		{3BE571C3-9E89-4C46-9D44-8D317FAB599C}.Debug|x64.ActiveCfg = Debug|x64
		{3BE571C3-9E89-4C46-9D44-8D317FAB599C}.Debug|x64.Build.0 = Debug|x64
		{3BE571C3-9E89-4C46-9D44-8D317FAB599C}.Release|Win32.ActiveCfg = Release|Win32
		{3BE571C3-9E89-4C46-9D44-8D317FAB599C}.Release|Win32.Build.0 = Release|Win32
		{3BE571C3-9E89-4C46-9D44-8D317FAB599C}.Release|x64.ActiveCfg = Release|x64
		{3BE571C3-9E89-4C46-9D44-8D317FAB599C}.Release|x64.Build.0 = Release|x64
		{93A9402D-ADCA-4644-925E-E9E38315D06B}.Debug|Win32.ActiveCfg = Debug|Win32
		{93A9402D-ADCA-4644-925E-E9E38315D06B}.Debug|Win32.Build.0 = Debug|Win32
		{93A9402D-ADCA-4644-925E-E9E38315D06B}.Debug|x64.ActiveCfg = Debug|x64
		{93A9402D-ADCA-4644-925E-E9E38315D06B}.Debug|x64.Build.0 = Debug|x64
		{93A9402D-ADCA-4644-925E-E9E38315D06B}.Release|Win32.ActiveCfg = Release|Win32
		{93A9402D-ADCA-4644-925E-E9E38315D06B}.Release|Win32.Build.0 = Release|Win32
		{93A9402D-ADCA-4644-925E-E9E38315D06B}.Release|x64.ActiveCfg = Release|x64
		{93A9402D-ADCA-4644-925E-E9E38315D06B}.Release|x64.Build.0 = Release|x64
		{4D1D9148-EA23-41C8-8D81-78ED8D2FBD63}.Debug|Win32.ActiveCfg = Debug|Win32
		{4D1D9148-EA23-41C8-8D81-78ED8D2FBD63}.Debug|Win32.Build.0 = Debug|Win32
		{4D1D9148-EA23-41C8-8D81-78ED8D2FBD63}.Debug|x64.ActiveCfg = Debug|x64
		{4D1D9148-EA23-41C8-8D81-78ED8D2FBD63}.Debug|x64.Build.0 = Debug|x64
		{4D1D9148-EA23-41C8-8D81-78ED8D2FBD63}.Release|Win32.ActiveCfg = Release|Win32
		{4D1D9148-EA23-41C8-8D81-78ED8D2FBD63}.Release|Win32.Build.0 = Release|Win32
		{4D1D9148-EA23-41C8-8D81-78ED8D2FBD63}.Release|x64.ActiveCfg = Release|x64
		{4D1D9148-EA23-41C8-8D81-78ED8D2FBD63}.Release|x64.Build.0 = Release|x64
		{A231B214-BFBA-4CDC-A8E9-C2AD1526DCEB}.Debug|Win32.ActiveCfg = Debug|Win32
		{A231B214-BFBA-4CDC-A8E9-C2AD1526DCEB}.Debug|Win32.Build.0 = Debug|Win32
		{A231B214-BFBA-4CDC-A8E9-C2AD1526DCEB}.Debug|x64.ActiveCfg = Debug|x64
		{A231B214-BFBA-4CDC-A8E9-C2AD1526DCEB}.Debug|x64.Build.0 = Debug|x64
		{A231B214-BFBA-4CDC-A8E9-C2AD1526DCEB}.Release|Win32.ActiveCfg = Release|Win32
		{A231B214-BFBA-4CDC-A8E9-C2AD1526DCEB}.Release|Win32.Build.0 = Release|Win32
		{A231B214-BFBA-4CDC-A8E9-C2AD1526DCEB}.Release|x64.ActiveCfg = Release|x64
		{A231B214-BFBA-4CDC-A8E9-C2AD1526DCEB}.Release|x64.Build.0 = Release|x64
		{BDD7A914-0AAF-452E-829A-449755623790}.Debug|Win32.ActiveCfg = Debug|Win32
		{BDD7A914-0AAF-452E-829A-449755623790}.Debug|Win32.Build.0 = Debug|Win32
		{BDD7A914-0AAF-452E-829A-449755623790}.Debug|x64.ActiveCfg = Debug|x64
		{BDD7A914-0AAF-452E-829A-449755623790}.Debug|x64.Build.0 = Debug|x64
		{BDD7A914-0AAF-452E-829A-449755623790}.Release|Win32.ActiveCfg = Release|Win32
		{BDD7A914-0AAF-452E-829A-449755623790}.Release|Win32.Build.0 = Release|Win32
		{BDD7A914-0AAF-452E-829A-449755623790}.Release|x64.ActiveCfg = Release|x64
		{BDD7A914-0AAF-452E-829A-449755623790}.Release|x64.Build.0 = Release|x64
		{C2B1B308-0762-41AD-966A-54EFD72869CC}.Debug|Win32.ActiveCfg = Debug|Win32
		{C2B1B308-0762-41AD-966A-54EFD72869CC}.Debug|Win32.Build.0 = Debug|Win32
		{C2B1B308-0762-41AD-966A-54EFD72869CC}.Debug|x64.ActiveCfg = Debug|x64
		{C2B1B308-0762-41AD-966A-54EFD72869CC}.Debug|x64.Build.0 = Debug|x64
		{C2B1B308-0762-41AD-966A-54EFD72869CC}.Release|Win32.ActiveCfg = Release|Win32
		{C2B1B308-0762-41AD-966A-54EFD72869CC}.Release|Win32.Build.0 = Release|Win32
		{C2B1B308-0762-41AD-966A-54EFD72869CC}.Release|x64.ActiveCfg = Release|x64
		{C2B1B308-0762-41AD-966A-54EFD72869CC}.Release|x64.Build.0 = Release|x64
		{9D284C6B-BE12-4549-87E5-2337D64F31BE}.Debug|Win32.ActiveCfg = Debug|Win32
		{9D284C6B-BE12-4549-87E5-2337D64F31BE}.Debug|Win32.Build.0 = Debug|Win32
		{9D284C6B-BE12-4549-87E5-2337D64F31BE}.Debug|x64.ActiveCfg = Debug|x64
		{9D284C6B-BE12-4549-87E5-2337D64F31BE}.Debug|x64.Build.0 = Debug|x64
		{9D284C6B-BE12-4549-87E5-2337D64F31BE}.Release|Win32.ActiveCfg = Release|Win32
		{9D284C6B-BE12-4549-87E5-2337D64F31BE}.Release|Win32.Build.0 = Release|Win32
		{9D284C6B-BE12-4549-87E5-2337D64F31BE}.Release|x64.ActiveCfg = Release|x64
		{9D284C6B-BE12-4549-87E5-2337D64F31BE}.Release|x64.Build.0 = Release|x64
		{1DDC11C7-AF79-40F3-A6D4-F84BA8644B5C}.Debug|Win32.ActiveCfg = Debug|Win32
		{1DDC11C7-AF79-40F3-A6D4-F84BA8644B5C}.Debug|Win32.Build.0 = Debug|Win32
		{1DDC11C7-AF79-40F3-A6D4-F84BA8644B5C}.Debug|x64.ActiveCfg = Debug|x64
		{1DDC11C7-AF79-40F3-A6D4-F84BA8644B5C}.Debug|x64.Build.0 = Debug|x64
		{1DDC11C7-AF79-40F3-A6D4-F84BA8644B5C}.Release|Win32.ActiveCfg = Release|Win32
		{1DDC11C7-AF79-40F3-A6D4-F84BA8644B5C}.Release|Win32.Build.0 = Release|Win32
		{1DDC11C7-AF79-40F3-A6D4-F84BA8644B5C}.Release|x64.ActiveCfg = Release|x64
		{1DDC11C7-AF79-40F3-A6D4-F84BA8644B5C}.Release|x64.Build.0 = Release|x64
		{44B21233-EFCC-4825-B5E5-3A3BD6CC5516}.Debug|Win32.ActiveCfg = Debug|Win32
		{44B21233-EFCC-4825-B5E5-3A3BD6CC5516}.Debug|Win32.Build.0 = Debug|Win32
		{44B21233-EFCC-4825-B5E5-3A3BD6CC5516}.Debug|x64.ActiveCfg = Debug|x64
		{44B21233-EFCC-4825-B5E5-3A3BD6CC5516}.Debug|x64.Build.0 = Debug|x64
		{44B21233-EFCC-4825-B5E5-3A3BD6CC5516}.Release|Win32.ActiveCfg = Release|Win32
		{44B21233-EFCC-4825-B5E5-3A3BD6CC5516}.Release|Win32.Build.0 = Release|Win32
		{44B21233-EFCC-4825-B5E5-3A3BD6CC5516}.Release|x64.ActiveCfg = Release|x64
		{44B21233-EFCC-4825-B5E5-3A3BD6CC5516}.Release|x64.Build.0 = Release|x64
		{67AF56A4-A228-4BFB-BDA8-026CBEDE8BF9}.Debug|Win32.ActiveCfg = Debug|Win32
		{67AF56A4-A228-4BFB-BDA8-026CBEDE8BF9}.Debug|Win32.Build.0 = Debug|Win32
		{67AF56A4-A228-4BFB-BDA8-026CBEDE8BF9}.Debug|x64.ActiveCfg = Debug|x64
		{67AF56A4-A228-4BFB-BDA8-026CBEDE8BF9}.Debug|x64.Build.0 = Debug|x64
		{67AF56A4-A228-4BFB-BDA8-026CBEDE8BF9}.Release|Win32.ActiveCfg = Release|Win32
		{67AF56A4-A228-4BFB-BDA8-026CBEDE8BF9}.Release|Win32.Build.0 = Release|Win32
		{67AF56A4-A228-4BFB-BDA8-026CBEDE8BF9}.Release|x64.ActiveCfg = Release|x64
		{67AF56A4-A228-4BFB-BDA8-026CBEDE8BF9}.Release|x64.Build.0 = Release|x64
		{C5253970-8728-4A6F-8BF2-E1D9CF0F3861}.Debug|Win32.ActiveCfg = Debug|Win32
		{C5253970-8728-4A6F-8BF2-E1D9CF0F3861}.Debug|Win32.Build.0 = Debug|Win32
		{C5253970-8728-4A6F-8BF2-E1D9CF0F3861}.Debug|x64.ActiveCfg = Debug|x64
		{C5253970-8728-4A6F-8BF2-E1D9CF0F3861}.Debug|x64.Build.0 = Debug|x64
		{C5253970-8728-4A6F-8BF2-E1D9CF0F3861}.Release|Win32.ActiveCfg = Release|Win32
		{C5253970-8728-4A6F-8BF2-E1D9CF0F3861}.Release|Win32.Build.0 = Release|Win32
		{C5253970-8728-4A6F-8BF2-E1D9CF0F3861}.Release|x64.ActiveCfg = Release|x64
		{C5253970-8728-4A6F-8BF2-E1D9CF0F3861}.Release|x64.Build.0 = Release|x64
		{792FF016-D048-44E3-BDA8-59C00D1480F7}.Debug|Win32.ActiveCfg = Debug|Win32
		{792FF016-D048-44E3-BDA8-59C00D1480F7}.Debug|Win32.Build.0 = Debug|Win32
		{792FF016-D048-44E3-BDA8-59C00D1480F7}.Debug|x64.ActiveCfg = Debug|x64
		{792FF016-D048-44E3-BDA8-59C00D1480F7}.Debug|x64.Build.0 = Debug|x64
		{792FF016-D048-44E3-BDA8-59C00D1480F7}.Release|Win32.ActiveCfg = Release|Win32
		{792FF016-D048-44E3-BDA8-59C00D1480F7}.Release|Win32.Build.0 = Release|Win32
		{792FF016-D048-44E3-BDA8-59C00D1480F7}.Release|x64.ActiveCfg = Release|x64
		{792FF016-D048-44E3-BDA8-59C00D1480F7}.Release|x64.Build.0 = Release|x64
		{0B58874C-AFD1-4A30-9C43-135D36A0A8C7}.Debug|Win32.ActiveCfg = Debug|Win32
		{0B58874C-AFD1-4A30-9C43-135D36A0A8C7}.Debug|Win32.Build.0 = Debug|Win32
		{0B58874C-AFD1-4A30-9C43-135D36A0A8C7}.Debug|x64.ActiveCfg = Debug|x64
		{0B58874C-AFD1-4A30-9C43-135D36A0A8C7}.Debug|x64.Build.0 = Debug|x64
		{0B58874C-AFD1-4A30-9C43-135D36A0A8C7}.Release|Win32.ActiveCfg = Release|Win32
		{0B58874C-AFD1-4A30-9C43-135D36A0A8C7}.Release|Win32.Build.0 = Release|Win32
		{0B58874C-AFD1-4A30-9C43-135D36A0A8C7}.Release|x64.ActiveCfg = Release|x64
		{0B58874C-AFD1-4A30-9C43-135D36A0A8C7}.Release|x64.Build.0 = Release|x64
		{296D8FB5-DB32-48DD-A6AF-10A77A5DEE70}.Debug|Win32.ActiveCfg = Debug|Win32
		{296D8FB5-DB32-48DD-A6AF-10A77A5DEE70}.Debug|Win32.Build.0 = Debug|Win32
		{296D8FB5-DB32-48DD-A6AF-10A77A5DEE70}.Debug|x64.ActiveCfg = Debug|x64
		{296D8FB5-DB32-48DD-A6AF-10A77A5DEE70}.Debug|x64.Build.0 = Debug|x64
		{296D8FB5-DB32-48DD-A6AF-10A77A5DEE70}.Release|Win32.ActiveCfg = Release|Win32
		{296D8FB5-DB32-48DD-A6AF-10A77A5DEE70}.Release|Win32.Build.0 = Release|Win32
		{296D8FB5-DB32-48DD-A6AF-10A77A5DEE70}.Release|x64.ActiveCfg = Release|x64
		{296D8FB5-DB32-48DD-A6AF-10A77A5DEE70}.Release|x64.Build.0 = Release|x64
		{F74C0046-00DA-4A77-9B4D-D9FE5831E705}.Debug|Win32.ActiveCfg = Debug|Win32
		{F74C0046-00DA-4A77-9B4D-D9FE5831E705}.Debug|Win32.Build.0 = Debug|Win32
		{F74C0046-00DA-4A77-9B4D-D9FE5831E705}.Debug|x64.ActiveCfg = Debug|x64
		{F74C0046-00DA-4A77-9B4D-D9FE5831E705}.Debug|x64.Build.0 = Debug|x64
		{F74C0046-00DA-4A77-9B4D-D9FE5831E705}.Release|Win32.ActiveCfg = Release|Win32
		{F74C0046-00DA-4A77-9B4D-D9FE5831E705}.Release|Win32.Build.0 = Release|Win32
		{F74C0046-00DA-4A77-9B4D-D9FE5831E705}.Release|x64.ActiveCfg = Release|x64
		{F74C0046-00DA-4A77-9B4D-D9FE5831E705}.Release|x64.Build.0 = Release|x64
		{263C0F2E-112D-437F-A6AB-DEA151A7A1F0}.Debug|Win32.ActiveCfg = Debug|Win32
		{263C0F2E-112D-437F-A6AB-DEA151A7A1F0}.Debug|Win32.Build.0 = Debug|Win32
		{263C0F2E-112D-437F-A6AB-DEA151A7A1F0}.Debug|x64.ActiveCfg = Debug|x64
		{263C0F2E-112D-437F-A6AB-DEA151A7A1F0}.Debug|x64.Build.0 = Debug|x64
		{263C0F2E-112D-437F-A6AB-DEA151A7A1F0}.Release|Win32.ActiveCfg = Release|Win32
		{263C0F2E-112D-437F-A6AB-DEA151A7A1F0}.Release|Win32.Build.0 = Release|Win32
		{263C0F2E-112D-437F-A6AB-DEA151A7A1F0}.Release|x64.ActiveCfg = Release|x64
		{263C0F2E-112D-437F-A6AB-DEA151A7A1F0}.Release|x64.Build.0 = Release|x64
		{1D9576F6-3321-4036-8C86-B5361CCCD4FB}.Debug|Win32.ActiveCfg = Debug|Win32
		{1D9576F6-3321-4036-8C86-B5361CCCD4FB}.Debug|Win32.Build.0 = Debug|Win32
		{1D9576F6-3321-4036-8C86-B5361CCCD4FB}.Debug|x64.ActiveCfg = Debug|x64
		{1D9576F6-3321-4036-8C86-B5361CCCD4FB}.Debug|x64.Build.0 = Debug|x64
		{1D9576F6-3321-4036-8C86-B5361CCCD4FB}.Release|Win32.ActiveCfg = Release|Win32
		{1D9576F6-3321-4036-8C86-B5361CCCD4FB}.Release|Win32.Build.0 = Release|Win32
		{1D9576F6-3321-4036-8C86-B5361CCCD4FB}.Release|x64.ActiveCfg = Release|x64
		{1D9576F6-3321-4036-8C86-B5361CCCD4FB}.Release|x64.Build.0 = Release|x64
		{4AF7ADB2-DAF8-4F04-9793-F92010001470}.Debug|Win32.ActiveCfg = Debug|Win32
		{4AF7ADB2-DAF8-4F04-9793-F92010001470}.Debug|Win32.Build.0 = Debug|Win32
		{4AF7ADB2-DAF8-4F04-9793-F92010001470}.Debug|x64.ActiveCfg = Debug|x64
		{4AF7ADB2-DAF8-4F04-9793-F92010001470}.Debug|x64.Build.0 = Debug|x64
		{4AF7ADB2-DAF8-4F04-9793-F92010001470}.Release|Win32.ActiveCfg = Release|Win32
		{4AF7ADB2-DAF8-4F04-9793-F92010001470}.Release|Win32.Build.0 = Release|Win32
		{4AF7ADB2-DAF8-4F04-9793-F92010001470}.Release|x64.ActiveCfg = Release|x64
		{4AF7ADB2-DAF8-4F04-9793-F92010001470}.Release|x64.Build.0 = Release|x64
		{89064E9B-14E9-4FB2-8536-A9151DF55C68}.Debug|Win32.ActiveCfg = Debug|Win32
		{89064E9B-14E9-4FB2-8536-A9151DF55C68}.Debug|Win32.Build.0 = Debug|Win32
		{89064E9B-14E9-4FB2-8536-A9151DF55C68}.Debug|x64.ActiveCfg = Debug|x64
		{89064E9B-14E9-4FB2-8536-A9151DF55C68}.Debug|x64.Build.0 = Debug|x64
		{89064E9B-14E9-4FB2-8536-A9151DF55C68}.Release|Win32.ActiveCfg = Release|Win32
		{89064E9B-14E9-4FB2-8536-A9151DF55C68}.Release|Win32.Build.0 = Release|Win32
		{89064E9B-14E9-4FB2-8536-A9151DF55C68}.Release|x64.ActiveCfg = Release|x64
		{89064E9B-14E9-4FB2-8536-A9151DF55C68}.Release|x64.Build.0 = Release|x64
		{9440443B-97BA-43C2-A762-31EEC8958BEE}.Debug|Win32.ActiveCfg = Debug|Win32
		{9440443B-97BA-43C2-A762-31EEC8958BEE}.Debug|Win32.Build.0 = Debug|Win32
		{9440443B-97BA-43C2-A762-31EEC8958BEE}.Debug|x64.ActiveCfg = Debug|x64
		{9440443B-97BA-43C2-A762-31EEC8958BEE}.Debug|x64.Build.0 = Debug|x64
		{9440443B-97BA-43C2-A762-31EEC8958BEE}.Release|Win32.ActiveCfg = Release|Win32
		{9440443B-97BA-43C2-A762-31EEC8958BEE}.Release|Win32.Build.0 = Release|Win32
		{9440443B-97BA-43C2-A762-31EEC8958BEE}.Release|x64.ActiveCfg = Release|x64
		{9440443B-97BA-43C2-A762-31EEC8958BEE}.Release|x64.Build.0 = Release|x64
		{2B48BE83-108B-4E8E-8A55-6627CF09AC5A}.Debug|Win32.ActiveCfg = Debug|Win32
		{2B48BE83-108B-4E8E-8A55-6627CF09AC5A}.Debug|Win32.Build.0 = Debug|Win32
		{2B48BE83-108B-4E8E-8A55-6627CF09AC5A}.Debug|x64.ActiveCfg = Debug|x64
		{2B48BE83-108B-4E8E-8A55-6627CF09AC5A}.Debug|x64.Build.0 = Debug|x64
		{2B48BE83-108B-4E8E-8A55-6627CF09AC5A}.Release|Win32.ActiveCfg = Release|Win32
		{2B48BE83-108B-4E8E-8A55-6627CF09AC5A}.Release|Win32.Build.0 = Release|Win32
		{2B48BE83-108B-4E8E-8A55-6627CF09AC5A}.Release|x64.ActiveCfg = Release|x64
		{2B48BE83-108B-4E8E-8A55-6627CF09AC5A}.Release|x64.Build.0 = Release|x64
		{AA03E539-FE77-4B63-BE0E-DE637635E5A9}.Debug|Win32.ActiveCfg = Debug|Win32
		{AA03E539-FE77-4B63-BE0E-DE637635E5A9}.Debug|Win32.Build.0 = Debug|Win32
		{AA03E539-FE77-4B63-BE0E-DE637635E5A9}.Debug|x64.ActiveCfg = Debug|x64
		{AA03E539-FE77-4B63-BE0E-DE637635E5A9}.Debug|x64.Build.0 = Debug|x64
		{AA03E539-FE77-4B63-BE0E-DE637635E5A9}.Release|Win32.ActiveCfg = Release|Win32
		{AA03E539-FE77-4B63-BE0E-DE637635E5A9}.Release|Win32.Build.0 = Release|Win32
		{AA03E539-FE77-4B63-BE0E-DE637635E5A9}.Release|x64.ActiveCfg = Release|x64
		{AA03E539-FE77-4B63-BE0E-DE637635E5A9}.Release|x64.Build.0 = Release|x64
		{1648BD89-6D2C-441E-9D5A-D83F22F4F5EC}.Debug|Win32.ActiveCfg = Debug|Win32
		{1648BD89-6D2C-441E-9D5A-D83F22F4F5EC}.Debug|Win32.Build.0 = Debug|Win32
		{1648BD89-6D2C-441E-9D5A-D83F22F4F5EC}.Debug|x64.ActiveCfg = Debug|x64
		{1648BD89-6D2C-441E-9D5A-D83F22F4F5EC}.Debug|x64.Build.0 = Debug|x64
		{1648BD89-6D2C-441E-9D5A-D83F22F4F5EC}.Release|Win32.ActiveCfg = Release|Win32
		{1648BD89-6D2C-441E-9D5A-D83F22F4F5EC}.Release|Win32.Build.0 = Release|Win32
		{1648BD89-6D2C-441E-9D5A-D83F22F4F5EC}.Release|x64.ActiveCfg = Release|x64
		{1648BD89-6D2C-441E-9D5A-D83F22F4F5EC}.Release|x64.Build.0 = Release|x64
		{316CF36D-0852-4E13-8E6C-6121E2D8D0A8}.Debug|Win32.ActiveCfg = Debug|Win32
		{316CF36D-0852-4E13-8E6C-6121E2D8D0A8}.Debug|Win32.Build.0 = Debug|Win32
		{316CF36D-0852-4E13-8E6C-6121E2D8D0A8}.Debug|x64.ActiveCfg = Debug|x64
		{316CF36D-0852-4E13-8E6C-6121E2D8D0A8}.Debug|x64.Build.0 = Debug|x64
		{316CF36D-0852-4E13-8E6C-6121E2D8D0A8}.Release|Win32.ActiveCfg = Release|Win32
		{316CF36D-0852-4E13-8E6C-6121E2D8D0A8}.Release|Win32.Build.0 = Release|Win32
		{316CF36D-0852-4E13-8E6C-6121E2D8D0A8}.Release|x64.ActiveCfg = Release|x64
		{316CF36D-0852-4E13-8E6C-6121E2D8D0A8}.Release|x64.Build.0 = Release|x64
		{7E1F0D71-C70A-4C99-9DBB-A0627942E09A}.Debug|Win32.ActiveCfg = Debug|Win32
		{7E1F0D71-C70A-4C99-9DBB-A0627942E09A}.Debug|Win32.Build.0 = Debug|Win32
		{7E1F0D71-C70A-4C99-9DBB-A0627942E09A}.Debug|x64.ActiveCfg = Debug|x64
		{7E1F0D71-C70A-4C99-9DBB-A0627942E09A}.Debug|x64.Build.0 = Debug|x64
		{7E1F0D71-C70A-4C99-9DBB-A0627942E09A}.Release|Win32.ActiveCfg = Release|Win32
		{7E1F0D71-C70A-4C99-9DBB-A0627942E09A}.Release|Win32.Build.0 = Release|Win32
		{7E1F0D71-C70A-4C99-9DBB-A0627942E09A}.Release|x64.ActiveCfg = Release|x64
		{7E1F0D71-C70A-4C99-9DBB-A0627942E09A}.Release|x64.Build.0 = Release|x64
		{8173204C-1D36-4199-B654-F3120CBA69D4}.Debug|Win32.ActiveCfg = Debug|Win32
		{8173204C-1D36-4199-B654-F3120CBA69D4}.Debug|Win32.Build.0 = Debug|Win32
		{8173204C-1D36-4199-B654-F3120CBA69D4}.Debug|x64.ActiveCfg = Debug|x64
		{8173204C-1D36-4199-B654-F3120CBA69D4}.Debug|x64.Build.0 = Debug|x64
		{8173204C-1D36-4199-B654-F3120CBA69D4}.Release|Win32.ActiveCfg = Release|Win32
		{8173204C-1D36-4199-B654-F3120CBA69D4}.Release|Win32.Build.0 = Release|Win32
		{8173204C-1D36-4199-B654-F3120CBA69D4}.Release|x64.ActiveCfg = Release|x64
		{8173204C-1D36-4199-B654-F3120CBA69D4}.Release|x64.Build.0 = Release|x64
	EndGlobalSection
	GlobalSection(SolutionProperties) = preSolution
		HideSolutionNode = FALSE
	EndGlobalSection
EndGlobal
