Microsoft Visual Studio Solution File, Format Version 10.00
# Visual C++ Express 2008
Project("{8BC9CEB8-8B4A-11D0-8D11-00A0C91BC942}") = "3d", "..\..\nel\src\3d.vcproj", "{2B48BE83-108B-4E8E-8A55-6627CF09AC5A}"
	ProjectSection(ProjectDependencies) = postProject
		{44B21233-EFCC-4825-B5E5-3A3BD6CC5516} = {44B21233-EFCC-4825-B5E5-3A3BD6CC5516}
	EndProjectSection
EndProject
Project("{8BC9CEB8-8B4A-11D0-8D11-00A0C91BC942}") = "misc", "..\..\nel\src\misc.vcproj", "{44B21233-EFCC-4825-B5E5-3A3BD6CC5516}"
EndProject
Project("{8BC9CEB8-8B4A-11D0-8D11-00A0C91BC942}") = "ligo", "..\..\nel\src\ligo.vcproj", "{1DDC11C7-AF79-40F3-A6D4-F84BA8644B5C}"
EndProject
Project("{8BC9CEB8-8B4A-11D0-8D11-00A0C91BC942}") = "pacs", "..\..\nel\src\pacs.vcproj", "{C5253970-8728-4A6F-8BF2-E1D9CF0F3861}"
EndProject
Project("{8BC9CEB8-8B4A-11D0-8D11-00A0C91BC942}") = "georges", "..\..\nel\src\georges.vcproj", "{9D284C6B-BE12-4549-87E5-2337D64F31BE}"
EndProject
Project("{8BC9CEB8-8B4A-11D0-8D11-00A0C91BC942}") = "sound", "..\..\nel\src\sound.vcproj", "{4AF7ADB2-DAF8-4F04-9793-F92010001470}"
	ProjectSection(ProjectDependencies) = postProject
		{9D284C6B-BE12-4549-87E5-2337D64F31BE} = {9D284C6B-BE12-4549-87E5-2337D64F31BE}
		{89064E9B-14E9-4FB2-8536-A9151DF55C68} = {89064E9B-14E9-4FB2-8536-A9151DF55C68}
		{1DDC11C7-AF79-40F3-A6D4-F84BA8644B5C} = {1DDC11C7-AF79-40F3-A6D4-F84BA8644B5C}
	EndProjectSection
EndProject
Project("{8BC9CEB8-8B4A-11D0-8D11-00A0C91BC942}") = "sound_lowlevel", "..\..\nel\src\sound\driver\sound_lowlevel.vcproj", "{89064E9B-14E9-4FB2-8536-A9151DF55C68}"
EndProject
Project("{8BC9CEB8-8B4A-11D0-8D11-00A0C91BC942}") = "driver_opengl", "..\..\nel\src\3d\driver\opengl\driver_opengl.vcproj", "{1D9576F6-3321-4036-8C86-B5361CCCD4FB}"
	ProjectSection(ProjectDependencies) = postProject
		{44B21233-EFCC-4825-B5E5-3A3BD6CC5516} = {44B21233-EFCC-4825-B5E5-3A3BD6CC5516}
		{2B48BE83-108B-4E8E-8A55-6627CF09AC5A} = {2B48BE83-108B-4E8E-8A55-6627CF09AC5A}
	EndProjectSection
EndProject
Project("{8BC9CEB8-8B4A-11D0-8D11-00A0C91BC942}") = "net", "..\..\nel\src\net.vcproj", "{67AF56A4-A228-4BFB-BDA8-026CBEDE8BF9}"
EndProject
Project("{8BC9CEB8-8B4A-11D0-8D11-00A0C91BC942}") = "driver_openal", "..\..\nel\src\sound\driver\openal\driver_openal.vcproj", "{46CD3ED8-A9E1-49ED-BA1B-586CF147143A}"
	ProjectSection(ProjectDependencies) = postProject
		{44B21233-EFCC-4825-B5E5-3A3BD6CC5516} = {44B21233-EFCC-4825-B5E5-3A3BD6CC5516}
		{89064E9B-14E9-4FB2-8536-A9151DF55C68} = {89064E9B-14E9-4FB2-8536-A9151DF55C68}
	EndProjectSection
EndProject
Project("{8BC9CEB8-8B4A-11D0-8D11-00A0C91BC942}") = "driver_direct3d", "..\..\nel\src\3d\driver\direct3d\driver_direct3d.vcproj", "{263C0F2E-112D-437F-A6AB-DEA151A7A1F0}"
	ProjectSection(ProjectDependencies) = postProject
		{44B21233-EFCC-4825-B5E5-3A3BD6CC5516} = {44B21233-EFCC-4825-B5E5-3A3BD6CC5516}
		{2B48BE83-108B-4E8E-8A55-6627CF09AC5A} = {2B48BE83-108B-4E8E-8A55-6627CF09AC5A}
	EndProjectSection
EndProject
Project("{8BC9CEB8-8B4A-11D0-8D11-00A0C91BC942}") = "driver_fmod", "..\..\nel\src\sound\driver\fmod\driver_fmod.vcproj", "{9440443B-97BA-43C2-A762-31EEC8958BEE}"
	ProjectSection(ProjectDependencies) = postProject
		{44B21233-EFCC-4825-B5E5-3A3BD6CC5516} = {44B21233-EFCC-4825-B5E5-3A3BD6CC5516}
		{89064E9B-14E9-4FB2-8536-A9151DF55C68} = {89064E9B-14E9-4FB2-8536-A9151DF55C68}
	EndProjectSection
EndProject
Project("{8BC9CEB8-8B4A-11D0-8D11-00A0C91BC942}") = "world_editor", "leveldesign\world_editor\world_editor\world_editor.vcproj", "{F1BFAA2A-425B-4D46-A4EF-C3AA613E4BFF}"
	ProjectSection(ProjectDependencies) = postProject
		{44B21233-EFCC-4825-B5E5-3A3BD6CC5516} = {44B21233-EFCC-4825-B5E5-3A3BD6CC5516}
		{9D284C6B-BE12-4549-87E5-2337D64F31BE} = {9D284C6B-BE12-4549-87E5-2337D64F31BE}
		{C5253970-8728-4A6F-8BF2-E1D9CF0F3861} = {C5253970-8728-4A6F-8BF2-E1D9CF0F3861}
		{565DA67F-C546-415B-9256-F4046866B59C} = {565DA67F-C546-415B-9256-F4046866B59C}
		{2B48BE83-108B-4E8E-8A55-6627CF09AC5A} = {2B48BE83-108B-4E8E-8A55-6627CF09AC5A}
		{38A8CF85-4F48-4420-84D6-CC1E764C6291} = {38A8CF85-4F48-4420-84D6-CC1E764C6291}
		{CBEDEB8E-18EA-4699-BF0F-061F0F644780} = {CBEDEB8E-18EA-4699-BF0F-061F0F644780}
		{CB678E97-789D-4FA9-BB42-7D6DB673EC77} = {CB678E97-789D-4FA9-BB42-7D6DB673EC77}
		{6602D6B7-C644-4DA6-A457-49767C4DA7ED} = {6602D6B7-C644-4DA6-A457-49767C4DA7ED}
		{1DDC11C7-AF79-40F3-A6D4-F84BA8644B5C} = {1DDC11C7-AF79-40F3-A6D4-F84BA8644B5C}
	EndProjectSection
EndProject
Project("{8BC9CEB8-8B4A-11D0-8D11-00A0C91BC942}") = "mission_compiler_fe", "leveldesign\mission_compiler_fe\mission_compiler_fe.vcproj", "{F926ACBF-A18F-4937-8DE1-6395A3DE7F13}"
	ProjectSection(ProjectDependencies) = postProject
		{44B21233-EFCC-4825-B5E5-3A3BD6CC5516} = {44B21233-EFCC-4825-B5E5-3A3BD6CC5516}
		{1DDC11C7-AF79-40F3-A6D4-F84BA8644B5C} = {1DDC11C7-AF79-40F3-A6D4-F84BA8644B5C}
		{AA8827FF-28D6-4E1E-BED6-32745C4DEBC7} = {AA8827FF-28D6-4E1E-BED6-32745C4DEBC7}
	EndProjectSection
EndProject
Project("{8BC9CEB8-8B4A-11D0-8D11-00A0C91BC942}") = "mission_compiler_lib", "leveldesign\mission_compiler_lib\mission_compiler_lib.vcproj", "{AA8827FF-28D6-4E1E-BED6-32745C4DEBC7}"
EndProject
Project("{8BC9CEB8-8B4A-11D0-8D11-00A0C91BC942}") = "world_editor_graph_plugin", "leveldesign\world_editor\world_editor_graph_plugin\world_editor_graph_plugin.vcproj", "{38A8CF85-4F48-4420-84D6-CC1E764C6291}"
	ProjectSection(ProjectDependencies) = postProject
		{44B21233-EFCC-4825-B5E5-3A3BD6CC5516} = {44B21233-EFCC-4825-B5E5-3A3BD6CC5516}
		{1DDC11C7-AF79-40F3-A6D4-F84BA8644B5C} = {1DDC11C7-AF79-40F3-A6D4-F84BA8644B5C}
		{AA8827FF-28D6-4E1E-BED6-32745C4DEBC7} = {AA8827FF-28D6-4E1E-BED6-32745C4DEBC7}
	EndProjectSection
EndProject
Project("{8BC9CEB8-8B4A-11D0-8D11-00A0C91BC942}") = "world_editor_shard_monitor_plugin", "leveldesign\world_editor\world_editor_shard_monitor_plugin\world_editor_shard_monitor_plugin.vcproj", "{6602D6B7-C644-4DA6-A457-49767C4DA7ED}"
	ProjectSection(ProjectDependencies) = postProject
		{44B21233-EFCC-4825-B5E5-3A3BD6CC5516} = {44B21233-EFCC-4825-B5E5-3A3BD6CC5516}
		{4B320F68-0B9B-4065-A2ED-AF5D4B163006} = {4B320F68-0B9B-4065-A2ED-AF5D4B163006}
		{67AF56A4-A228-4BFB-BDA8-026CBEDE8BF9} = {67AF56A4-A228-4BFB-BDA8-026CBEDE8BF9}
		{1DDC11C7-AF79-40F3-A6D4-F84BA8644B5C} = {1DDC11C7-AF79-40F3-A6D4-F84BA8644B5C}
	EndProjectSection
EndProject
Project("{8BC9CEB8-8B4A-11D0-8D11-00A0C91BC942}") = "game_share", "..\common\src\game_share\game_share.vcproj", "{4B320F68-0B9B-4065-A2ED-AF5D4B163006}"
EndProject
Project("{8BC9CEB8-8B4A-11D0-8D11-00A0C91BC942}") = "world_editor_primitive_plugin", "leveldesign\world_editor\world_editor_primitive_plugin\world_editor_primitive_plugin.vcproj", "{565DA67F-C546-415B-9256-F4046866B59C}"
	ProjectSection(ProjectDependencies) = postProject
		{44B21233-EFCC-4825-B5E5-3A3BD6CC5516} = {44B21233-EFCC-4825-B5E5-3A3BD6CC5516}
		{9D284C6B-BE12-4549-87E5-2337D64F31BE} = {9D284C6B-BE12-4549-87E5-2337D64F31BE}
		{1DDC11C7-AF79-40F3-A6D4-F84BA8644B5C} = {1DDC11C7-AF79-40F3-A6D4-F84BA8644B5C}
	EndProjectSection
EndProject
Project("{8BC9CEB8-8B4A-11D0-8D11-00A0C91BC942}") = "world_editor_fauna_graph_plugin", "leveldesign\world_editor\world_editor_fauna_graph_plugin\world_editor_fauna_graph_plugin.vcproj", "{CB678E97-789D-4FA9-BB42-7D6DB673EC77}"
	ProjectSection(ProjectDependencies) = postProject
		{44B21233-EFCC-4825-B5E5-3A3BD6CC5516} = {44B21233-EFCC-4825-B5E5-3A3BD6CC5516}
		{2B48BE83-108B-4E8E-8A55-6627CF09AC5A} = {2B48BE83-108B-4E8E-8A55-6627CF09AC5A}
		{1DDC11C7-AF79-40F3-A6D4-F84BA8644B5C} = {1DDC11C7-AF79-40F3-A6D4-F84BA8644B5C}
	EndProjectSection
EndProject
Project("{8BC9CEB8-8B4A-11D0-8D11-00A0C91BC942}") = "georges_exe", "leveldesign\georges_exe\georges_exe.vcproj", "{B579068A-FE3B-46A8-AE14-289BEAE5EBC0}"
	ProjectSection(ProjectDependencies) = postProject
		{44B21233-EFCC-4825-B5E5-3A3BD6CC5516} = {44B21233-EFCC-4825-B5E5-3A3BD6CC5516}
		{9D284C6B-BE12-4549-87E5-2337D64F31BE} = {9D284C6B-BE12-4549-87E5-2337D64F31BE}
		{F27E79A2-9B78-4497-A829-FD3D80B8E861} = {F27E79A2-9B78-4497-A829-FD3D80B8E861}
		{358403E3-B05D-4793-A87B-BA2FF7AB122D} = {358403E3-B05D-4793-A87B-BA2FF7AB122D}
	EndProjectSection
EndProject
Project("{8BC9CEB8-8B4A-11D0-8D11-00A0C91BC942}") = "georges_dll", "leveldesign\georges_dll\georges_edit_dll.vcproj", "{358403E3-B05D-4793-A87B-BA2FF7AB122D}"
	ProjectSection(ProjectDependencies) = postProject
		{44B21233-EFCC-4825-B5E5-3A3BD6CC5516} = {44B21233-EFCC-4825-B5E5-3A3BD6CC5516}
		{9D284C6B-BE12-4549-87E5-2337D64F31BE} = {9D284C6B-BE12-4549-87E5-2337D64F31BE}
	EndProjectSection
EndProject
Project("{8BC9CEB8-8B4A-11D0-8D11-00A0C91BC942}") = "georges_plugin_sound", "leveldesign\georges_plugin_sound\georges_plugin_sound.vcproj", "{F27E79A2-9B78-4497-A829-FD3D80B8E861}"
	ProjectSection(ProjectDependencies) = postProject
		{263C0F2E-112D-437F-A6AB-DEA151A7A1F0} = {263C0F2E-112D-437F-A6AB-DEA151A7A1F0}
		{44B21233-EFCC-4825-B5E5-3A3BD6CC5516} = {44B21233-EFCC-4825-B5E5-3A3BD6CC5516}
		{9440443B-97BA-43C2-A762-31EEC8958BEE} = {9440443B-97BA-43C2-A762-31EEC8958BEE}
		{2B48BE83-108B-4E8E-8A55-6627CF09AC5A} = {2B48BE83-108B-4E8E-8A55-6627CF09AC5A}
		{4AF7ADB2-DAF8-4F04-9793-F92010001470} = {4AF7ADB2-DAF8-4F04-9793-F92010001470}
		{1DDC11C7-AF79-40F3-A6D4-F84BA8644B5C} = {1DDC11C7-AF79-40F3-A6D4-F84BA8644B5C}
		{1D9576F6-3321-4036-8C86-B5361CCCD4FB} = {1D9576F6-3321-4036-8C86-B5361CCCD4FB}
	EndProjectSection
EndProject
Project("{8BC9CEB8-8B4A-11D0-8D11-00A0C91BC942}") = "client_sheets", "..\client\src\client_sheets\client_sheets.vcproj", "{296D8FB5-DB32-48DD-A6AF-10A77A5DEE70}"
EndProject
Project("{8BC9CEB8-8B4A-11D0-8D11-00A0C91BC942}") = "sheets_packer", "sheets_packer\sheets_packer.vcproj", "{079E2366-3714-4B09-B553-41A44D290F04}"
	ProjectSection(ProjectDependencies) = postProject
		{44B21233-EFCC-4825-B5E5-3A3BD6CC5516} = {44B21233-EFCC-4825-B5E5-3A3BD6CC5516}
		{4B320F68-0B9B-4065-A2ED-AF5D4B163006} = {4B320F68-0B9B-4065-A2ED-AF5D4B163006}
		{9D284C6B-BE12-4549-87E5-2337D64F31BE} = {9D284C6B-BE12-4549-87E5-2337D64F31BE}
		{67AF56A4-A228-4BFB-BDA8-026CBEDE8BF9} = {67AF56A4-A228-4BFB-BDA8-026CBEDE8BF9}
		{296D8FB5-DB32-48DD-A6AF-10A77A5DEE70} = {296D8FB5-DB32-48DD-A6AF-10A77A5DEE70}
		{1DDC11C7-AF79-40F3-A6D4-F84BA8644B5C} = {1DDC11C7-AF79-40F3-A6D4-F84BA8644B5C}
	EndProjectSection
EndProject
Project("{8BC9CEB8-8B4A-11D0-8D11-00A0C91BC942}") = "world_editor_sound_plugin", "leveldesign\world_editor\world_editor_sound_plugin\world_editor_sound_plugin.vcproj", "{CBEDEB8E-18EA-4699-BF0F-061F0F644780}"
	ProjectSection(ProjectDependencies) = postProject
		{44B21233-EFCC-4825-B5E5-3A3BD6CC5516} = {44B21233-EFCC-4825-B5E5-3A3BD6CC5516}
		{2B48BE83-108B-4E8E-8A55-6627CF09AC5A} = {2B48BE83-108B-4E8E-8A55-6627CF09AC5A}
		{4AF7ADB2-DAF8-4F04-9793-F92010001470} = {4AF7ADB2-DAF8-4F04-9793-F92010001470}
	EndProjectSection
EndProject
Project("{8BC9CEB8-8B4A-11D0-8D11-00A0C91BC942}") = "translation_tools", "translation_tools\translation_tools.vcproj", "{DAB4B616-E628-433E-92CA-AFAB614A1656}"
	ProjectSection(ProjectDependencies) = postProject
		{44B21233-EFCC-4825-B5E5-3A3BD6CC5516} = {44B21233-EFCC-4825-B5E5-3A3BD6CC5516}
		{9D284C6B-BE12-4549-87E5-2337D64F31BE} = {9D284C6B-BE12-4549-87E5-2337D64F31BE}
		{1DDC11C7-AF79-40F3-A6D4-F84BA8644B5C} = {1DDC11C7-AF79-40F3-A6D4-F84BA8644B5C}
	EndProjectSection
EndProject
Project("{8BC9CEB8-8B4A-11D0-8D11-00A0C91BC942}") = "uni_conv", "leveldesign\uni_conv\uni_conv.vcproj", "{3FD4F688-BE1D-4782-ACF6-701DC16DE3BC}"
	ProjectSection(ProjectDependencies) = postProject
		{44B21233-EFCC-4825-B5E5-3A3BD6CC5516} = {44B21233-EFCC-4825-B5E5-3A3BD6CC5516}
	EndProjectSection
EndProject
Project("{8BC9CEB8-8B4A-11D0-8D11-00A0C91BC942}") = "csv_transform", "leveldesign\csv_transform\csv_transform.vcproj", "{FA681701-91A3-44D7-878B-92E3B3BCBE43}"
	ProjectSection(ProjectDependencies) = postProject
		{44B21233-EFCC-4825-B5E5-3A3BD6CC5516} = {44B21233-EFCC-4825-B5E5-3A3BD6CC5516}
	EndProjectSection
EndProject
Global
	GlobalSection(SolutionConfigurationPlatforms) = preSolution
		Debug|Win32 = Debug|Win32
		Release|Win32 = Release|Win32
	EndGlobalSection
	GlobalSection(ProjectConfigurationPlatforms) = postSolution
		{2B48BE83-108B-4E8E-8A55-6627CF09AC5A}.Debug|Win32.ActiveCfg = Debug|Win32
		{2B48BE83-108B-4E8E-8A55-6627CF09AC5A}.Debug|Win32.Build.0 = Debug|Win32
		{2B48BE83-108B-4E8E-8A55-6627CF09AC5A}.Release|Win32.ActiveCfg = Release|Win32
		{2B48BE83-108B-4E8E-8A55-6627CF09AC5A}.Release|Win32.Build.0 = Release|Win32
		{44B21233-EFCC-4825-B5E5-3A3BD6CC5516}.Debug|Win32.ActiveCfg = Debug|Win32
		{44B21233-EFCC-4825-B5E5-3A3BD6CC5516}.Debug|Win32.Build.0 = Debug|Win32
		{44B21233-EFCC-4825-B5E5-3A3BD6CC5516}.Release|Win32.ActiveCfg = Release|Win32
		{44B21233-EFCC-4825-B5E5-3A3BD6CC5516}.Release|Win32.Build.0 = Release|Win32
		{1DDC11C7-AF79-40F3-A6D4-F84BA8644B5C}.Debug|Win32.ActiveCfg = Debug|Win32
		{1DDC11C7-AF79-40F3-A6D4-F84BA8644B5C}.Debug|Win32.Build.0 = Debug|Win32
		{1DDC11C7-AF79-40F3-A6D4-F84BA8644B5C}.Release|Win32.ActiveCfg = Release|Win32
		{1DDC11C7-AF79-40F3-A6D4-F84BA8644B5C}.Release|Win32.Build.0 = Release|Win32
		{C5253970-8728-4A6F-8BF2-E1D9CF0F3861}.Debug|Win32.ActiveCfg = Debug|Win32
		{C5253970-8728-4A6F-8BF2-E1D9CF0F3861}.Debug|Win32.Build.0 = Debug|Win32
		{C5253970-8728-4A6F-8BF2-E1D9CF0F3861}.Release|Win32.ActiveCfg = Release|Win32
		{C5253970-8728-4A6F-8BF2-E1D9CF0F3861}.Release|Win32.Build.0 = Release|Win32
		{9D284C6B-BE12-4549-87E5-2337D64F31BE}.Debug|Win32.ActiveCfg = Debug|Win32
		{9D284C6B-BE12-4549-87E5-2337D64F31BE}.Debug|Win32.Build.0 = Debug|Win32
		{9D284C6B-BE12-4549-87E5-2337D64F31BE}.Release|Win32.ActiveCfg = Release|Win32
		{9D284C6B-BE12-4549-87E5-2337D64F31BE}.Release|Win32.Build.0 = Release|Win32
		{4AF7ADB2-DAF8-4F04-9793-F92010001470}.Debug|Win32.ActiveCfg = Debug|Win32
		{4AF7ADB2-DAF8-4F04-9793-F92010001470}.Debug|Win32.Build.0 = Debug|Win32
		{4AF7ADB2-DAF8-4F04-9793-F92010001470}.Release|Win32.ActiveCfg = Release|Win32
		{4AF7ADB2-DAF8-4F04-9793-F92010001470}.Release|Win32.Build.0 = Release|Win32
		{89064E9B-14E9-4FB2-8536-A9151DF55C68}.Debug|Win32.ActiveCfg = Debug|Win32
		{89064E9B-14E9-4FB2-8536-A9151DF55C68}.Debug|Win32.Build.0 = Debug|Win32
		{89064E9B-14E9-4FB2-8536-A9151DF55C68}.Release|Win32.ActiveCfg = Release|Win32
		{89064E9B-14E9-4FB2-8536-A9151DF55C68}.Release|Win32.Build.0 = Release|Win32
		{1D9576F6-3321-4036-8C86-B5361CCCD4FB}.Debug|Win32.ActiveCfg = Debug|Win32
		{1D9576F6-3321-4036-8C86-B5361CCCD4FB}.Debug|Win32.Build.0 = Debug|Win32
		{1D9576F6-3321-4036-8C86-B5361CCCD4FB}.Release|Win32.ActiveCfg = Release|Win32
		{1D9576F6-3321-4036-8C86-B5361CCCD4FB}.Release|Win32.Build.0 = Release|Win32
		{67AF56A4-A228-4BFB-BDA8-026CBEDE8BF9}.Debug|Win32.ActiveCfg = Debug|Win32
		{67AF56A4-A228-4BFB-BDA8-026CBEDE8BF9}.Debug|Win32.Build.0 = Debug|Win32
		{67AF56A4-A228-4BFB-BDA8-026CBEDE8BF9}.Release|Win32.ActiveCfg = Release|Win32
		{67AF56A4-A228-4BFB-BDA8-026CBEDE8BF9}.Release|Win32.Build.0 = Release|Win32
		{46CD3ED8-A9E1-49ED-BA1B-586CF147143A}.Debug|Win32.ActiveCfg = Debug|Win32
		{46CD3ED8-A9E1-49ED-BA1B-586CF147143A}.Debug|Win32.Build.0 = Debug|Win32
		{46CD3ED8-A9E1-49ED-BA1B-586CF147143A}.Release|Win32.ActiveCfg = Release|Win32
		{46CD3ED8-A9E1-49ED-BA1B-586CF147143A}.Release|Win32.Build.0 = Release|Win32
		{263C0F2E-112D-437F-A6AB-DEA151A7A1F0}.Debug|Win32.ActiveCfg = Debug|Win32
		{263C0F2E-112D-437F-A6AB-DEA151A7A1F0}.Debug|Win32.Build.0 = Debug|Win32
		{263C0F2E-112D-437F-A6AB-DEA151A7A1F0}.Release|Win32.ActiveCfg = Release|Win32
		{263C0F2E-112D-437F-A6AB-DEA151A7A1F0}.Release|Win32.Build.0 = Release|Win32
		{9440443B-97BA-43C2-A762-31EEC8958BEE}.Debug|Win32.ActiveCfg = Debug|Win32
		{9440443B-97BA-43C2-A762-31EEC8958BEE}.Debug|Win32.Build.0 = Debug|Win32
		{9440443B-97BA-43C2-A762-31EEC8958BEE}.Release|Win32.ActiveCfg = Release|Win32
		{9440443B-97BA-43C2-A762-31EEC8958BEE}.Release|Win32.Build.0 = Release|Win32
		{F1BFAA2A-425B-4D46-A4EF-C3AA613E4BFF}.Debug|Win32.ActiveCfg = Debug|Win32
		{F1BFAA2A-425B-4D46-A4EF-C3AA613E4BFF}.Debug|Win32.Build.0 = Debug|Win32
		{F1BFAA2A-425B-4D46-A4EF-C3AA613E4BFF}.Release|Win32.ActiveCfg = Release|Win32
		{F1BFAA2A-425B-4D46-A4EF-C3AA613E4BFF}.Release|Win32.Build.0 = Release|Win32
		{F926ACBF-A18F-4937-8DE1-6395A3DE7F13}.Debug|Win32.ActiveCfg = Debug|Win32
		{F926ACBF-A18F-4937-8DE1-6395A3DE7F13}.Debug|Win32.Build.0 = Debug|Win32
		{F926ACBF-A18F-4937-8DE1-6395A3DE7F13}.Release|Win32.ActiveCfg = Release|Win32
		{F926ACBF-A18F-4937-8DE1-6395A3DE7F13}.Release|Win32.Build.0 = Release|Win32
		{AA8827FF-28D6-4E1E-BED6-32745C4DEBC7}.Debug|Win32.ActiveCfg = Debug|Win32
		{AA8827FF-28D6-4E1E-BED6-32745C4DEBC7}.Debug|Win32.Build.0 = Debug|Win32
		{AA8827FF-28D6-4E1E-BED6-32745C4DEBC7}.Release|Win32.ActiveCfg = Release|Win32
		{AA8827FF-28D6-4E1E-BED6-32745C4DEBC7}.Release|Win32.Build.0 = Release|Win32
		{38A8CF85-4F48-4420-84D6-CC1E764C6291}.Debug|Win32.ActiveCfg = Debug|Win32
		{38A8CF85-4F48-4420-84D6-CC1E764C6291}.Debug|Win32.Build.0 = Debug|Win32
		{38A8CF85-4F48-4420-84D6-CC1E764C6291}.Release|Win32.ActiveCfg = Release|Win32
		{38A8CF85-4F48-4420-84D6-CC1E764C6291}.Release|Win32.Build.0 = Release|Win32
		{6602D6B7-C644-4DA6-A457-49767C4DA7ED}.Debug|Win32.ActiveCfg = Debug|Win32
		{6602D6B7-C644-4DA6-A457-49767C4DA7ED}.Debug|Win32.Build.0 = Debug|Win32
		{6602D6B7-C644-4DA6-A457-49767C4DA7ED}.Release|Win32.ActiveCfg = Release|Win32
		{6602D6B7-C644-4DA6-A457-49767C4DA7ED}.Release|Win32.Build.0 = Release|Win32
		{4B320F68-0B9B-4065-A2ED-AF5D4B163006}.Debug|Win32.ActiveCfg = Debug|Win32
		{4B320F68-0B9B-4065-A2ED-AF5D4B163006}.Debug|Win32.Build.0 = Debug|Win32
		{4B320F68-0B9B-4065-A2ED-AF5D4B163006}.Release|Win32.ActiveCfg = Release|Win32
		{4B320F68-0B9B-4065-A2ED-AF5D4B163006}.Release|Win32.Build.0 = Release|Win32
		{565DA67F-C546-415B-9256-F4046866B59C}.Debug|Win32.ActiveCfg = Debug|Win32
		{565DA67F-C546-415B-9256-F4046866B59C}.Debug|Win32.Build.0 = Debug|Win32
		{565DA67F-C546-415B-9256-F4046866B59C}.Release|Win32.ActiveCfg = Release|Win32
		{565DA67F-C546-415B-9256-F4046866B59C}.Release|Win32.Build.0 = Release|Win32
		{CB678E97-789D-4FA9-BB42-7D6DB673EC77}.Debug|Win32.ActiveCfg = Debug|Win32
		{CB678E97-789D-4FA9-BB42-7D6DB673EC77}.Debug|Win32.Build.0 = Debug|Win32
		{CB678E97-789D-4FA9-BB42-7D6DB673EC77}.Release|Win32.ActiveCfg = Release|Win32
		{CB678E97-789D-4FA9-BB42-7D6DB673EC77}.Release|Win32.Build.0 = Release|Win32
		{B579068A-FE3B-46A8-AE14-289BEAE5EBC0}.Debug|Win32.ActiveCfg = Debug|Win32
		{B579068A-FE3B-46A8-AE14-289BEAE5EBC0}.Debug|Win32.Build.0 = Debug|Win32
		{B579068A-FE3B-46A8-AE14-289BEAE5EBC0}.Release|Win32.ActiveCfg = Release|Win32
		{B579068A-FE3B-46A8-AE14-289BEAE5EBC0}.Release|Win32.Build.0 = Release|Win32
		{358403E3-B05D-4793-A87B-BA2FF7AB122D}.Debug|Win32.ActiveCfg = Debug|Win32
		{358403E3-B05D-4793-A87B-BA2FF7AB122D}.Debug|Win32.Build.0 = Debug|Win32
		{358403E3-B05D-4793-A87B-BA2FF7AB122D}.Release|Win32.ActiveCfg = Release|Win32
		{358403E3-B05D-4793-A87B-BA2FF7AB122D}.Release|Win32.Build.0 = Release|Win32
		{F27E79A2-9B78-4497-A829-FD3D80B8E861}.Debug|Win32.ActiveCfg = Debug|Win32
		{F27E79A2-9B78-4497-A829-FD3D80B8E861}.Debug|Win32.Build.0 = Debug|Win32
		{F27E79A2-9B78-4497-A829-FD3D80B8E861}.Release|Win32.ActiveCfg = Release|Win32
		{F27E79A2-9B78-4497-A829-FD3D80B8E861}.Release|Win32.Build.0 = Release|Win32
		{296D8FB5-DB32-48DD-A6AF-10A77A5DEE70}.Debug|Win32.ActiveCfg = Debug|Win32
		{296D8FB5-DB32-48DD-A6AF-10A77A5DEE70}.Debug|Win32.Build.0 = Debug|Win32
		{296D8FB5-DB32-48DD-A6AF-10A77A5DEE70}.Release|Win32.ActiveCfg = Release|Win32
		{296D8FB5-DB32-48DD-A6AF-10A77A5DEE70}.Release|Win32.Build.0 = Release|Win32
		{079E2366-3714-4B09-B553-41A44D290F04}.Debug|Win32.ActiveCfg = Debug|Win32
		{079E2366-3714-4B09-B553-41A44D290F04}.Debug|Win32.Build.0 = Debug|Win32
		{079E2366-3714-4B09-B553-41A44D290F04}.Release|Win32.ActiveCfg = Release|Win32
		{079E2366-3714-4B09-B553-41A44D290F04}.Release|Win32.Build.0 = Release|Win32
		{CBEDEB8E-18EA-4699-BF0F-061F0F644780}.Debug|Win32.ActiveCfg = Debug|Win32
		{CBEDEB8E-18EA-4699-BF0F-061F0F644780}.Debug|Win32.Build.0 = Debug|Win32
		{CBEDEB8E-18EA-4699-BF0F-061F0F644780}.Release|Win32.ActiveCfg = Release|Win32
		{CBEDEB8E-18EA-4699-BF0F-061F0F644780}.Release|Win32.Build.0 = Release|Win32
		{DAB4B616-E628-433E-92CA-AFAB614A1656}.Debug|Win32.ActiveCfg = Debug|Win32
		{DAB4B616-E628-433E-92CA-AFAB614A1656}.Debug|Win32.Build.0 = Debug|Win32
		{DAB4B616-E628-433E-92CA-AFAB614A1656}.Release|Win32.ActiveCfg = Release|Win32
		{DAB4B616-E628-433E-92CA-AFAB614A1656}.Release|Win32.Build.0 = Release|Win32
		{3FD4F688-BE1D-4782-ACF6-701DC16DE3BC}.Debug|Win32.ActiveCfg = Debug|Win32
		{3FD4F688-BE1D-4782-ACF6-701DC16DE3BC}.Debug|Win32.Build.0 = Debug|Win32
		{3FD4F688-BE1D-4782-ACF6-701DC16DE3BC}.Release|Win32.ActiveCfg = Release|Win32
		{3FD4F688-BE1D-4782-ACF6-701DC16DE3BC}.Release|Win32.Build.0 = Release|Win32
		{FA681701-91A3-44D7-878B-92E3B3BCBE43}.Debug|Win32.ActiveCfg = Debug|Win32
		{FA681701-91A3-44D7-878B-92E3B3BCBE43}.Debug|Win32.Build.0 = Debug|Win32
		{FA681701-91A3-44D7-878B-92E3B3BCBE43}.Release|Win32.ActiveCfg = Release|Win32
		{FA681701-91A3-44D7-878B-92E3B3BCBE43}.Release|Win32.Build.0 = Release|Win32
	EndGlobalSection
	GlobalSection(SolutionProperties) = preSolution
		HideSolutionNode = FALSE
	EndGlobalSection
EndGlobal
